<?xml version="1.0" encoding="utf-8"?>
<Project ToolsVersion="4.0" xmlns="http://schemas.microsoft.com/developer/msbuild/2003">
  <ItemGroup>
    <Filter Include="Source Files">
      <UniqueIdentifier>{4b36997d-b449-4344-9b97-f4f25c1cdfc4}</UniqueIdentifier>
      <Extensions>cpp;c;cxx;rc;def;r;odl;idl;hpj;bat</Extensions>
    </Filter>
    <Filter Include="Header Files">
      <UniqueIdentifier>{a8e08c25-f130-4f7a-84de-8650a2efcf42}</UniqueIdentifier>
      <Extensions>h;hpp;hxx;hm;inl</Extensions>
    </Filter>
    <Filter Include="Resource Files">
      <UniqueIdentifier>{063cea2b-a195-4a92-8885-6c0dca36a065}</UniqueIdentifier>
      <Extensions>ico;cur;bmp;dlg;rc2;rct;bin;rgs;gif;jpg;jpeg;jpe</Extensions>
    </Filter>
  </ItemGroup>
  <ItemGroup>
    <ClCompile Include="..\BFISH.CPP">
      <Filter>Source Files</Filter>
    </ClCompile>
    <ClCompile Include="DatGen.cpp">
      <Filter>Source Files</Filter>
    </ClCompile>
    <ClCompile Include="..\Toolkit\Debug\DebugPrint.cpp">
      <Filter>Source Files</Filter>
    </ClCompile>
  </ItemGroup>
  <ItemGroup>
    <ClInclude Include="..\BFISH.H">
      <Filter>Header Files</Filter>
    </ClInclude>
    <ClInclude Include="..\SafeDisk\CdaPfn.h">
      <Filter>Header Files</Filter>
    </ClInclude>
    <ClInclude Include="..\Toolkit\Debug\DebugPrint.h">
      <Filter>Header Files</Filter>
    </ClInclude>
  </ItemGroup>
</Project>