
Microsoft Visual Studio Solution File, Format Version 12.00
# Visual Studio 2013
VisualStudioVersion = 12.0.21005.1
MinimumVisualStudioVersion = 10.0.40219.1
Project("{059D6162-CD51-11D0-AE1F-00A0C90FFFC3}") = "Benchmark", "LIBRARIES\SOURCE\Benchmark\Benchmark.dsp", "{012433DA-4E0F-471A-BD1B-11E1C86B27F0}"
EndProject
Project("{8BC9CEB8-8B4A-11D0-8D11-00A0C91BC942}") = "Compress", "Tools\Compress\Compress.vcxproj", "{DE31B57E-6C6D-4CA8-9426-47DAAB651060}"
EndProject
Project("{8BC9CEB8-8B4A-11D0-8D11-00A0C91BC942}") = "Compression", "Libraries\Source\Compression\Compression.vcxproj", "{FCD3FF3C-9BB9-416E-9C14-8A94B52D3679}"
EndProject
Project("{8BC9CEB8-8B4A-11D0-8D11-00A0C91BC942}") = "DatGen", "Tools\Launcher\DatGen\DatGen.vcxproj", "{75C3073F-A9DE-4B69-B774-94381AB91BC0}"
EndProject
Project("{8BC9CEB8-8B4A-11D0-8D11-00A0C91BC942}") = "DebugWindow", "Tools\DebugWindow\DebugWindow.vcxproj", "{772EF884-8649-4E79-98D7-4F0D0E73DB6F}"
EndProject
Project("{8BC9CEB8-8B4A-11D0-8D11-00A0C91BC942}") = "EABrowserDispatch", "Libraries\Source\EABrowserDispatch\EABrowserDispatch.vcxproj", "{E43D58C6-6F87-4D97-AB26-63225E1F11E5}"
EndProject
Project("{8BC9CEB8-8B4A-11D0-8D11-00A0C91BC942}") = "GUIEdit", "Tools\GUIEdit\GUIEdit.vcxproj", "{1B059C6C-56D1-4D67-A45D-F50A822A7E04}"
EndProject
Project("{8BC9CEB8-8B4A-11D0-8D11-00A0C91BC942}") = "GameEngine", "GameEngine\GameEngine.vcxproj", "{660FFA9B-CD30-43B4-A78B-7614B4CAF011}"
EndProject
Project("{8BC9CEB8-8B4A-11D0-8D11-00A0C91BC942}") = "GameEngineDevice", "GameEngineDevice\GameEngineDevice.vcxproj", "{86FBFC08-CFB1-4C6D-AE30-C7712A3800E7}"
EndProject
Project("{059D6162-CD51-11D0-AE1F-00A0C90FFFC3}") = "GameSpyHTTP", "Libraries\Source\GameSpy\GameSpy\ghttp\GameSpyHTTP.dsp", "{1021860A-8ACA-40FA-8DA1-5E62A79E9C6B}"
EndProject
Project("{059D6162-CD51-11D0-AE1F-00A0C90FFFC3}") = "GameSpyPatching", "Libraries\Source\GameSpy\GameSpy\pt\GameSpyPatching.dsp", "{3A66E136-5865-4FBB-B173-BA2730D2DADD}"
EndProject
Project("{059D6162-CD51-11D0-AE1F-00A0C90FFFC3}") = "GameSpyPeer", "Libraries\Source\GameSpy\GameSpy\peer\GameSpyPeer.dsp", "{1A583F5E-B1A8-4813-974B-99121A09A9D0}"
EndProject
Project("{059D6162-CD51-11D0-AE1F-00A0C90FFFC3}") = "GameSpyPresence", "Libraries\Source\GameSpy\GameSpy\gp\GameSpyPresence.dsp", "{35680B83-740A-4729-A94A-B9C53282CCF5}"
EndProject
Project("{059D6162-CD51-11D0-AE1F-00A0C90FFFC3}") = "GameSpyStats", "Libraries\Source\GameSpy\GameSpy\gstats\GameSpyStats.dsp", "{038823DA-71FD-41A6-8F1D-364803AA349B}"
EndProject
Project("{8BC9CEB8-8B4A-11D0-8D11-00A0C91BC942}") = "ImagePacker", "Tools\ImagePacker\ImagePacker.vcxproj", "{492090BA-DAFA-428C-81B5-E1759C817E45}"
EndProject
Project("{8BC9CEB8-8B4A-11D0-8D11-00A0C91BC942}") = "MapCacheBuilder", "Tools\MapCacheBuilder\MapCacheBuilder.vcxproj", "{9285552F-427F-4E46-89CA-7A39628AC249}"
EndProject
Project("{8BC9CEB8-8B4A-11D0-8D11-00A0C91BC942}") = "ParticleEditor", "Tools\ParticleEditor\ParticleEditor.vcxproj", "{B7752F60-9B26-41F3-BAA6-1A495DEDEB1D}"
EndProject
Project("{8BC9CEB8-8B4A-11D0-8D11-00A0C91BC942}") = "RTS", "RTS.vcxproj", "{9DD98B0E-7CB6-4417-84C8-E2820D361978}"
EndProject
Project("{8BC9CEB8-8B4A-11D0-8D11-00A0C91BC942}") = "WWDownload", "Libraries\Source\WWVegas\WWDownload\WWDownload.vcxproj", "{064150BD-C643-4578-9A79-AC3294C2F69F}"
EndProject
Project("{8BC9CEB8-8B4A-11D0-8D11-00A0C91BC942}") = "WorldBuilder", "Tools\WorldBuilder\WorldBuilder.vcxproj", "{616F9120-A708-4106-AF98-F3ABF628DD7B}"
EndProject
Project("{8BC9CEB8-8B4A-11D0-8D11-00A0C91BC942}") = "buildVersionUpdate", "Tools\buildVersionUpdate\buildVersionUpdate.vcxproj", "{BB79A7B7-A63C-4771-A1A1-E738EEF25767}"
EndProject
Project("{8BC9CEB8-8B4A-11D0-8D11-00A0C91BC942}") = "launcher", "Tools\Launcher\launcher.vcxproj", "{76DAB315-2A52-4612-9487-311F7DD5F0A1}"
EndProject
Project("{8BC9CEB8-8B4A-11D0-8D11-00A0C91BC942}") = "max2w3d", "Tools\WW3D\max2w3d\max2w3d.vcxproj", "{E87CFC94-9CC9-4714-B163-D0C75A7B6C37}"
EndProject
Project("{8BC9CEB8-8B4A-11D0-8D11-00A0C91BC942}") = "pluglib", "Tools\WW3D\pluglib\pluglib.vcxproj", "{8148A9F3-9AA0-4FA2-BD10-BF651F8732D3}"
EndProject
Project("{8BC9CEB8-8B4A-11D0-8D11-00A0C91BC942}") = "textureCompress", "Tools\textureCompress\textureCompress.vcxproj", "{74C0BCA0-F00E-462F-B146-47E6C8F11A4C}"
EndProject
Project("{8BC9CEB8-8B4A-11D0-8D11-00A0C91BC942}") = "versionUpdate", "Tools\versionUpdate\versionUpdate.vcxproj", "{3C13A81E-B5A1-4DDB-9E9D-ADAB930FBABC}"
EndProject
Project("{8BC9CEB8-8B4A-11D0-8D11-00A0C91BC942}") = "ww3d2", "Libraries\Source\WWVegas\WW3D2\ww3d2.vcxproj", "{5FD15F75-7774-422E-A33D-31C5A8E8A684}"
EndProject
Project("{8BC9CEB8-8B4A-11D0-8D11-00A0C91BC942}") = "wwdebug", "Libraries\Source\WWVegas\WWDebug\wwdebug.vcxproj", "{54DC3DAD-40F1-4FF3-9EBA-FD297DC44F8E}"
EndProject
Project("{8BC9CEB8-8B4A-11D0-8D11-00A0C91BC942}") = "wwlib", "Libraries\Source\WWVegas\WWLib\wwlib.vcxproj", "{E5AB4747-BBA2-481F-AAEE-09D68C46654B}"
EndProject
Project("{8BC9CEB8-8B4A-11D0-8D11-00A0C91BC942}") = "wwmath", "Libraries\Source\WWVegas\WWMath\wwmath.vcxproj", "{8511961C-557A-46AD-B76E-78FDBB53C9EA}"
EndProject
Project("{8BC9CEB8-8B4A-11D0-8D11-00A0C91BC942}") = "wwsaveload", "Libraries\Source\WWVegas\WWSaveLoad\wwsaveload.vcxproj", "{BC6D7F10-D44C-4581-9925-95C2D1B2D0E3}"
EndProject
Project("{8BC9CEB8-8B4A-11D0-8D11-00A0C91BC942}") = "wwutil", "Libraries\Source\WWVegas\Wwutil\wwutil.vcxproj", "{0576F57F-B51F-43D5-8DDA-B53A19A4D111}"
EndProject
Global
	GlobalSection(SolutionConfigurationPlatforms) = preSolution
		Debug|Win32 = Debug|Win32
		DebugE|Win32 = DebugE|Win32
		Hybrid|Win32 = Hybrid|Win32
		Internal|Win32 = Internal|Win32
		Max4Hybrid|Win32 = Max4Hybrid|Win32
		Max4Release|Win32 = Max4Release|Win32
		Profile|Win32 = Profile|Win32
		ProfileE|Win32 = ProfileE|Win32
		Release|Win32 = Release|Win32
		Template|Win32 = Template|Win32
	EndGlobalSection
	GlobalSection(ProjectConfigurationPlatforms) = postSolution
		{DE31B57E-6C6D-4CA8-9426-47DAAB651060}.Debug|Win32.ActiveCfg = Debug|Win32
		{DE31B57E-6C6D-4CA8-9426-47DAAB651060}.Debug|Win32.Build.0 = Debug|Win32
		{DE31B57E-6C6D-4CA8-9426-47DAAB651060}.DebugE|Win32.ActiveCfg = Debug|Win32
		{DE31B57E-6C6D-4CA8-9426-47DAAB651060}.DebugE|Win32.Build.0 = Debug|Win32
		{DE31B57E-6C6D-4CA8-9426-47DAAB651060}.Hybrid|Win32.ActiveCfg = Release|Win32
		{DE31B57E-6C6D-4CA8-9426-47DAAB651060}.Hybrid|Win32.Build.0 = Release|Win32
		{DE31B57E-6C6D-4CA8-9426-47DAAB651060}.Internal|Win32.ActiveCfg = Release|Win32
		{DE31B57E-6C6D-4CA8-9426-47DAAB651060}.Internal|Win32.Build.0 = Release|Win32
		{DE31B57E-6C6D-4CA8-9426-47DAAB651060}.Max4Hybrid|Win32.ActiveCfg = Release|Win32
		{DE31B57E-6C6D-4CA8-9426-47DAAB651060}.Max4Hybrid|Win32.Build.0 = Release|Win32
		{DE31B57E-6C6D-4CA8-9426-47DAAB651060}.Max4Release|Win32.ActiveCfg = Release|Win32
		{DE31B57E-6C6D-4CA8-9426-47DAAB651060}.Max4Release|Win32.Build.0 = Release|Win32
		{DE31B57E-6C6D-4CA8-9426-47DAAB651060}.Profile|Win32.ActiveCfg = Release|Win32
		{DE31B57E-6C6D-4CA8-9426-47DAAB651060}.Profile|Win32.Build.0 = Release|Win32
		{DE31B57E-6C6D-4CA8-9426-47DAAB651060}.ProfileE|Win32.ActiveCfg = Release|Win32
		{DE31B57E-6C6D-4CA8-9426-47DAAB651060}.ProfileE|Win32.Build.0 = Release|Win32
		{DE31B57E-6C6D-4CA8-9426-47DAAB651060}.Release|Win32.ActiveCfg = Release|Win32
		{DE31B57E-6C6D-4CA8-9426-47DAAB651060}.Release|Win32.Build.0 = Release|Win32
		{DE31B57E-6C6D-4CA8-9426-47DAAB651060}.Template|Win32.ActiveCfg = Release|Win32
		{DE31B57E-6C6D-4CA8-9426-47DAAB651060}.Template|Win32.Build.0 = Release|Win32
		{FCD3FF3C-9BB9-416E-9C14-8A94B52D3679}.Debug|Win32.ActiveCfg = Debug|Win32
		{FCD3FF3C-9BB9-416E-9C14-8A94B52D3679}.Debug|Win32.Build.0 = Debug|Win32
		{FCD3FF3C-9BB9-416E-9C14-8A94B52D3679}.DebugE|Win32.ActiveCfg = Debug|Win32
		{FCD3FF3C-9BB9-416E-9C14-8A94B52D3679}.DebugE|Win32.Build.0 = Debug|Win32
		{FCD3FF3C-9BB9-416E-9C14-8A94B52D3679}.Hybrid|Win32.ActiveCfg = Internal|Win32
		{FCD3FF3C-9BB9-416E-9C14-8A94B52D3679}.Hybrid|Win32.Build.0 = Internal|Win32
		{FCD3FF3C-9BB9-416E-9C14-8A94B52D3679}.Internal|Win32.ActiveCfg = Internal|Win32
		{FCD3FF3C-9BB9-416E-9C14-8A94B52D3679}.Internal|Win32.Build.0 = Internal|Win32
		{FCD3FF3C-9BB9-416E-9C14-8A94B52D3679}.Max4Hybrid|Win32.ActiveCfg = Internal|Win32
		{FCD3FF3C-9BB9-416E-9C14-8A94B52D3679}.Max4Hybrid|Win32.Build.0 = Internal|Win32
		{FCD3FF3C-9BB9-416E-9C14-8A94B52D3679}.Max4Release|Win32.ActiveCfg = Release|Win32
		{FCD3FF3C-9BB9-416E-9C14-8A94B52D3679}.Max4Release|Win32.Build.0 = Release|Win32
		{FCD3FF3C-9BB9-416E-9C14-8A94B52D3679}.Profile|Win32.ActiveCfg = Internal|Win32
		{FCD3FF3C-9BB9-416E-9C14-8A94B52D3679}.Profile|Win32.Build.0 = Internal|Win32
		{FCD3FF3C-9BB9-416E-9C14-8A94B52D3679}.ProfileE|Win32.ActiveCfg = Internal|Win32
		{FCD3FF3C-9BB9-416E-9C14-8A94B52D3679}.ProfileE|Win32.Build.0 = Internal|Win32
		{FCD3FF3C-9BB9-416E-9C14-8A94B52D3679}.Release|Win32.ActiveCfg = Release|Win32
		{FCD3FF3C-9BB9-416E-9C14-8A94B52D3679}.Release|Win32.Build.0 = Release|Win32
		{FCD3FF3C-9BB9-416E-9C14-8A94B52D3679}.Template|Win32.ActiveCfg = Template|Win32
		{FCD3FF3C-9BB9-416E-9C14-8A94B52D3679}.Template|Win32.Build.0 = Template|Win32
		{75C3073F-A9DE-4B69-B774-94381AB91BC0}.Debug|Win32.ActiveCfg = Debug|Win32
		{75C3073F-A9DE-4B69-B774-94381AB91BC0}.Debug|Win32.Build.0 = Debug|Win32
		{75C3073F-A9DE-4B69-B774-94381AB91BC0}.DebugE|Win32.ActiveCfg = Debug|Win32
		{75C3073F-A9DE-4B69-B774-94381AB91BC0}.DebugE|Win32.Build.0 = Debug|Win32
		{75C3073F-A9DE-4B69-B774-94381AB91BC0}.Hybrid|Win32.ActiveCfg = Template|Win32
		{75C3073F-A9DE-4B69-B774-94381AB91BC0}.Hybrid|Win32.Build.0 = Template|Win32
		{75C3073F-A9DE-4B69-B774-94381AB91BC0}.Internal|Win32.ActiveCfg = Template|Win32
		{75C3073F-A9DE-4B69-B774-94381AB91BC0}.Internal|Win32.Build.0 = Template|Win32
		{75C3073F-A9DE-4B69-B774-94381AB91BC0}.Max4Hybrid|Win32.ActiveCfg = Template|Win32
		{75C3073F-A9DE-4B69-B774-94381AB91BC0}.Max4Hybrid|Win32.Build.0 = Template|Win32
		{75C3073F-A9DE-4B69-B774-94381AB91BC0}.Max4Release|Win32.ActiveCfg = Release|Win32
		{75C3073F-A9DE-4B69-B774-94381AB91BC0}.Max4Release|Win32.Build.0 = Release|Win32
		{75C3073F-A9DE-4B69-B774-94381AB91BC0}.Profile|Win32.ActiveCfg = Template|Win32
		{75C3073F-A9DE-4B69-B774-94381AB91BC0}.Profile|Win32.Build.0 = Template|Win32
		{75C3073F-A9DE-4B69-B774-94381AB91BC0}.ProfileE|Win32.ActiveCfg = Template|Win32
		{75C3073F-A9DE-4B69-B774-94381AB91BC0}.ProfileE|Win32.Build.0 = Template|Win32
		{75C3073F-A9DE-4B69-B774-94381AB91BC0}.Release|Win32.ActiveCfg = Release|Win32
		{75C3073F-A9DE-4B69-B774-94381AB91BC0}.Release|Win32.Build.0 = Release|Win32
		{75C3073F-A9DE-4B69-B774-94381AB91BC0}.Template|Win32.ActiveCfg = Template|Win32
		{75C3073F-A9DE-4B69-B774-94381AB91BC0}.Template|Win32.Build.0 = Template|Win32
		{772EF884-8649-4E79-98D7-4F0D0E73DB6F}.Debug|Win32.ActiveCfg = Debug|Win32
		{772EF884-8649-4E79-98D7-4F0D0E73DB6F}.Debug|Win32.Build.0 = Debug|Win32
		{772EF884-8649-4E79-98D7-4F0D0E73DB6F}.DebugE|Win32.ActiveCfg = Debug|Win32
		{772EF884-8649-4E79-98D7-4F0D0E73DB6F}.DebugE|Win32.Build.0 = Debug|Win32
		{772EF884-8649-4E79-98D7-4F0D0E73DB6F}.Hybrid|Win32.ActiveCfg = Template|Win32
		{772EF884-8649-4E79-98D7-4F0D0E73DB6F}.Hybrid|Win32.Build.0 = Template|Win32
		{772EF884-8649-4E79-98D7-4F0D0E73DB6F}.Internal|Win32.ActiveCfg = Template|Win32
		{772EF884-8649-4E79-98D7-4F0D0E73DB6F}.Internal|Win32.Build.0 = Template|Win32
		{772EF884-8649-4E79-98D7-4F0D0E73DB6F}.Max4Hybrid|Win32.ActiveCfg = Template|Win32
		{772EF884-8649-4E79-98D7-4F0D0E73DB6F}.Max4Hybrid|Win32.Build.0 = Template|Win32
		{772EF884-8649-4E79-98D7-4F0D0E73DB6F}.Max4Release|Win32.ActiveCfg = Release|Win32
		{772EF884-8649-4E79-98D7-4F0D0E73DB6F}.Max4Release|Win32.Build.0 = Release|Win32
		{772EF884-8649-4E79-98D7-4F0D0E73DB6F}.Profile|Win32.ActiveCfg = Template|Win32
		{772EF884-8649-4E79-98D7-4F0D0E73DB6F}.Profile|Win32.Build.0 = Template|Win32
		{772EF884-8649-4E79-98D7-4F0D0E73DB6F}.ProfileE|Win32.ActiveCfg = Template|Win32
		{772EF884-8649-4E79-98D7-4F0D0E73DB6F}.ProfileE|Win32.Build.0 = Template|Win32
		{772EF884-8649-4E79-98D7-4F0D0E73DB6F}.Release|Win32.ActiveCfg = Release|Win32
		{772EF884-8649-4E79-98D7-4F0D0E73DB6F}.Release|Win32.Build.0 = Release|Win32
		{772EF884-8649-4E79-98D7-4F0D0E73DB6F}.Template|Win32.ActiveCfg = Template|Win32
		{772EF884-8649-4E79-98D7-4F0D0E73DB6F}.Template|Win32.Build.0 = Template|Win32
		{E43D58C6-6F87-4D97-AB26-63225E1F11E5}.Debug|Win32.ActiveCfg = Debug|Win32
		{E43D58C6-6F87-4D97-AB26-63225E1F11E5}.Debug|Win32.Build.0 = Debug|Win32
		{E43D58C6-6F87-4D97-AB26-63225E1F11E5}.DebugE|Win32.ActiveCfg = Debug|Win32
		{E43D58C6-6F87-4D97-AB26-63225E1F11E5}.DebugE|Win32.Build.0 = Debug|Win32
		{E43D58C6-6F87-4D97-AB26-63225E1F11E5}.Hybrid|Win32.ActiveCfg = Internal|Win32
		{E43D58C6-6F87-4D97-AB26-63225E1F11E5}.Hybrid|Win32.Build.0 = Internal|Win32
		{E43D58C6-6F87-4D97-AB26-63225E1F11E5}.Internal|Win32.ActiveCfg = Internal|Win32
		{E43D58C6-6F87-4D97-AB26-63225E1F11E5}.Internal|Win32.Build.0 = Internal|Win32
		{E43D58C6-6F87-4D97-AB26-63225E1F11E5}.Max4Hybrid|Win32.ActiveCfg = Internal|Win32
		{E43D58C6-6F87-4D97-AB26-63225E1F11E5}.Max4Hybrid|Win32.Build.0 = Internal|Win32
		{E43D58C6-6F87-4D97-AB26-63225E1F11E5}.Max4Release|Win32.ActiveCfg = Release|Win32
		{E43D58C6-6F87-4D97-AB26-63225E1F11E5}.Max4Release|Win32.Build.0 = Release|Win32
		{E43D58C6-6F87-4D97-AB26-63225E1F11E5}.Profile|Win32.ActiveCfg = Internal|Win32
		{E43D58C6-6F87-4D97-AB26-63225E1F11E5}.Profile|Win32.Build.0 = Internal|Win32
		{E43D58C6-6F87-4D97-AB26-63225E1F11E5}.ProfileE|Win32.ActiveCfg = Internal|Win32
		{E43D58C6-6F87-4D97-AB26-63225E1F11E5}.ProfileE|Win32.Build.0 = Internal|Win32
		{E43D58C6-6F87-4D97-AB26-63225E1F11E5}.Release|Win32.ActiveCfg = Release|Win32
		{E43D58C6-6F87-4D97-AB26-63225E1F11E5}.Release|Win32.Build.0 = Release|Win32
		{E43D58C6-6F87-4D97-AB26-63225E1F11E5}.Template|Win32.ActiveCfg = Template|Win32
		{E43D58C6-6F87-4D97-AB26-63225E1F11E5}.Template|Win32.Build.0 = Template|Win32
		{1B059C6C-56D1-4D67-A45D-F50A822A7E04}.Debug|Win32.ActiveCfg = Debug|Win32
		{1B059C6C-56D1-4D67-A45D-F50A822A7E04}.Debug|Win32.Build.0 = Debug|Win32
		{1B059C6C-56D1-4D67-A45D-F50A822A7E04}.DebugE|Win32.ActiveCfg = Debug|Win32
		{1B059C6C-56D1-4D67-A45D-F50A822A7E04}.DebugE|Win32.Build.0 = Debug|Win32
		{1B059C6C-56D1-4D67-A45D-F50A822A7E04}.Hybrid|Win32.ActiveCfg = Internal|Win32
		{1B059C6C-56D1-4D67-A45D-F50A822A7E04}.Hybrid|Win32.Build.0 = Internal|Win32
		{1B059C6C-56D1-4D67-A45D-F50A822A7E04}.Internal|Win32.ActiveCfg = Internal|Win32
		{1B059C6C-56D1-4D67-A45D-F50A822A7E04}.Internal|Win32.Build.0 = Internal|Win32
		{1B059C6C-56D1-4D67-A45D-F50A822A7E04}.Max4Hybrid|Win32.ActiveCfg = Internal|Win32
		{1B059C6C-56D1-4D67-A45D-F50A822A7E04}.Max4Hybrid|Win32.Build.0 = Internal|Win32
		{1B059C6C-56D1-4D67-A45D-F50A822A7E04}.Max4Release|Win32.ActiveCfg = Release|Win32
		{1B059C6C-56D1-4D67-A45D-F50A822A7E04}.Max4Release|Win32.Build.0 = Release|Win32
		{1B059C6C-56D1-4D67-A45D-F50A822A7E04}.Profile|Win32.ActiveCfg = Internal|Win32
		{1B059C6C-56D1-4D67-A45D-F50A822A7E04}.Profile|Win32.Build.0 = Internal|Win32
		{1B059C6C-56D1-4D67-A45D-F50A822A7E04}.ProfileE|Win32.ActiveCfg = Internal|Win32
		{1B059C6C-56D1-4D67-A45D-F50A822A7E04}.ProfileE|Win32.Build.0 = Internal|Win32
		{1B059C6C-56D1-4D67-A45D-F50A822A7E04}.Release|Win32.ActiveCfg = Release|Win32
		{1B059C6C-56D1-4D67-A45D-F50A822A7E04}.Release|Win32.Build.0 = Release|Win32
		{1B059C6C-56D1-4D67-A45D-F50A822A7E04}.Template|Win32.ActiveCfg = Template|Win32
		{1B059C6C-56D1-4D67-A45D-F50A822A7E04}.Template|Win32.Build.0 = Template|Win32
		{660FFA9B-CD30-43B4-A78B-7614B4CAF011}.Debug|Win32.ActiveCfg = Debug|Win32
		{660FFA9B-CD30-43B4-A78B-7614B4CAF011}.Debug|Win32.Build.0 = Debug|Win32
		{660FFA9B-CD30-43B4-A78B-7614B4CAF011}.DebugE|Win32.ActiveCfg = Debug|Win32
		{660FFA9B-CD30-43B4-A78B-7614B4CAF011}.DebugE|Win32.Build.0 = Debug|Win32
		{660FFA9B-CD30-43B4-A78B-7614B4CAF011}.Hybrid|Win32.ActiveCfg = Internal|Win32
		{660FFA9B-CD30-43B4-A78B-7614B4CAF011}.Hybrid|Win32.Build.0 = Internal|Win32
		{660FFA9B-CD30-43B4-A78B-7614B4CAF011}.Internal|Win32.ActiveCfg = Internal|Win32
		{660FFA9B-CD30-43B4-A78B-7614B4CAF011}.Internal|Win32.Build.0 = Internal|Win32
		{660FFA9B-CD30-43B4-A78B-7614B4CAF011}.Max4Hybrid|Win32.ActiveCfg = Internal|Win32
		{660FFA9B-CD30-43B4-A78B-7614B4CAF011}.Max4Hybrid|Win32.Build.0 = Internal|Win32
		{660FFA9B-CD30-43B4-A78B-7614B4CAF011}.Max4Release|Win32.ActiveCfg = Release|Win32
		{660FFA9B-CD30-43B4-A78B-7614B4CAF011}.Max4Release|Win32.Build.0 = Release|Win32
		{660FFA9B-CD30-43B4-A78B-7614B4CAF011}.Profile|Win32.ActiveCfg = Internal|Win32
		{660FFA9B-CD30-43B4-A78B-7614B4CAF011}.Profile|Win32.Build.0 = Internal|Win32
		{660FFA9B-CD30-43B4-A78B-7614B4CAF011}.ProfileE|Win32.ActiveCfg = Internal|Win32
		{660FFA9B-CD30-43B4-A78B-7614B4CAF011}.ProfileE|Win32.Build.0 = Internal|Win32
		{660FFA9B-CD30-43B4-A78B-7614B4CAF011}.Release|Win32.ActiveCfg = Release|Win32
		{660FFA9B-CD30-43B4-A78B-7614B4CAF011}.Release|Win32.Build.0 = Release|Win32
		{660FFA9B-CD30-43B4-A78B-7614B4CAF011}.Template|Win32.ActiveCfg = Template|Win32
		{660FFA9B-CD30-43B4-A78B-7614B4CAF011}.Template|Win32.Build.0 = Template|Win32
		{86FBFC08-CFB1-4C6D-AE30-C7712A3800E7}.Debug|Win32.ActiveCfg = Debug|Win32
		{86FBFC08-CFB1-4C6D-AE30-C7712A3800E7}.Debug|Win32.Build.0 = Debug|Win32
		{86FBFC08-CFB1-4C6D-AE30-C7712A3800E7}.DebugE|Win32.ActiveCfg = Debug|Win32
		{86FBFC08-CFB1-4C6D-AE30-C7712A3800E7}.DebugE|Win32.Build.0 = Debug|Win32
		{86FBFC08-CFB1-4C6D-AE30-C7712A3800E7}.Hybrid|Win32.ActiveCfg = Internal|Win32
		{86FBFC08-CFB1-4C6D-AE30-C7712A3800E7}.Hybrid|Win32.Build.0 = Internal|Win32
		{86FBFC08-CFB1-4C6D-AE30-C7712A3800E7}.Internal|Win32.ActiveCfg = Internal|Win32
		{86FBFC08-CFB1-4C6D-AE30-C7712A3800E7}.Internal|Win32.Build.0 = Internal|Win32
		{86FBFC08-CFB1-4C6D-AE30-C7712A3800E7}.Max4Hybrid|Win32.ActiveCfg = Internal|Win32
		{86FBFC08-CFB1-4C6D-AE30-C7712A3800E7}.Max4Hybrid|Win32.Build.0 = Internal|Win32
		{86FBFC08-CFB1-4C6D-AE30-C7712A3800E7}.Max4Release|Win32.ActiveCfg = Release|Win32
		{86FBFC08-CFB1-4C6D-AE30-C7712A3800E7}.Max4Release|Win32.Build.0 = Release|Win32
		{86FBFC08-CFB1-4C6D-AE30-C7712A3800E7}.Profile|Win32.ActiveCfg = Internal|Win32
		{86FBFC08-CFB1-4C6D-AE30-C7712A3800E7}.Profile|Win32.Build.0 = Internal|Win32
		{86FBFC08-CFB1-4C6D-AE30-C7712A3800E7}.ProfileE|Win32.ActiveCfg = Internal|Win32
		{86FBFC08-CFB1-4C6D-AE30-C7712A3800E7}.ProfileE|Win32.Build.0 = Internal|Win32
		{86FBFC08-CFB1-4C6D-AE30-C7712A3800E7}.Release|Win32.ActiveCfg = Release|Win32
		{86FBFC08-CFB1-4C6D-AE30-C7712A3800E7}.Release|Win32.Build.0 = Release|Win32
		{86FBFC08-CFB1-4C6D-AE30-C7712A3800E7}.Template|Win32.ActiveCfg = Template|Win32
		{86FBFC08-CFB1-4C6D-AE30-C7712A3800E7}.Template|Win32.Build.0 = Template|Win32
		{492090BA-DAFA-428C-81B5-E1759C817E45}.Debug|Win32.ActiveCfg = Debug|Win32
		{492090BA-DAFA-428C-81B5-E1759C817E45}.Debug|Win32.Build.0 = Debug|Win32
		{492090BA-DAFA-428C-81B5-E1759C817E45}.DebugE|Win32.ActiveCfg = Debug|Win32
		{492090BA-DAFA-428C-81B5-E1759C817E45}.DebugE|Win32.Build.0 = Debug|Win32
		{492090BA-DAFA-428C-81B5-E1759C817E45}.Hybrid|Win32.ActiveCfg = Internal|Win32
		{492090BA-DAFA-428C-81B5-E1759C817E45}.Hybrid|Win32.Build.0 = Internal|Win32
		{492090BA-DAFA-428C-81B5-E1759C817E45}.Internal|Win32.ActiveCfg = Internal|Win32
		{492090BA-DAFA-428C-81B5-E1759C817E45}.Internal|Win32.Build.0 = Internal|Win32
		{492090BA-DAFA-428C-81B5-E1759C817E45}.Max4Hybrid|Win32.ActiveCfg = Internal|Win32
		{492090BA-DAFA-428C-81B5-E1759C817E45}.Max4Hybrid|Win32.Build.0 = Internal|Win32
		{492090BA-DAFA-428C-81B5-E1759C817E45}.Max4Release|Win32.ActiveCfg = Release|Win32
		{492090BA-DAFA-428C-81B5-E1759C817E45}.Max4Release|Win32.Build.0 = Release|Win32
		{492090BA-DAFA-428C-81B5-E1759C817E45}.Profile|Win32.ActiveCfg = Internal|Win32
		{492090BA-DAFA-428C-81B5-E1759C817E45}.Profile|Win32.Build.0 = Internal|Win32
		{492090BA-DAFA-428C-81B5-E1759C817E45}.ProfileE|Win32.ActiveCfg = Internal|Win32
		{492090BA-DAFA-428C-81B5-E1759C817E45}.ProfileE|Win32.Build.0 = Internal|Win32
		{492090BA-DAFA-428C-81B5-E1759C817E45}.Release|Win32.ActiveCfg = Release|Win32
		{492090BA-DAFA-428C-81B5-E1759C817E45}.Release|Win32.Build.0 = Release|Win32
		{492090BA-DAFA-428C-81B5-E1759C817E45}.Template|Win32.ActiveCfg = Template|Win32
		{492090BA-DAFA-428C-81B5-E1759C817E45}.Template|Win32.Build.0 = Template|Win32
		{9285552F-427F-4E46-89CA-7A39628AC249}.Debug|Win32.ActiveCfg = Debug|Win32
		{9285552F-427F-4E46-89CA-7A39628AC249}.Debug|Win32.Build.0 = Debug|Win32
		{9285552F-427F-4E46-89CA-7A39628AC249}.DebugE|Win32.ActiveCfg = Debug|Win32
		{9285552F-427F-4E46-89CA-7A39628AC249}.DebugE|Win32.Build.0 = Debug|Win32
		{9285552F-427F-4E46-89CA-7A39628AC249}.Hybrid|Win32.ActiveCfg = Internal|Win32
		{9285552F-427F-4E46-89CA-7A39628AC249}.Hybrid|Win32.Build.0 = Internal|Win32
		{9285552F-427F-4E46-89CA-7A39628AC249}.Internal|Win32.ActiveCfg = Internal|Win32
		{9285552F-427F-4E46-89CA-7A39628AC249}.Internal|Win32.Build.0 = Internal|Win32
		{9285552F-427F-4E46-89CA-7A39628AC249}.Max4Hybrid|Win32.ActiveCfg = Internal|Win32
		{9285552F-427F-4E46-89CA-7A39628AC249}.Max4Hybrid|Win32.Build.0 = Internal|Win32
		{9285552F-427F-4E46-89CA-7A39628AC249}.Max4Release|Win32.ActiveCfg = Release|Win32
		{9285552F-427F-4E46-89CA-7A39628AC249}.Max4Release|Win32.Build.0 = Release|Win32
		{9285552F-427F-4E46-89CA-7A39628AC249}.Profile|Win32.ActiveCfg = Internal|Win32
		{9285552F-427F-4E46-89CA-7A39628AC249}.Profile|Win32.Build.0 = Internal|Win32
		{9285552F-427F-4E46-89CA-7A39628AC249}.ProfileE|Win32.ActiveCfg = Internal|Win32
		{9285552F-427F-4E46-89CA-7A39628AC249}.ProfileE|Win32.Build.0 = Internal|Win32
		{9285552F-427F-4E46-89CA-7A39628AC249}.Release|Win32.ActiveCfg = Release|Win32
		{9285552F-427F-4E46-89CA-7A39628AC249}.Release|Win32.Build.0 = Release|Win32
		{9285552F-427F-4E46-89CA-7A39628AC249}.Template|Win32.ActiveCfg = Template|Win32
		{9285552F-427F-4E46-89CA-7A39628AC249}.Template|Win32.Build.0 = Template|Win32
		{B7752F60-9B26-41F3-BAA6-1A495DEDEB1D}.Debug|Win32.ActiveCfg = Debug|Win32
		{B7752F60-9B26-41F3-BAA6-1A495DEDEB1D}.Debug|Win32.Build.0 = Debug|Win32
		{B7752F60-9B26-41F3-BAA6-1A495DEDEB1D}.DebugE|Win32.ActiveCfg = Debug|Win32
		{B7752F60-9B26-41F3-BAA6-1A495DEDEB1D}.DebugE|Win32.Build.0 = Debug|Win32
		{B7752F60-9B26-41F3-BAA6-1A495DEDEB1D}.Hybrid|Win32.ActiveCfg = Template|Win32
		{B7752F60-9B26-41F3-BAA6-1A495DEDEB1D}.Hybrid|Win32.Build.0 = Template|Win32
		{B7752F60-9B26-41F3-BAA6-1A495DEDEB1D}.Internal|Win32.ActiveCfg = Template|Win32
		{B7752F60-9B26-41F3-BAA6-1A495DEDEB1D}.Internal|Win32.Build.0 = Template|Win32
		{B7752F60-9B26-41F3-BAA6-1A495DEDEB1D}.Max4Hybrid|Win32.ActiveCfg = Template|Win32
		{B7752F60-9B26-41F3-BAA6-1A495DEDEB1D}.Max4Hybrid|Win32.Build.0 = Template|Win32
		{B7752F60-9B26-41F3-BAA6-1A495DEDEB1D}.Max4Release|Win32.ActiveCfg = Release|Win32
		{B7752F60-9B26-41F3-BAA6-1A495DEDEB1D}.Max4Release|Win32.Build.0 = Release|Win32
		{B7752F60-9B26-41F3-BAA6-1A495DEDEB1D}.Profile|Win32.ActiveCfg = Template|Win32
		{B7752F60-9B26-41F3-BAA6-1A495DEDEB1D}.Profile|Win32.Build.0 = Template|Win32
		{B7752F60-9B26-41F3-BAA6-1A495DEDEB1D}.ProfileE|Win32.ActiveCfg = Template|Win32
		{B7752F60-9B26-41F3-BAA6-1A495DEDEB1D}.ProfileE|Win32.Build.0 = Template|Win32
		{B7752F60-9B26-41F3-BAA6-1A495DEDEB1D}.Release|Win32.ActiveCfg = Release|Win32
		{B7752F60-9B26-41F3-BAA6-1A495DEDEB1D}.Release|Win32.Build.0 = Release|Win32
		{B7752F60-9B26-41F3-BAA6-1A495DEDEB1D}.Template|Win32.ActiveCfg = Template|Win32
		{B7752F60-9B26-41F3-BAA6-1A495DEDEB1D}.Template|Win32.Build.0 = Template|Win32
		{9DD98B0E-7CB6-4417-84C8-E2820D361978}.Debug|Win32.ActiveCfg = Debug|Win32
		{9DD98B0E-7CB6-4417-84C8-E2820D361978}.Debug|Win32.Build.0 = Debug|Win32
		{9DD98B0E-7CB6-4417-84C8-E2820D361978}.DebugE|Win32.ActiveCfg = Debug|Win32
		{9DD98B0E-7CB6-4417-84C8-E2820D361978}.DebugE|Win32.Build.0 = Debug|Win32
		{9DD98B0E-7CB6-4417-84C8-E2820D361978}.Hybrid|Win32.ActiveCfg = Internal|Win32
		{9DD98B0E-7CB6-4417-84C8-E2820D361978}.Hybrid|Win32.Build.0 = Internal|Win32
		{9DD98B0E-7CB6-4417-84C8-E2820D361978}.Internal|Win32.ActiveCfg = Internal|Win32
		{9DD98B0E-7CB6-4417-84C8-E2820D361978}.Internal|Win32.Build.0 = Internal|Win32
		{9DD98B0E-7CB6-4417-84C8-E2820D361978}.Max4Hybrid|Win32.ActiveCfg = Internal|Win32
		{9DD98B0E-7CB6-4417-84C8-E2820D361978}.Max4Hybrid|Win32.Build.0 = Internal|Win32
		{9DD98B0E-7CB6-4417-84C8-E2820D361978}.Max4Release|Win32.ActiveCfg = Release|Win32
		{9DD98B0E-7CB6-4417-84C8-E2820D361978}.Max4Release|Win32.Build.0 = Release|Win32
		{9DD98B0E-7CB6-4417-84C8-E2820D361978}.Profile|Win32.ActiveCfg = Internal|Win32
		{9DD98B0E-7CB6-4417-84C8-E2820D361978}.Profile|Win32.Build.0 = Internal|Win32
		{9DD98B0E-7CB6-4417-84C8-E2820D361978}.ProfileE|Win32.ActiveCfg = Internal|Win32
		{9DD98B0E-7CB6-4417-84C8-E2820D361978}.ProfileE|Win32.Build.0 = Internal|Win32
		{9DD98B0E-7CB6-4417-84C8-E2820D361978}.Release|Win32.ActiveCfg = Release|Win32
		{9DD98B0E-7CB6-4417-84C8-E2820D361978}.Release|Win32.Build.0 = Release|Win32
		{9DD98B0E-7CB6-4417-84C8-E2820D361978}.Template|Win32.ActiveCfg = Template|Win32
		{9DD98B0E-7CB6-4417-84C8-E2820D361978}.Template|Win32.Build.0 = Template|Win32
		{064150BD-C643-4578-9A79-AC3294C2F69F}.Debug|Win32.ActiveCfg = Debug|Win32
		{064150BD-C643-4578-9A79-AC3294C2F69F}.Debug|Win32.Build.0 = Debug|Win32
		{064150BD-C643-4578-9A79-AC3294C2F69F}.DebugE|Win32.ActiveCfg = Debug|Win32
		{064150BD-C643-4578-9A79-AC3294C2F69F}.DebugE|Win32.Build.0 = Debug|Win32
		{064150BD-C643-4578-9A79-AC3294C2F69F}.Hybrid|Win32.ActiveCfg = Internal|Win32
		{064150BD-C643-4578-9A79-AC3294C2F69F}.Hybrid|Win32.Build.0 = Internal|Win32
		{064150BD-C643-4578-9A79-AC3294C2F69F}.Internal|Win32.ActiveCfg = Internal|Win32
		{064150BD-C643-4578-9A79-AC3294C2F69F}.Internal|Win32.Build.0 = Internal|Win32
		{064150BD-C643-4578-9A79-AC3294C2F69F}.Max4Hybrid|Win32.ActiveCfg = Internal|Win32
		{064150BD-C643-4578-9A79-AC3294C2F69F}.Max4Hybrid|Win32.Build.0 = Internal|Win32
		{064150BD-C643-4578-9A79-AC3294C2F69F}.Max4Release|Win32.ActiveCfg = Release|Win32
		{064150BD-C643-4578-9A79-AC3294C2F69F}.Max4Release|Win32.Build.0 = Release|Win32
		{064150BD-C643-4578-9A79-AC3294C2F69F}.Profile|Win32.ActiveCfg = Internal|Win32
		{064150BD-C643-4578-9A79-AC3294C2F69F}.Profile|Win32.Build.0 = Internal|Win32
		{064150BD-C643-4578-9A79-AC3294C2F69F}.ProfileE|Win32.ActiveCfg = Internal|Win32
		{064150BD-C643-4578-9A79-AC3294C2F69F}.ProfileE|Win32.Build.0 = Internal|Win32
		{064150BD-C643-4578-9A79-AC3294C2F69F}.Release|Win32.ActiveCfg = Release|Win32
		{064150BD-C643-4578-9A79-AC3294C2F69F}.Release|Win32.Build.0 = Release|Win32
		{064150BD-C643-4578-9A79-AC3294C2F69F}.Template|Win32.ActiveCfg = Template|Win32
		{064150BD-C643-4578-9A79-AC3294C2F69F}.Template|Win32.Build.0 = Template|Win32
		{616F9120-A708-4106-AF98-F3ABF628DD7B}.Debug|Win32.ActiveCfg = Debug|Win32
		{616F9120-A708-4106-AF98-F3ABF628DD7B}.Debug|Win32.Build.0 = Debug|Win32
		{616F9120-A708-4106-AF98-F3ABF628DD7B}.DebugE|Win32.ActiveCfg = Debug|Win32
		{616F9120-A708-4106-AF98-F3ABF628DD7B}.DebugE|Win32.Build.0 = Debug|Win32
		{616F9120-A708-4106-AF98-F3ABF628DD7B}.Hybrid|Win32.ActiveCfg = Internal|Win32
		{616F9120-A708-4106-AF98-F3ABF628DD7B}.Hybrid|Win32.Build.0 = Internal|Win32
		{616F9120-A708-4106-AF98-F3ABF628DD7B}.Internal|Win32.ActiveCfg = Internal|Win32
		{616F9120-A708-4106-AF98-F3ABF628DD7B}.Internal|Win32.Build.0 = Internal|Win32
		{616F9120-A708-4106-AF98-F3ABF628DD7B}.Max4Hybrid|Win32.ActiveCfg = Internal|Win32
		{616F9120-A708-4106-AF98-F3ABF628DD7B}.Max4Hybrid|Win32.Build.0 = Internal|Win32
		{616F9120-A708-4106-AF98-F3ABF628DD7B}.Max4Release|Win32.ActiveCfg = Release|Win32
		{616F9120-A708-4106-AF98-F3ABF628DD7B}.Max4Release|Win32.Build.0 = Release|Win32
		{616F9120-A708-4106-AF98-F3ABF628DD7B}.Profile|Win32.ActiveCfg = Internal|Win32
		{616F9120-A708-4106-AF98-F3ABF628DD7B}.Profile|Win32.Build.0 = Internal|Win32
		{616F9120-A708-4106-AF98-F3ABF628DD7B}.ProfileE|Win32.ActiveCfg = Internal|Win32
		{616F9120-A708-4106-AF98-F3ABF628DD7B}.ProfileE|Win32.Build.0 = Internal|Win32
		{616F9120-A708-4106-AF98-F3ABF628DD7B}.Release|Win32.ActiveCfg = Release|Win32
		{616F9120-A708-4106-AF98-F3ABF628DD7B}.Release|Win32.Build.0 = Release|Win32
		{616F9120-A708-4106-AF98-F3ABF628DD7B}.Template|Win32.ActiveCfg = Template|Win32
		{616F9120-A708-4106-AF98-F3ABF628DD7B}.Template|Win32.Build.0 = Template|Win32
		{BB79A7B7-A63C-4771-A1A1-E738EEF25767}.Debug|Win32.ActiveCfg = Debug|Win32
		{BB79A7B7-A63C-4771-A1A1-E738EEF25767}.Debug|Win32.Build.0 = Debug|Win32
		{BB79A7B7-A63C-4771-A1A1-E738EEF25767}.DebugE|Win32.ActiveCfg = Debug|Win32
		{BB79A7B7-A63C-4771-A1A1-E738EEF25767}.DebugE|Win32.Build.0 = Debug|Win32
		{BB79A7B7-A63C-4771-A1A1-E738EEF25767}.Hybrid|Win32.ActiveCfg = Template|Win32
		{BB79A7B7-A63C-4771-A1A1-E738EEF25767}.Hybrid|Win32.Build.0 = Template|Win32
		{BB79A7B7-A63C-4771-A1A1-E738EEF25767}.Internal|Win32.ActiveCfg = Template|Win32
		{BB79A7B7-A63C-4771-A1A1-E738EEF25767}.Internal|Win32.Build.0 = Template|Win32
		{BB79A7B7-A63C-4771-A1A1-E738EEF25767}.Max4Hybrid|Win32.ActiveCfg = Template|Win32
		{BB79A7B7-A63C-4771-A1A1-E738EEF25767}.Max4Hybrid|Win32.Build.0 = Template|Win32
		{BB79A7B7-A63C-4771-A1A1-E738EEF25767}.Max4Release|Win32.ActiveCfg = Release|Win32
		{BB79A7B7-A63C-4771-A1A1-E738EEF25767}.Max4Release|Win32.Build.0 = Release|Win32
		{BB79A7B7-A63C-4771-A1A1-E738EEF25767}.Profile|Win32.ActiveCfg = Template|Win32
		{BB79A7B7-A63C-4771-A1A1-E738EEF25767}.Profile|Win32.Build.0 = Template|Win32
		{BB79A7B7-A63C-4771-A1A1-E738EEF25767}.ProfileE|Win32.ActiveCfg = Template|Win32
		{BB79A7B7-A63C-4771-A1A1-E738EEF25767}.ProfileE|Win32.Build.0 = Template|Win32
		{BB79A7B7-A63C-4771-A1A1-E738EEF25767}.Release|Win32.ActiveCfg = Release|Win32
		{BB79A7B7-A63C-4771-A1A1-E738EEF25767}.Release|Win32.Build.0 = Release|Win32
		{BB79A7B7-A63C-4771-A1A1-E738EEF25767}.Template|Win32.ActiveCfg = Template|Win32
		{BB79A7B7-A63C-4771-A1A1-E738EEF25767}.Template|Win32.Build.0 = Template|Win32
		{76DAB315-2A52-4612-9487-311F7DD5F0A1}.Debug|Win32.ActiveCfg = Debug|Win32
		{76DAB315-2A52-4612-9487-311F7DD5F0A1}.Debug|Win32.Build.0 = Debug|Win32
		{76DAB315-2A52-4612-9487-311F7DD5F0A1}.DebugE|Win32.ActiveCfg = Debug|Win32
		{76DAB315-2A52-4612-9487-311F7DD5F0A1}.DebugE|Win32.Build.0 = Debug|Win32
		{76DAB315-2A52-4612-9487-311F7DD5F0A1}.Hybrid|Win32.ActiveCfg = Template|Win32
		{76DAB315-2A52-4612-9487-311F7DD5F0A1}.Hybrid|Win32.Build.0 = Template|Win32
		{76DAB315-2A52-4612-9487-311F7DD5F0A1}.Internal|Win32.ActiveCfg = Template|Win32
		{76DAB315-2A52-4612-9487-311F7DD5F0A1}.Internal|Win32.Build.0 = Template|Win32
		{76DAB315-2A52-4612-9487-311F7DD5F0A1}.Max4Hybrid|Win32.ActiveCfg = Template|Win32
		{76DAB315-2A52-4612-9487-311F7DD5F0A1}.Max4Hybrid|Win32.Build.0 = Template|Win32
		{76DAB315-2A52-4612-9487-311F7DD5F0A1}.Max4Release|Win32.ActiveCfg = Release|Win32
		{76DAB315-2A52-4612-9487-311F7DD5F0A1}.Max4Release|Win32.Build.0 = Release|Win32
		{76DAB315-2A52-4612-9487-311F7DD5F0A1}.Profile|Win32.ActiveCfg = Template|Win32
		{76DAB315-2A52-4612-9487-311F7DD5F0A1}.Profile|Win32.Build.0 = Template|Win32
		{76DAB315-2A52-4612-9487-311F7DD5F0A1}.ProfileE|Win32.ActiveCfg = Template|Win32
		{76DAB315-2A52-4612-9487-311F7DD5F0A1}.ProfileE|Win32.Build.0 = Template|Win32
		{76DAB315-2A52-4612-9487-311F7DD5F0A1}.Release|Win32.ActiveCfg = Release|Win32
		{76DAB315-2A52-4612-9487-311F7DD5F0A1}.Release|Win32.Build.0 = Release|Win32
		{76DAB315-2A52-4612-9487-311F7DD5F0A1}.Template|Win32.ActiveCfg = Template|Win32
		{76DAB315-2A52-4612-9487-311F7DD5F0A1}.Template|Win32.Build.0 = Template|Win32
		{E87CFC94-9CC9-4714-B163-D0C75A7B6C37}.Debug|Win32.ActiveCfg = Debug|Win32
		{E87CFC94-9CC9-4714-B163-D0C75A7B6C37}.Debug|Win32.Build.0 = Debug|Win32
		{E87CFC94-9CC9-4714-B163-D0C75A7B6C37}.DebugE|Win32.ActiveCfg = Debug|Win32
		{E87CFC94-9CC9-4714-B163-D0C75A7B6C37}.DebugE|Win32.Build.0 = Debug|Win32
		{E87CFC94-9CC9-4714-B163-D0C75A7B6C37}.Hybrid|Win32.ActiveCfg = Hybrid|Win32
		{E87CFC94-9CC9-4714-B163-D0C75A7B6C37}.Hybrid|Win32.Build.0 = Hybrid|Win32
		{E87CFC94-9CC9-4714-B163-D0C75A7B6C37}.Internal|Win32.ActiveCfg = Max4Hybrid|Win32
		{E87CFC94-9CC9-4714-B163-D0C75A7B6C37}.Internal|Win32.Build.0 = Max4Hybrid|Win32
		{E87CFC94-9CC9-4714-B163-D0C75A7B6C37}.Max4Hybrid|Win32.ActiveCfg = Max4Hybrid|Win32
		{E87CFC94-9CC9-4714-B163-D0C75A7B6C37}.Max4Hybrid|Win32.Build.0 = Max4Hybrid|Win32
		{E87CFC94-9CC9-4714-B163-D0C75A7B6C37}.Max4Release|Win32.ActiveCfg = Max4Release|Win32
		{E87CFC94-9CC9-4714-B163-D0C75A7B6C37}.Max4Release|Win32.Build.0 = Max4Release|Win32
		{E87CFC94-9CC9-4714-B163-D0C75A7B6C37}.Profile|Win32.ActiveCfg = Max4Hybrid|Win32
		{E87CFC94-9CC9-4714-B163-D0C75A7B6C37}.Profile|Win32.Build.0 = Max4Hybrid|Win32
		{E87CFC94-9CC9-4714-B163-D0C75A7B6C37}.ProfileE|Win32.ActiveCfg = Max4Hybrid|Win32
		{E87CFC94-9CC9-4714-B163-D0C75A7B6C37}.ProfileE|Win32.Build.0 = Max4Hybrid|Win32
		{E87CFC94-9CC9-4714-B163-D0C75A7B6C37}.Release|Win32.ActiveCfg = Release|Win32
		{E87CFC94-9CC9-4714-B163-D0C75A7B6C37}.Release|Win32.Build.0 = Release|Win32
		{E87CFC94-9CC9-4714-B163-D0C75A7B6C37}.Template|Win32.ActiveCfg = Template|Win32
		{E87CFC94-9CC9-4714-B163-D0C75A7B6C37}.Template|Win32.Build.0 = Template|Win32
		{8148A9F3-9AA0-4FA2-BD10-BF651F8732D3}.Debug|Win32.ActiveCfg = Debug|Win32
		{8148A9F3-9AA0-4FA2-BD10-BF651F8732D3}.Debug|Win32.Build.0 = Debug|Win32
		{8148A9F3-9AA0-4FA2-BD10-BF651F8732D3}.DebugE|Win32.ActiveCfg = Debug|Win32
		{8148A9F3-9AA0-4FA2-BD10-BF651F8732D3}.DebugE|Win32.Build.0 = Debug|Win32
		{8148A9F3-9AA0-4FA2-BD10-BF651F8732D3}.Hybrid|Win32.ActiveCfg = Hybrid|Win32
		{8148A9F3-9AA0-4FA2-BD10-BF651F8732D3}.Hybrid|Win32.Build.0 = Hybrid|Win32
		{8148A9F3-9AA0-4FA2-BD10-BF651F8732D3}.Internal|Win32.ActiveCfg = Template|Win32
		{8148A9F3-9AA0-4FA2-BD10-BF651F8732D3}.Internal|Win32.Build.0 = Template|Win32
		{8148A9F3-9AA0-4FA2-BD10-BF651F8732D3}.Max4Hybrid|Win32.ActiveCfg = Hybrid|Win32
		{8148A9F3-9AA0-4FA2-BD10-BF651F8732D3}.Max4Hybrid|Win32.Build.0 = Hybrid|Win32
		{8148A9F3-9AA0-4FA2-BD10-BF651F8732D3}.Max4Release|Win32.ActiveCfg = Release|Win32
		{8148A9F3-9AA0-4FA2-BD10-BF651F8732D3}.Max4Release|Win32.Build.0 = Release|Win32
		{8148A9F3-9AA0-4FA2-BD10-BF651F8732D3}.Profile|Win32.ActiveCfg = Template|Win32
		{8148A9F3-9AA0-4FA2-BD10-BF651F8732D3}.Profile|Win32.Build.0 = Template|Win32
		{8148A9F3-9AA0-4FA2-BD10-BF651F8732D3}.ProfileE|Win32.ActiveCfg = Template|Win32
		{8148A9F3-9AA0-4FA2-BD10-BF651F8732D3}.ProfileE|Win32.Build.0 = Template|Win32
		{8148A9F3-9AA0-4FA2-BD10-BF651F8732D3}.Release|Win32.ActiveCfg = Release|Win32
		{8148A9F3-9AA0-4FA2-BD10-BF651F8732D3}.Release|Win32.Build.0 = Release|Win32
		{8148A9F3-9AA0-4FA2-BD10-BF651F8732D3}.Template|Win32.ActiveCfg = Template|Win32
		{8148A9F3-9AA0-4FA2-BD10-BF651F8732D3}.Template|Win32.Build.0 = Template|Win32
		{74C0BCA0-F00E-462F-B146-47E6C8F11A4C}.Debug|Win32.ActiveCfg = Debug|Win32
		{74C0BCA0-F00E-462F-B146-47E6C8F11A4C}.Debug|Win32.Build.0 = Debug|Win32
		{74C0BCA0-F00E-462F-B146-47E6C8F11A4C}.DebugE|Win32.ActiveCfg = Debug|Win32
		{74C0BCA0-F00E-462F-B146-47E6C8F11A4C}.DebugE|Win32.Build.0 = Debug|Win32
		{74C0BCA0-F00E-462F-B146-47E6C8F11A4C}.Hybrid|Win32.ActiveCfg = Template|Win32
		{74C0BCA0-F00E-462F-B146-47E6C8F11A4C}.Hybrid|Win32.Build.0 = Template|Win32
		{74C0BCA0-F00E-462F-B146-47E6C8F11A4C}.Internal|Win32.ActiveCfg = Template|Win32
		{74C0BCA0-F00E-462F-B146-47E6C8F11A4C}.Internal|Win32.Build.0 = Template|Win32
		{74C0BCA0-F00E-462F-B146-47E6C8F11A4C}.Max4Hybrid|Win32.ActiveCfg = Template|Win32
		{74C0BCA0-F00E-462F-B146-47E6C8F11A4C}.Max4Hybrid|Win32.Build.0 = Template|Win32
		{74C0BCA0-F00E-462F-B146-47E6C8F11A4C}.Max4Release|Win32.ActiveCfg = Release|Win32
		{74C0BCA0-F00E-462F-B146-47E6C8F11A4C}.Max4Release|Win32.Build.0 = Release|Win32
		{74C0BCA0-F00E-462F-B146-47E6C8F11A4C}.Profile|Win32.ActiveCfg = Template|Win32
		{74C0BCA0-F00E-462F-B146-47E6C8F11A4C}.Profile|Win32.Build.0 = Template|Win32
		{74C0BCA0-F00E-462F-B146-47E6C8F11A4C}.ProfileE|Win32.ActiveCfg = Template|Win32
		{74C0BCA0-F00E-462F-B146-47E6C8F11A4C}.ProfileE|Win32.Build.0 = Template|Win32
		{74C0BCA0-F00E-462F-B146-47E6C8F11A4C}.Release|Win32.ActiveCfg = Release|Win32
		{74C0BCA0-F00E-462F-B146-47E6C8F11A4C}.Release|Win32.Build.0 = Release|Win32
		{74C0BCA0-F00E-462F-B146-47E6C8F11A4C}.Template|Win32.ActiveCfg = Template|Win32
		{74C0BCA0-F00E-462F-B146-47E6C8F11A4C}.Template|Win32.Build.0 = Template|Win32
		{3C13A81E-B5A1-4DDB-9E9D-ADAB930FBABC}.Debug|Win32.ActiveCfg = Debug|Win32
		{3C13A81E-B5A1-4DDB-9E9D-ADAB930FBABC}.Debug|Win32.Build.0 = Debug|Win32
		{3C13A81E-B5A1-4DDB-9E9D-ADAB930FBABC}.DebugE|Win32.ActiveCfg = Debug|Win32
		{3C13A81E-B5A1-4DDB-9E9D-ADAB930FBABC}.DebugE|Win32.Build.0 = Debug|Win32
		{3C13A81E-B5A1-4DDB-9E9D-ADAB930FBABC}.Hybrid|Win32.ActiveCfg = Template|Win32
		{3C13A81E-B5A1-4DDB-9E9D-ADAB930FBABC}.Hybrid|Win32.Build.0 = Template|Win32
		{3C13A81E-B5A1-4DDB-9E9D-ADAB930FBABC}.Internal|Win32.ActiveCfg = Template|Win32
		{3C13A81E-B5A1-4DDB-9E9D-ADAB930FBABC}.Internal|Win32.Build.0 = Template|Win32
		{3C13A81E-B5A1-4DDB-9E9D-ADAB930FBABC}.Max4Hybrid|Win32.ActiveCfg = Template|Win32
		{3C13A81E-B5A1-4DDB-9E9D-ADAB930FBABC}.Max4Hybrid|Win32.Build.0 = Template|Win32
		{3C13A81E-B5A1-4DDB-9E9D-ADAB930FBABC}.Max4Release|Win32.ActiveCfg = Release|Win32
		{3C13A81E-B5A1-4DDB-9E9D-ADAB930FBABC}.Max4Release|Win32.Build.0 = Release|Win32
		{3C13A81E-B5A1-4DDB-9E9D-ADAB930FBABC}.Profile|Win32.ActiveCfg = Template|Win32
		{3C13A81E-B5A1-4DDB-9E9D-ADAB930FBABC}.Profile|Win32.Build.0 = Template|Win32
		{3C13A81E-B5A1-4DDB-9E9D-ADAB930FBABC}.ProfileE|Win32.ActiveCfg = Template|Win32
		{3C13A81E-B5A1-4DDB-9E9D-ADAB930FBABC}.ProfileE|Win32.Build.0 = Template|Win32
		{3C13A81E-B5A1-4DDB-9E9D-ADAB930FBABC}.Release|Win32.ActiveCfg = Release|Win32
		{3C13A81E-B5A1-4DDB-9E9D-ADAB930FBABC}.Release|Win32.Build.0 = Release|Win32
		{3C13A81E-B5A1-4DDB-9E9D-ADAB930FBABC}.Template|Win32.ActiveCfg = Template|Win32
		{3C13A81E-B5A1-4DDB-9E9D-ADAB930FBABC}.Template|Win32.Build.0 = Template|Win32
		{5FD15F75-7774-422E-A33D-31C5A8E8A684}.Debug|Win32.ActiveCfg = Debug|Win32
		{5FD15F75-7774-422E-A33D-31C5A8E8A684}.Debug|Win32.Build.0 = Debug|Win32
		{5FD15F75-7774-422E-A33D-31C5A8E8A684}.DebugE|Win32.ActiveCfg = DebugE|Win32
		{5FD15F75-7774-422E-A33D-31C5A8E8A684}.DebugE|Win32.Build.0 = DebugE|Win32
		{5FD15F75-7774-422E-A33D-31C5A8E8A684}.Hybrid|Win32.ActiveCfg = Internal|Win32
		{5FD15F75-7774-422E-A33D-31C5A8E8A684}.Hybrid|Win32.Build.0 = Internal|Win32
		{5FD15F75-7774-422E-A33D-31C5A8E8A684}.Internal|Win32.ActiveCfg = Internal|Win32
		{5FD15F75-7774-422E-A33D-31C5A8E8A684}.Internal|Win32.Build.0 = Internal|Win32
		{5FD15F75-7774-422E-A33D-31C5A8E8A684}.Max4Hybrid|Win32.ActiveCfg = Internal|Win32
		{5FD15F75-7774-422E-A33D-31C5A8E8A684}.Max4Hybrid|Win32.Build.0 = Internal|Win32
		{5FD15F75-7774-422E-A33D-31C5A8E8A684}.Max4Release|Win32.ActiveCfg = Release|Win32
		{5FD15F75-7774-422E-A33D-31C5A8E8A684}.Max4Release|Win32.Build.0 = Release|Win32
		{5FD15F75-7774-422E-A33D-31C5A8E8A684}.Profile|Win32.ActiveCfg = Profile|Win32
		{5FD15F75-7774-422E-A33D-31C5A8E8A684}.Profile|Win32.Build.0 = Profile|Win32
		{5FD15F75-7774-422E-A33D-31C5A8E8A684}.ProfileE|Win32.ActiveCfg = ProfileE|Win32
		{5FD15F75-7774-422E-A33D-31C5A8E8A684}.ProfileE|Win32.Build.0 = ProfileE|Win32
		{5FD15F75-7774-422E-A33D-31C5A8E8A684}.Release|Win32.ActiveCfg = Release|Win32
		{5FD15F75-7774-422E-A33D-31C5A8E8A684}.Release|Win32.Build.0 = Release|Win32
		{5FD15F75-7774-422E-A33D-31C5A8E8A684}.Template|Win32.ActiveCfg = Template|Win32
		{5FD15F75-7774-422E-A33D-31C5A8E8A684}.Template|Win32.Build.0 = Template|Win32
		{54DC3DAD-40F1-4FF3-9EBA-FD297DC44F8E}.Debug|Win32.ActiveCfg = Debug|Win32
		{54DC3DAD-40F1-4FF3-9EBA-FD297DC44F8E}.Debug|Win32.Build.0 = Debug|Win32
		{54DC3DAD-40F1-4FF3-9EBA-FD297DC44F8E}.DebugE|Win32.ActiveCfg = Debug|Win32
		{54DC3DAD-40F1-4FF3-9EBA-FD297DC44F8E}.DebugE|Win32.Build.0 = Debug|Win32
		{54DC3DAD-40F1-4FF3-9EBA-FD297DC44F8E}.Hybrid|Win32.ActiveCfg = Internal|Win32
		{54DC3DAD-40F1-4FF3-9EBA-FD297DC44F8E}.Hybrid|Win32.Build.0 = Internal|Win32
		{54DC3DAD-40F1-4FF3-9EBA-FD297DC44F8E}.Internal|Win32.ActiveCfg = Internal|Win32
		{54DC3DAD-40F1-4FF3-9EBA-FD297DC44F8E}.Internal|Win32.Build.0 = Internal|Win32
		{54DC3DAD-40F1-4FF3-9EBA-FD297DC44F8E}.Max4Hybrid|Win32.ActiveCfg = Internal|Win32
		{54DC3DAD-40F1-4FF3-9EBA-FD297DC44F8E}.Max4Hybrid|Win32.Build.0 = Internal|Win32
		{54DC3DAD-40F1-4FF3-9EBA-FD297DC44F8E}.Max4Release|Win32.ActiveCfg = Release|Win32
		{54DC3DAD-40F1-4FF3-9EBA-FD297DC44F8E}.Max4Release|Win32.Build.0 = Release|Win32
		{54DC3DAD-40F1-4FF3-9EBA-FD297DC44F8E}.Profile|Win32.ActiveCfg = Profile|Win32
		{54DC3DAD-40F1-4FF3-9EBA-FD297DC44F8E}.Profile|Win32.Build.0 = Profile|Win32
		{54DC3DAD-40F1-4FF3-9EBA-FD297DC44F8E}.ProfileE|Win32.ActiveCfg = Profile|Win32
		{54DC3DAD-40F1-4FF3-9EBA-FD297DC44F8E}.ProfileE|Win32.Build.0 = Profile|Win32
		{54DC3DAD-40F1-4FF3-9EBA-FD297DC44F8E}.Release|Win32.ActiveCfg = Release|Win32
		{54DC3DAD-40F1-4FF3-9EBA-FD297DC44F8E}.Release|Win32.Build.0 = Release|Win32
		{54DC3DAD-40F1-4FF3-9EBA-FD297DC44F8E}.Template|Win32.ActiveCfg = Template|Win32
		{54DC3DAD-40F1-4FF3-9EBA-FD297DC44F8E}.Template|Win32.Build.0 = Template|Win32
		{E5AB4747-BBA2-481F-AAEE-09D68C46654B}.Debug|Win32.ActiveCfg = Debug|Win32
		{E5AB4747-BBA2-481F-AAEE-09D68C46654B}.Debug|Win32.Build.0 = Debug|Win32
		{E5AB4747-BBA2-481F-AAEE-09D68C46654B}.DebugE|Win32.ActiveCfg = Debug|Win32
		{E5AB4747-BBA2-481F-AAEE-09D68C46654B}.DebugE|Win32.Build.0 = Debug|Win32
		{E5AB4747-BBA2-481F-AAEE-09D68C46654B}.Hybrid|Win32.ActiveCfg = Internal|Win32
		{E5AB4747-BBA2-481F-AAEE-09D68C46654B}.Hybrid|Win32.Build.0 = Internal|Win32
		{E5AB4747-BBA2-481F-AAEE-09D68C46654B}.Internal|Win32.ActiveCfg = Internal|Win32
		{E5AB4747-BBA2-481F-AAEE-09D68C46654B}.Internal|Win32.Build.0 = Internal|Win32
		{E5AB4747-BBA2-481F-AAEE-09D68C46654B}.Max4Hybrid|Win32.ActiveCfg = Internal|Win32
		{E5AB4747-BBA2-481F-AAEE-09D68C46654B}.Max4Hybrid|Win32.Build.0 = Internal|Win32
		{E5AB4747-BBA2-481F-AAEE-09D68C46654B}.Max4Release|Win32.ActiveCfg = Release|Win32
		{E5AB4747-BBA2-481F-AAEE-09D68C46654B}.Max4Release|Win32.Build.0 = Release|Win32
		{E5AB4747-BBA2-481F-AAEE-09D68C46654B}.Profile|Win32.ActiveCfg = Profile|Win32
		{E5AB4747-BBA2-481F-AAEE-09D68C46654B}.Profile|Win32.Build.0 = Profile|Win32
		{E5AB4747-BBA2-481F-AAEE-09D68C46654B}.ProfileE|Win32.ActiveCfg = Profile|Win32
		{E5AB4747-BBA2-481F-AAEE-09D68C46654B}.ProfileE|Win32.Build.0 = Profile|Win32
		{E5AB4747-BBA2-481F-AAEE-09D68C46654B}.Release|Win32.ActiveCfg = Release|Win32
		{E5AB4747-BBA2-481F-AAEE-09D68C46654B}.Release|Win32.Build.0 = Release|Win32
		{E5AB4747-BBA2-481F-AAEE-09D68C46654B}.Template|Win32.ActiveCfg = Template|Win32
		{E5AB4747-BBA2-481F-AAEE-09D68C46654B}.Template|Win32.Build.0 = Template|Win32
		{8511961C-557A-46AD-B76E-78FDBB53C9EA}.Debug|Win32.ActiveCfg = Debug|Win32
		{8511961C-557A-46AD-B76E-78FDBB53C9EA}.Debug|Win32.Build.0 = Debug|Win32
		{8511961C-557A-46AD-B76E-78FDBB53C9EA}.DebugE|Win32.ActiveCfg = Debug|Win32
		{8511961C-557A-46AD-B76E-78FDBB53C9EA}.DebugE|Win32.Build.0 = Debug|Win32
		{8511961C-557A-46AD-B76E-78FDBB53C9EA}.Hybrid|Win32.ActiveCfg = Internal|Win32
		{8511961C-557A-46AD-B76E-78FDBB53C9EA}.Hybrid|Win32.Build.0 = Internal|Win32
		{8511961C-557A-46AD-B76E-78FDBB53C9EA}.Internal|Win32.ActiveCfg = Internal|Win32
		{8511961C-557A-46AD-B76E-78FDBB53C9EA}.Internal|Win32.Build.0 = Internal|Win32
		{8511961C-557A-46AD-B76E-78FDBB53C9EA}.Max4Hybrid|Win32.ActiveCfg = Internal|Win32
		{8511961C-557A-46AD-B76E-78FDBB53C9EA}.Max4Hybrid|Win32.Build.0 = Internal|Win32
		{8511961C-557A-46AD-B76E-78FDBB53C9EA}.Max4Release|Win32.ActiveCfg = Release|Win32
		{8511961C-557A-46AD-B76E-78FDBB53C9EA}.Max4Release|Win32.Build.0 = Release|Win32
		{8511961C-557A-46AD-B76E-78FDBB53C9EA}.Profile|Win32.ActiveCfg = Profile|Win32
		{8511961C-557A-46AD-B76E-78FDBB53C9EA}.Profile|Win32.Build.0 = Profile|Win32
		{8511961C-557A-46AD-B76E-78FDBB53C9EA}.ProfileE|Win32.ActiveCfg = Profile|Win32
		{8511961C-557A-46AD-B76E-78FDBB53C9EA}.ProfileE|Win32.Build.0 = Profile|Win32
		{8511961C-557A-46AD-B76E-78FDBB53C9EA}.Release|Win32.ActiveCfg = Release|Win32
		{8511961C-557A-46AD-B76E-78FDBB53C9EA}.Release|Win32.Build.0 = Release|Win32
		{8511961C-557A-46AD-B76E-78FDBB53C9EA}.Template|Win32.ActiveCfg = Template|Win32
		{8511961C-557A-46AD-B76E-78FDBB53C9EA}.Template|Win32.Build.0 = Template|Win32
		{BC6D7F10-D44C-4581-9925-95C2D1B2D0E3}.Debug|Win32.ActiveCfg = Debug|Win32
		{BC6D7F10-D44C-4581-9925-95C2D1B2D0E3}.Debug|Win32.Build.0 = Debug|Win32
		{BC6D7F10-D44C-4581-9925-95C2D1B2D0E3}.DebugE|Win32.ActiveCfg = DebugE|Win32
		{BC6D7F10-D44C-4581-9925-95C2D1B2D0E3}.DebugE|Win32.Build.0 = DebugE|Win32
		{BC6D7F10-D44C-4581-9925-95C2D1B2D0E3}.Hybrid|Win32.ActiveCfg = Internal|Win32
		{BC6D7F10-D44C-4581-9925-95C2D1B2D0E3}.Hybrid|Win32.Build.0 = Internal|Win32
		{BC6D7F10-D44C-4581-9925-95C2D1B2D0E3}.Internal|Win32.ActiveCfg = Internal|Win32
		{BC6D7F10-D44C-4581-9925-95C2D1B2D0E3}.Internal|Win32.Build.0 = Internal|Win32
		{BC6D7F10-D44C-4581-9925-95C2D1B2D0E3}.Max4Hybrid|Win32.ActiveCfg = Internal|Win32
		{BC6D7F10-D44C-4581-9925-95C2D1B2D0E3}.Max4Hybrid|Win32.Build.0 = Internal|Win32
		{BC6D7F10-D44C-4581-9925-95C2D1B2D0E3}.Max4Release|Win32.ActiveCfg = Release|Win32
		{BC6D7F10-D44C-4581-9925-95C2D1B2D0E3}.Max4Release|Win32.Build.0 = Release|Win32
		{BC6D7F10-D44C-4581-9925-95C2D1B2D0E3}.Profile|Win32.ActiveCfg = Profile|Win32
		{BC6D7F10-D44C-4581-9925-95C2D1B2D0E3}.Profile|Win32.Build.0 = Profile|Win32
		{BC6D7F10-D44C-4581-9925-95C2D1B2D0E3}.ProfileE|Win32.ActiveCfg = ProfileE|Win32
		{BC6D7F10-D44C-4581-9925-95C2D1B2D0E3}.ProfileE|Win32.Build.0 = ProfileE|Win32
		{BC6D7F10-D44C-4581-9925-95C2D1B2D0E3}.Release|Win32.ActiveCfg = Release|Win32
		{BC6D7F10-D44C-4581-9925-95C2D1B2D0E3}.Release|Win32.Build.0 = Release|Win32
		{BC6D7F10-D44C-4581-9925-95C2D1B2D0E3}.Template|Win32.ActiveCfg = Template|Win32
		{BC6D7F10-D44C-4581-9925-95C2D1B2D0E3}.Template|Win32.Build.0 = Template|Win32
		{0576F57F-B51F-43D5-8DDA-B53A19A4D111}.Debug|Win32.ActiveCfg = Debug|Win32
		{0576F57F-B51F-43D5-8DDA-B53A19A4D111}.Debug|Win32.Build.0 = Debug|Win32
		{0576F57F-B51F-43D5-8DDA-B53A19A4D111}.DebugE|Win32.ActiveCfg = Debug|Win32
		{0576F57F-B51F-43D5-8DDA-B53A19A4D111}.DebugE|Win32.Build.0 = Debug|Win32
		{0576F57F-B51F-43D5-8DDA-B53A19A4D111}.Hybrid|Win32.ActiveCfg = Internal|Win32
		{0576F57F-B51F-43D5-8DDA-B53A19A4D111}.Hybrid|Win32.Build.0 = Internal|Win32
		{0576F57F-B51F-43D5-8DDA-B53A19A4D111}.Internal|Win32.ActiveCfg = Internal|Win32
		{0576F57F-B51F-43D5-8DDA-B53A19A4D111}.Internal|Win32.Build.0 = Internal|Win32
		{0576F57F-B51F-43D5-8DDA-B53A19A4D111}.Max4Hybrid|Win32.ActiveCfg = Internal|Win32
		{0576F57F-B51F-43D5-8DDA-B53A19A4D111}.Max4Hybrid|Win32.Build.0 = Internal|Win32
		{0576F57F-B51F-43D5-8DDA-B53A19A4D111}.Max4Release|Win32.ActiveCfg = Release|Win32
		{0576F57F-B51F-43D5-8DDA-B53A19A4D111}.Max4Release|Win32.Build.0 = Release|Win32
		{0576F57F-B51F-43D5-8DDA-B53A19A4D111}.Profile|Win32.ActiveCfg = Profile|Win32
		{0576F57F-B51F-43D5-8DDA-B53A19A4D111}.Profile|Win32.Build.0 = Profile|Win32
		{0576F57F-B51F-43D5-8DDA-B53A19A4D111}.ProfileE|Win32.ActiveCfg = Profile|Win32
		{0576F57F-B51F-43D5-8DDA-B53A19A4D111}.ProfileE|Win32.Build.0 = Profile|Win32
		{0576F57F-B51F-43D5-8DDA-B53A19A4D111}.Release|Win32.ActiveCfg = Release|Win32
		{0576F57F-B51F-43D5-8DDA-B53A19A4D111}.Release|Win32.Build.0 = Release|Win32
		{0576F57F-B51F-43D5-8DDA-B53A19A4D111}.Template|Win32.ActiveCfg = Template|Win32
		{0576F57F-B51F-43D5-8DDA-B53A19A4D111}.Template|Win32.Build.0 = Template|Win32
	EndGlobalSection
	GlobalSection(SolutionProperties) = preSolution
		HideSolutionNode = FALSE
	EndGlobalSection
EndGlobal
