
Microsoft Visual Studio Solution File, Format Version 12.00
# Visual Studio Version 17
VisualStudioVersion = 17.12.35707.178
MinimumVisualStudioVersion = 10.0.40219.1
Project("{059D6162-CD51-11D0-AE1F-00A0C90FFFC3}") = "Benchmark", "LIBRARIES\Source\Benchmark\Benchmark.vcxproj", "{631692EF-9439-44FE-BA13-DBA2D5AE9CCC}"
EndProject
Project("{8BC9CEB8-8B4A-11D0-8D11-00A0C91BC942}") = "Compress", "Tools\Compress\Compress.vcxproj", "{26F3A333-CED2-4123-9545-55E4812DC154}"
EndProject
Project("{8BC9CEB8-8B4A-11D0-8D11-00A0C91BC942}") = "Compression", "Libraries\Source\Compression\Compression.vcxproj", "{AA23B423-F8CA-4BEC-8DE7-9EB4B80ECD34}"
EndProject
Project("{8BC9CEB8-8B4A-11D0-8D11-00A0C91BC942}") = "DatGen", "Tools\Launcher\DatGen\DatGen.vcxproj", "{81310DBA-E974-4F27-BED0-D9594381DC81}"
EndProject
Project("{8BC9CEB8-8B4A-11D0-8D11-00A0C91BC942}") = "DebugWindow", "Tools\DebugWindow\DebugWindow.vcxproj", "{95A218A1-DDD9-4214-AC04-AF6463FC00B9}"
EndProject
Project("{8BC9CEB8-8B4A-11D0-8D11-00A0C91BC942}") = "EABrowserDispatch", "Libraries\Source\EABrowserDispatch\EABrowserDispatch.vcxproj", "{965B9F3F-1D20-4DE8-9F11-EAECD7BACF15}"
EndProject
Project("{8BC9CEB8-8B4A-11D0-8D11-00A0C91BC942}") = "GUIEdit", "Tools\GUIEdit\GUIEdit.vcxproj", "{ACB41C4B-C3A2-4F58-9177-B81BA6829EC4}"
EndProject
Project("{8BC9CEB8-8B4A-11D0-8D11-00A0C91BC942}") = "GameEngine", "GameEngine\GameEngine.vcxproj", "{B61A5AAE-E467-4BAA-9DFE-7102B9B2F40C}"
EndProject
Project("{8BC9CEB8-8B4A-11D0-8D11-00A0C91BC942}") = "GameEngineDevice", "GameEngineDevice\GameEngineDevice.vcxproj", "{9F04D776-5CFD-4872-BC18-E743809A2D3C}"
EndProject
Project("{059D6162-CD51-11D0-AE1F-00A0C90FFFC3}") = "GameSpyHTTP", "Libraries\Source\GameSpy\GameSpy\ghttp\GameSpyHTTP.dsp", "{BFC2C44C-7E08-47D7-ADE5-347043796EE3}"
EndProject
Project("{059D6162-CD51-11D0-AE1F-00A0C90FFFC3}") = "GameSpyPatching", "Libraries\Source\GameSpy\GameSpy\pt\GameSpyPatching.dsp", "{72C6FB32-FFE0-43FB-B2DD-1EC1F9500F7E}"
EndProject
Project("{059D6162-CD51-11D0-AE1F-00A0C90FFFC3}") = "GameSpyPeer", "Libraries\Source\GameSpy\GameSpy\peer\GameSpyPeer.dsp", "{75019C8F-D6EF-4B32-98E9-24EE2BECE8A5}"
EndProject
Project("{059D6162-CD51-11D0-AE1F-00A0C90FFFC3}") = "GameSpyPresence", "Libraries\Source\GameSpy\GameSpy\gp\GameSpyPresence.dsp", "{5700CD42-A1A8-47DE-A725-62AE4FFFC08F}"
EndProject
Project("{059D6162-CD51-11D0-AE1F-00A0C90FFFC3}") = "GameSpyStats", "Libraries\Source\GameSpy\GameSpy\gstats\GameSpyStats.dsp", "{520F9B00-17D4-4DD5-A54B-7E6B16B73571}"
EndProject
Project("{8BC9CEB8-8B4A-11D0-8D11-00A0C91BC942}") = "ImagePacker", "Tools\ImagePacker\ImagePacker.vcxproj", "{8D913C48-8981-45F6-AA16-2E427A6093EE}"
EndProject
Project("{8BC9CEB8-8B4A-11D0-8D11-00A0C91BC942}") = "MapCacheBuilder", "Tools\MapCacheBuilder\MapCacheBuilder.vcxproj", "{A88DD0E4-38BC-4F05-9311-48AA63338BCC}"
EndProject
Project("{8BC9CEB8-8B4A-11D0-8D11-00A0C91BC942}") = "ParticleEditor", "Tools\ParticleEditor\ParticleEditor.vcxproj", "{60DEF475-312D-4B4C-91F9-FDA03AB4C7D2}"
EndProject
Project("{8BC9CEB8-8B4A-11D0-8D11-00A0C91BC942}") = "RTS", "RTS.vcxproj", "{AA2F26F4-1E58-4657-B4C4-7C4EA7D7AE80}"
EndProject
Project("{8BC9CEB8-8B4A-11D0-8D11-00A0C91BC942}") = "WWDownload", "Libraries\Source\WWVegas\WWDownload\WWDownload.vcxproj", "{1716D286-3769-42E9-AD76-F141B0A46CA6}"
EndProject
Project("{8BC9CEB8-8B4A-11D0-8D11-00A0C91BC942}") = "WorldBuilder", "Tools\WorldBuilder\WorldBuilder.vcxproj", "{8761F748-F8AC-46D5-B236-F756887BB451}"
EndProject
Project("{8BC9CEB8-8B4A-11D0-8D11-00A0C91BC942}") = "buildVersionUpdate", "Tools\buildVersionUpdate\buildVersionUpdate.vcxproj", "{550B03E7-14A2-4029-A34F-FD4DE9067C00}"
EndProject
Project("{8BC9CEB8-8B4A-11D0-8D11-00A0C91BC942}") = "launcher", "Tools\Launcher\launcher.vcxproj", "{E91B93A8-B5F2-4680-82DD-49568EDD9277}"
EndProject
Project("{8BC9CEB8-8B4A-11D0-8D11-00A0C91BC942}") = "max2w3d", "Tools\WW3D\max2w3d\max2w3d.vcxproj", "{AFE52D2B-082C-4EED-9FE3-97F2C06FBE93}"
EndProject
Project("{8BC9CEB8-8B4A-11D0-8D11-00A0C91BC942}") = "pluglib", "Tools\WW3D\pluglib\pluglib.vcxproj", "{E81CC411-EC02-4D96-94B7-6E9C139E281A}"
EndProject
Project("{8BC9CEB8-8B4A-11D0-8D11-00A0C91BC942}") = "textureCompress", "Tools\textureCompress\textureCompress.vcxproj", "{A8E13F07-48AD-4DB9-90C5-68CD72729655}"
EndProject
Project("{8BC9CEB8-8B4A-11D0-8D11-00A0C91BC942}") = "versionUpdate", "Tools\versionUpdate\versionUpdate.vcxproj", "{9248FCCF-2AA4-42EC-A28D-4A2B5283D341}"
EndProject
Project("{8BC9CEB8-8B4A-11D0-8D11-00A0C91BC942}") = "ww3d2", "Libraries\Source\WWVegas\WW3D2\ww3d2.vcxproj", "{7FB57595-C433-4010-8C72-D85976ECC861}"
EndProject
Project("{8BC9CEB8-8B4A-11D0-8D11-00A0C91BC942}") = "wwdebug", "Libraries\Source\WWVegas\WWDebug\wwdebug.vcxproj", "{8D00A02E-9B8A-4B94-BDFE-CB7D21A1DEA2}"
EndProject
Project("{8BC9CEB8-8B4A-11D0-8D11-00A0C91BC942}") = "wwlib", "Libraries\Source\WWVegas\WWLib\wwlib.vcxproj", "{FB832859-797A-4424-ACC7-803863077EDC}"
EndProject
Project("{8BC9CEB8-8B4A-11D0-8D11-00A0C91BC942}") = "wwmath", "Libraries\Source\WWVegas\WWMath\wwmath.vcxproj", "{B5805F4C-8ACB-4706-A148-79E541283527}"
EndProject
Project("{8BC9CEB8-8B4A-11D0-8D11-00A0C91BC942}") = "wwsaveload", "Libraries\Source\WWVegas\WWSaveLoad\wwsaveload.vcxproj", "{10170C51-B194-4423-A1DC-6D8EA3C67C4C}"
EndProject
Project("{8BC9CEB8-8B4A-11D0-8D11-00A0C91BC942}") = "wwutil", "Libraries\Source\WWVegas\Wwutil\wwutil.vcxproj", "{880DF08C-968C-4CDB-A165-2C439451BBBC}"
EndProject
Global
	GlobalSection(SolutionConfigurationPlatforms) = preSolution
		Debug|Win32 = Debug|Win32
		DebugE|Win32 = DebugE|Win32
		Hybrid|Win32 = Hybrid|Win32
		Internal|Win32 = Internal|Win32
		Max4Hybrid|Win32 = Max4Hybrid|Win32
		Max4Release|Win32 = Max4Release|Win32
		Profile|Win32 = Profile|Win32
		ProfileE|Win32 = ProfileE|Win32
		Release|Win32 = Release|Win32
		Template|Win32 = Template|Win32
	EndGlobalSection
	GlobalSection(ProjectConfigurationPlatforms) = postSolution
		{631692EF-9439-44FE-BA13-DBA2D5AE9CCC}.Debug|Win32.ActiveCfg = Debug|Win32
		{631692EF-9439-44FE-BA13-DBA2D5AE9CCC}.Debug|Win32.Build.0 = Debug|Win32
		{631692EF-9439-44FE-BA13-DBA2D5AE9CCC}.DebugE|Win32.ActiveCfg = Debug|Win32
		{631692EF-9439-44FE-BA13-DBA2D5AE9CCC}.DebugE|Win32.Build.0 = Debug|Win32
		{631692EF-9439-44FE-BA13-DBA2D5AE9CCC}.Hybrid|Win32.ActiveCfg = Debug|Win32
		{631692EF-9439-44FE-BA13-DBA2D5AE9CCC}.Hybrid|Win32.Build.0 = Debug|Win32
		{631692EF-9439-44FE-BA13-DBA2D5AE9CCC}.Internal|Win32.ActiveCfg = Debug|Win32
		{631692EF-9439-44FE-BA13-DBA2D5AE9CCC}.Internal|Win32.Build.0 = Debug|Win32
		{631692EF-9439-44FE-BA13-DBA2D5AE9CCC}.Max4Hybrid|Win32.ActiveCfg = Debug|Win32
		{631692EF-9439-44FE-BA13-DBA2D5AE9CCC}.Max4Hybrid|Win32.Build.0 = Debug|Win32
		{631692EF-9439-44FE-BA13-DBA2D5AE9CCC}.Max4Release|Win32.ActiveCfg = Release|Win32
		{631692EF-9439-44FE-BA13-DBA2D5AE9CCC}.Max4Release|Win32.Build.0 = Release|Win32
		{631692EF-9439-44FE-BA13-DBA2D5AE9CCC}.Profile|Win32.ActiveCfg = Debug|Win32
		{631692EF-9439-44FE-BA13-DBA2D5AE9CCC}.Profile|Win32.Build.0 = Debug|Win32
		{631692EF-9439-44FE-BA13-DBA2D5AE9CCC}.ProfileE|Win32.ActiveCfg = Debug|Win32
		{631692EF-9439-44FE-BA13-DBA2D5AE9CCC}.ProfileE|Win32.Build.0 = Debug|Win32
		{631692EF-9439-44FE-BA13-DBA2D5AE9CCC}.Release|Win32.ActiveCfg = Release|Win32
		{631692EF-9439-44FE-BA13-DBA2D5AE9CCC}.Release|Win32.Build.0 = Release|Win32
		{631692EF-9439-44FE-BA13-DBA2D5AE9CCC}.Template|Win32.ActiveCfg = Debug|Win32
		{631692EF-9439-44FE-BA13-DBA2D5AE9CCC}.Template|Win32.Build.0 = Debug|Win32
		{26F3A333-CED2-4123-9545-55E4812DC154}.Debug|Win32.ActiveCfg = Debug|Win32
		{26F3A333-CED2-4123-9545-55E4812DC154}.Debug|Win32.Build.0 = Debug|Win32
		{26F3A333-CED2-4123-9545-55E4812DC154}.DebugE|Win32.ActiveCfg = Debug|Win32
		{26F3A333-CED2-4123-9545-55E4812DC154}.DebugE|Win32.Build.0 = Debug|Win32
		{26F3A333-CED2-4123-9545-55E4812DC154}.Hybrid|Win32.ActiveCfg = Release|Win32
		{26F3A333-CED2-4123-9545-55E4812DC154}.Hybrid|Win32.Build.0 = Release|Win32
		{26F3A333-CED2-4123-9545-55E4812DC154}.Internal|Win32.ActiveCfg = Release|Win32
		{26F3A333-CED2-4123-9545-55E4812DC154}.Internal|Win32.Build.0 = Release|Win32
		{26F3A333-CED2-4123-9545-55E4812DC154}.Max4Hybrid|Win32.ActiveCfg = Release|Win32
		{26F3A333-CED2-4123-9545-55E4812DC154}.Max4Hybrid|Win32.Build.0 = Release|Win32
		{26F3A333-CED2-4123-9545-55E4812DC154}.Max4Release|Win32.ActiveCfg = Release|Win32
		{26F3A333-CED2-4123-9545-55E4812DC154}.Max4Release|Win32.Build.0 = Release|Win32
		{26F3A333-CED2-4123-9545-55E4812DC154}.Profile|Win32.ActiveCfg = Release|Win32
		{26F3A333-CED2-4123-9545-55E4812DC154}.Profile|Win32.Build.0 = Release|Win32
		{26F3A333-CED2-4123-9545-55E4812DC154}.ProfileE|Win32.ActiveCfg = Release|Win32
		{26F3A333-CED2-4123-9545-55E4812DC154}.ProfileE|Win32.Build.0 = Release|Win32
		{26F3A333-CED2-4123-9545-55E4812DC154}.Release|Win32.ActiveCfg = Release|Win32
		{26F3A333-CED2-4123-9545-55E4812DC154}.Release|Win32.Build.0 = Release|Win32
		{26F3A333-CED2-4123-9545-55E4812DC154}.Template|Win32.ActiveCfg = Release|Win32
		{26F3A333-CED2-4123-9545-55E4812DC154}.Template|Win32.Build.0 = Release|Win32
		{AA23B423-F8CA-4BEC-8DE7-9EB4B80ECD34}.Debug|Win32.ActiveCfg = Debug|Win32
		{AA23B423-F8CA-4BEC-8DE7-9EB4B80ECD34}.Debug|Win32.Build.0 = Debug|Win32
		{AA23B423-F8CA-4BEC-8DE7-9EB4B80ECD34}.DebugE|Win32.ActiveCfg = Debug|Win32
		{AA23B423-F8CA-4BEC-8DE7-9EB4B80ECD34}.DebugE|Win32.Build.0 = Debug|Win32
		{AA23B423-F8CA-4BEC-8DE7-9EB4B80ECD34}.Hybrid|Win32.ActiveCfg = Internal|Win32
		{AA23B423-F8CA-4BEC-8DE7-9EB4B80ECD34}.Hybrid|Win32.Build.0 = Internal|Win32
		{AA23B423-F8CA-4BEC-8DE7-9EB4B80ECD34}.Internal|Win32.ActiveCfg = Internal|Win32
		{AA23B423-F8CA-4BEC-8DE7-9EB4B80ECD34}.Internal|Win32.Build.0 = Internal|Win32
		{AA23B423-F8CA-4BEC-8DE7-9EB4B80ECD34}.Max4Hybrid|Win32.ActiveCfg = Internal|Win32
		{AA23B423-F8CA-4BEC-8DE7-9EB4B80ECD34}.Max4Hybrid|Win32.Build.0 = Internal|Win32
		{AA23B423-F8CA-4BEC-8DE7-9EB4B80ECD34}.Max4Release|Win32.ActiveCfg = Release|Win32
		{AA23B423-F8CA-4BEC-8DE7-9EB4B80ECD34}.Max4Release|Win32.Build.0 = Release|Win32
		{AA23B423-F8CA-4BEC-8DE7-9EB4B80ECD34}.Profile|Win32.ActiveCfg = Internal|Win32
		{AA23B423-F8CA-4BEC-8DE7-9EB4B80ECD34}.Profile|Win32.Build.0 = Internal|Win32
		{AA23B423-F8CA-4BEC-8DE7-9EB4B80ECD34}.ProfileE|Win32.ActiveCfg = Internal|Win32
		{AA23B423-F8CA-4BEC-8DE7-9EB4B80ECD34}.ProfileE|Win32.Build.0 = Internal|Win32
		{AA23B423-F8CA-4BEC-8DE7-9EB4B80ECD34}.Release|Win32.ActiveCfg = Release|Win32
		{AA23B423-F8CA-4BEC-8DE7-9EB4B80ECD34}.Release|Win32.Build.0 = Release|Win32
		{AA23B423-F8CA-4BEC-8DE7-9EB4B80ECD34}.Template|Win32.ActiveCfg = Template|Win32
		{AA23B423-F8CA-4BEC-8DE7-9EB4B80ECD34}.Template|Win32.Build.0 = Template|Win32
		{81310DBA-E974-4F27-BED0-D9594381DC81}.Debug|Win32.ActiveCfg = Debug|Win32
		{81310DBA-E974-4F27-BED0-D9594381DC81}.Debug|Win32.Build.0 = Debug|Win32
		{81310DBA-E974-4F27-BED0-D9594381DC81}.DebugE|Win32.ActiveCfg = Debug|Win32
		{81310DBA-E974-4F27-BED0-D9594381DC81}.DebugE|Win32.Build.0 = Debug|Win32
		{81310DBA-E974-4F27-BED0-D9594381DC81}.Hybrid|Win32.ActiveCfg = Template|Win32
		{81310DBA-E974-4F27-BED0-D9594381DC81}.Hybrid|Win32.Build.0 = Template|Win32
		{81310DBA-E974-4F27-BED0-D9594381DC81}.Internal|Win32.ActiveCfg = Template|Win32
		{81310DBA-E974-4F27-BED0-D9594381DC81}.Internal|Win32.Build.0 = Template|Win32
		{81310DBA-E974-4F27-BED0-D9594381DC81}.Max4Hybrid|Win32.ActiveCfg = Template|Win32
		{81310DBA-E974-4F27-BED0-D9594381DC81}.Max4Hybrid|Win32.Build.0 = Template|Win32
		{81310DBA-E974-4F27-BED0-D9594381DC81}.Max4Release|Win32.ActiveCfg = Release|Win32
		{81310DBA-E974-4F27-BED0-D9594381DC81}.Max4Release|Win32.Build.0 = Release|Win32
		{81310DBA-E974-4F27-BED0-D9594381DC81}.Profile|Win32.ActiveCfg = Template|Win32
		{81310DBA-E974-4F27-BED0-D9594381DC81}.Profile|Win32.Build.0 = Template|Win32
		{81310DBA-E974-4F27-BED0-D9594381DC81}.ProfileE|Win32.ActiveCfg = Template|Win32
		{81310DBA-E974-4F27-BED0-D9594381DC81}.ProfileE|Win32.Build.0 = Template|Win32
		{81310DBA-E974-4F27-BED0-D9594381DC81}.Release|Win32.ActiveCfg = Release|Win32
		{81310DBA-E974-4F27-BED0-D9594381DC81}.Release|Win32.Build.0 = Release|Win32
		{81310DBA-E974-4F27-BED0-D9594381DC81}.Template|Win32.ActiveCfg = Template|Win32
		{81310DBA-E974-4F27-BED0-D9594381DC81}.Template|Win32.Build.0 = Template|Win32
		{95A218A1-DDD9-4214-AC04-AF6463FC00B9}.Debug|Win32.ActiveCfg = Debug|Win32
		{95A218A1-DDD9-4214-AC04-AF6463FC00B9}.Debug|Win32.Build.0 = Debug|Win32
		{95A218A1-DDD9-4214-AC04-AF6463FC00B9}.DebugE|Win32.ActiveCfg = Debug|Win32
		{95A218A1-DDD9-4214-AC04-AF6463FC00B9}.DebugE|Win32.Build.0 = Debug|Win32
		{95A218A1-DDD9-4214-AC04-AF6463FC00B9}.Hybrid|Win32.ActiveCfg = Template|Win32
		{95A218A1-DDD9-4214-AC04-AF6463FC00B9}.Hybrid|Win32.Build.0 = Template|Win32
		{95A218A1-DDD9-4214-AC04-AF6463FC00B9}.Internal|Win32.ActiveCfg = Template|Win32
		{95A218A1-DDD9-4214-AC04-AF6463FC00B9}.Internal|Win32.Build.0 = Template|Win32
		{95A218A1-DDD9-4214-AC04-AF6463FC00B9}.Max4Hybrid|Win32.ActiveCfg = Template|Win32
		{95A218A1-DDD9-4214-AC04-AF6463FC00B9}.Max4Hybrid|Win32.Build.0 = Template|Win32
		{95A218A1-DDD9-4214-AC04-AF6463FC00B9}.Max4Release|Win32.ActiveCfg = Release|Win32
		{95A218A1-DDD9-4214-AC04-AF6463FC00B9}.Max4Release|Win32.Build.0 = Release|Win32
		{95A218A1-DDD9-4214-AC04-AF6463FC00B9}.Profile|Win32.ActiveCfg = Template|Win32
		{95A218A1-DDD9-4214-AC04-AF6463FC00B9}.Profile|Win32.Build.0 = Template|Win32
		{95A218A1-DDD9-4214-AC04-AF6463FC00B9}.ProfileE|Win32.ActiveCfg = Template|Win32
		{95A218A1-DDD9-4214-AC04-AF6463FC00B9}.ProfileE|Win32.Build.0 = Template|Win32
		{95A218A1-DDD9-4214-AC04-AF6463FC00B9}.Release|Win32.ActiveCfg = Release|Win32
		{95A218A1-DDD9-4214-AC04-AF6463FC00B9}.Release|Win32.Build.0 = Release|Win32
		{95A218A1-DDD9-4214-AC04-AF6463FC00B9}.Template|Win32.ActiveCfg = Template|Win32
		{95A218A1-DDD9-4214-AC04-AF6463FC00B9}.Template|Win32.Build.0 = Template|Win32
		{965B9F3F-1D20-4DE8-9F11-EAECD7BACF15}.Debug|Win32.ActiveCfg = Debug|Win32
		{965B9F3F-1D20-4DE8-9F11-EAECD7BACF15}.Debug|Win32.Build.0 = Debug|Win32
		{965B9F3F-1D20-4DE8-9F11-EAECD7BACF15}.DebugE|Win32.ActiveCfg = Debug|Win32
		{965B9F3F-1D20-4DE8-9F11-EAECD7BACF15}.DebugE|Win32.Build.0 = Debug|Win32
		{965B9F3F-1D20-4DE8-9F11-EAECD7BACF15}.Hybrid|Win32.ActiveCfg = Internal|Win32
		{965B9F3F-1D20-4DE8-9F11-EAECD7BACF15}.Hybrid|Win32.Build.0 = Internal|Win32
		{965B9F3F-1D20-4DE8-9F11-EAECD7BACF15}.Internal|Win32.ActiveCfg = Internal|Win32
		{965B9F3F-1D20-4DE8-9F11-EAECD7BACF15}.Internal|Win32.Build.0 = Internal|Win32
		{965B9F3F-1D20-4DE8-9F11-EAECD7BACF15}.Max4Hybrid|Win32.ActiveCfg = Internal|Win32
		{965B9F3F-1D20-4DE8-9F11-EAECD7BACF15}.Max4Hybrid|Win32.Build.0 = Internal|Win32
		{965B9F3F-1D20-4DE8-9F11-EAECD7BACF15}.Max4Release|Win32.ActiveCfg = Release|Win32
		{965B9F3F-1D20-4DE8-9F11-EAECD7BACF15}.Max4Release|Win32.Build.0 = Release|Win32
		{965B9F3F-1D20-4DE8-9F11-EAECD7BACF15}.Profile|Win32.ActiveCfg = Internal|Win32
		{965B9F3F-1D20-4DE8-9F11-EAECD7BACF15}.Profile|Win32.Build.0 = Internal|Win32
		{965B9F3F-1D20-4DE8-9F11-EAECD7BACF15}.ProfileE|Win32.ActiveCfg = Internal|Win32
		{965B9F3F-1D20-4DE8-9F11-EAECD7BACF15}.ProfileE|Win32.Build.0 = Internal|Win32
		{965B9F3F-1D20-4DE8-9F11-EAECD7BACF15}.Release|Win32.ActiveCfg = Release|Win32
		{965B9F3F-1D20-4DE8-9F11-EAECD7BACF15}.Release|Win32.Build.0 = Release|Win32
		{965B9F3F-1D20-4DE8-9F11-EAECD7BACF15}.Template|Win32.ActiveCfg = Template|Win32
		{965B9F3F-1D20-4DE8-9F11-EAECD7BACF15}.Template|Win32.Build.0 = Template|Win32
		{ACB41C4B-C3A2-4F58-9177-B81BA6829EC4}.Debug|Win32.ActiveCfg = Debug|Win32
		{ACB41C4B-C3A2-4F58-9177-B81BA6829EC4}.Debug|Win32.Build.0 = Debug|Win32
		{ACB41C4B-C3A2-4F58-9177-B81BA6829EC4}.DebugE|Win32.ActiveCfg = Debug|Win32
		{ACB41C4B-C3A2-4F58-9177-B81BA6829EC4}.DebugE|Win32.Build.0 = Debug|Win32
		{ACB41C4B-C3A2-4F58-9177-B81BA6829EC4}.Hybrid|Win32.ActiveCfg = Internal|Win32
		{ACB41C4B-C3A2-4F58-9177-B81BA6829EC4}.Hybrid|Win32.Build.0 = Internal|Win32
		{ACB41C4B-C3A2-4F58-9177-B81BA6829EC4}.Internal|Win32.ActiveCfg = Internal|Win32
		{ACB41C4B-C3A2-4F58-9177-B81BA6829EC4}.Internal|Win32.Build.0 = Internal|Win32
		{ACB41C4B-C3A2-4F58-9177-B81BA6829EC4}.Max4Hybrid|Win32.ActiveCfg = Internal|Win32
		{ACB41C4B-C3A2-4F58-9177-B81BA6829EC4}.Max4Hybrid|Win32.Build.0 = Internal|Win32
		{ACB41C4B-C3A2-4F58-9177-B81BA6829EC4}.Max4Release|Win32.ActiveCfg = Release|Win32
		{ACB41C4B-C3A2-4F58-9177-B81BA6829EC4}.Max4Release|Win32.Build.0 = Release|Win32
		{ACB41C4B-C3A2-4F58-9177-B81BA6829EC4}.Profile|Win32.ActiveCfg = Internal|Win32
		{ACB41C4B-C3A2-4F58-9177-B81BA6829EC4}.Profile|Win32.Build.0 = Internal|Win32
		{ACB41C4B-C3A2-4F58-9177-B81BA6829EC4}.ProfileE|Win32.ActiveCfg = Internal|Win32
		{ACB41C4B-C3A2-4F58-9177-B81BA6829EC4}.ProfileE|Win32.Build.0 = Internal|Win32
		{ACB41C4B-C3A2-4F58-9177-B81BA6829EC4}.Release|Win32.ActiveCfg = Release|Win32
		{ACB41C4B-C3A2-4F58-9177-B81BA6829EC4}.Release|Win32.Build.0 = Release|Win32
		{ACB41C4B-C3A2-4F58-9177-B81BA6829EC4}.Template|Win32.ActiveCfg = Template|Win32
		{ACB41C4B-C3A2-4F58-9177-B81BA6829EC4}.Template|Win32.Build.0 = Template|Win32
		{B61A5AAE-E467-4BAA-9DFE-7102B9B2F40C}.Debug|Win32.ActiveCfg = Debug|Win32
		{B61A5AAE-E467-4BAA-9DFE-7102B9B2F40C}.Debug|Win32.Build.0 = Debug|Win32
		{B61A5AAE-E467-4BAA-9DFE-7102B9B2F40C}.DebugE|Win32.ActiveCfg = Debug|Win32
		{B61A5AAE-E467-4BAA-9DFE-7102B9B2F40C}.DebugE|Win32.Build.0 = Debug|Win32
		{B61A5AAE-E467-4BAA-9DFE-7102B9B2F40C}.Hybrid|Win32.ActiveCfg = Internal|Win32
		{B61A5AAE-E467-4BAA-9DFE-7102B9B2F40C}.Hybrid|Win32.Build.0 = Internal|Win32
		{B61A5AAE-E467-4BAA-9DFE-7102B9B2F40C}.Internal|Win32.ActiveCfg = Internal|Win32
		{B61A5AAE-E467-4BAA-9DFE-7102B9B2F40C}.Internal|Win32.Build.0 = Internal|Win32
		{B61A5AAE-E467-4BAA-9DFE-7102B9B2F40C}.Max4Hybrid|Win32.ActiveCfg = Internal|Win32
		{B61A5AAE-E467-4BAA-9DFE-7102B9B2F40C}.Max4Hybrid|Win32.Build.0 = Internal|Win32
		{B61A5AAE-E467-4BAA-9DFE-7102B9B2F40C}.Max4Release|Win32.ActiveCfg = Release|Win32
		{B61A5AAE-E467-4BAA-9DFE-7102B9B2F40C}.Max4Release|Win32.Build.0 = Release|Win32
		{B61A5AAE-E467-4BAA-9DFE-7102B9B2F40C}.Profile|Win32.ActiveCfg = Internal|Win32
		{B61A5AAE-E467-4BAA-9DFE-7102B9B2F40C}.Profile|Win32.Build.0 = Internal|Win32
		{B61A5AAE-E467-4BAA-9DFE-7102B9B2F40C}.ProfileE|Win32.ActiveCfg = Internal|Win32
		{B61A5AAE-E467-4BAA-9DFE-7102B9B2F40C}.ProfileE|Win32.Build.0 = Internal|Win32
		{B61A5AAE-E467-4BAA-9DFE-7102B9B2F40C}.Release|Win32.ActiveCfg = Release|Win32
		{B61A5AAE-E467-4BAA-9DFE-7102B9B2F40C}.Release|Win32.Build.0 = Release|Win32
		{B61A5AAE-E467-4BAA-9DFE-7102B9B2F40C}.Template|Win32.ActiveCfg = Template|Win32
		{B61A5AAE-E467-4BAA-9DFE-7102B9B2F40C}.Template|Win32.Build.0 = Template|Win32
		{9F04D776-5CFD-4872-BC18-E743809A2D3C}.Debug|Win32.ActiveCfg = Debug|Win32
		{9F04D776-5CFD-4872-BC18-E743809A2D3C}.Debug|Win32.Build.0 = Debug|Win32
		{9F04D776-5CFD-4872-BC18-E743809A2D3C}.DebugE|Win32.ActiveCfg = Debug|Win32
		{9F04D776-5CFD-4872-BC18-E743809A2D3C}.DebugE|Win32.Build.0 = Debug|Win32
		{9F04D776-5CFD-4872-BC18-E743809A2D3C}.Hybrid|Win32.ActiveCfg = Internal|Win32
		{9F04D776-5CFD-4872-BC18-E743809A2D3C}.Hybrid|Win32.Build.0 = Internal|Win32
		{9F04D776-5CFD-4872-BC18-E743809A2D3C}.Internal|Win32.ActiveCfg = Internal|Win32
		{9F04D776-5CFD-4872-BC18-E743809A2D3C}.Internal|Win32.Build.0 = Internal|Win32
		{9F04D776-5CFD-4872-BC18-E743809A2D3C}.Max4Hybrid|Win32.ActiveCfg = Internal|Win32
		{9F04D776-5CFD-4872-BC18-E743809A2D3C}.Max4Hybrid|Win32.Build.0 = Internal|Win32
		{9F04D776-5CFD-4872-BC18-E743809A2D3C}.Max4Release|Win32.ActiveCfg = Release|Win32
		{9F04D776-5CFD-4872-BC18-E743809A2D3C}.Max4Release|Win32.Build.0 = Release|Win32
		{9F04D776-5CFD-4872-BC18-E743809A2D3C}.Profile|Win32.ActiveCfg = Internal|Win32
		{9F04D776-5CFD-4872-BC18-E743809A2D3C}.Profile|Win32.Build.0 = Internal|Win32
		{9F04D776-5CFD-4872-BC18-E743809A2D3C}.ProfileE|Win32.ActiveCfg = Internal|Win32
		{9F04D776-5CFD-4872-BC18-E743809A2D3C}.ProfileE|Win32.Build.0 = Internal|Win32
		{9F04D776-5CFD-4872-BC18-E743809A2D3C}.Release|Win32.ActiveCfg = Release|Win32
		{9F04D776-5CFD-4872-BC18-E743809A2D3C}.Release|Win32.Build.0 = Release|Win32
		{9F04D776-5CFD-4872-BC18-E743809A2D3C}.Template|Win32.ActiveCfg = Template|Win32
		{9F04D776-5CFD-4872-BC18-E743809A2D3C}.Template|Win32.Build.0 = Template|Win32
		{8D913C48-8981-45F6-AA16-2E427A6093EE}.Debug|Win32.ActiveCfg = Debug|Win32
		{8D913C48-8981-45F6-AA16-2E427A6093EE}.Debug|Win32.Build.0 = Debug|Win32
		{8D913C48-8981-45F6-AA16-2E427A6093EE}.DebugE|Win32.ActiveCfg = Debug|Win32
		{8D913C48-8981-45F6-AA16-2E427A6093EE}.DebugE|Win32.Build.0 = Debug|Win32
		{8D913C48-8981-45F6-AA16-2E427A6093EE}.Hybrid|Win32.ActiveCfg = Internal|Win32
		{8D913C48-8981-45F6-AA16-2E427A6093EE}.Hybrid|Win32.Build.0 = Internal|Win32
		{8D913C48-8981-45F6-AA16-2E427A6093EE}.Internal|Win32.ActiveCfg = Internal|Win32
		{8D913C48-8981-45F6-AA16-2E427A6093EE}.Internal|Win32.Build.0 = Internal|Win32
		{8D913C48-8981-45F6-AA16-2E427A6093EE}.Max4Hybrid|Win32.ActiveCfg = Internal|Win32
		{8D913C48-8981-45F6-AA16-2E427A6093EE}.Max4Hybrid|Win32.Build.0 = Internal|Win32
		{8D913C48-8981-45F6-AA16-2E427A6093EE}.Max4Release|Win32.ActiveCfg = Release|Win32
		{8D913C48-8981-45F6-AA16-2E427A6093EE}.Max4Release|Win32.Build.0 = Release|Win32
		{8D913C48-8981-45F6-AA16-2E427A6093EE}.Profile|Win32.ActiveCfg = Internal|Win32
		{8D913C48-8981-45F6-AA16-2E427A6093EE}.Profile|Win32.Build.0 = Internal|Win32
		{8D913C48-8981-45F6-AA16-2E427A6093EE}.ProfileE|Win32.ActiveCfg = Internal|Win32
		{8D913C48-8981-45F6-AA16-2E427A6093EE}.ProfileE|Win32.Build.0 = Internal|Win32
		{8D913C48-8981-45F6-AA16-2E427A6093EE}.Release|Win32.ActiveCfg = Release|Win32
		{8D913C48-8981-45F6-AA16-2E427A6093EE}.Release|Win32.Build.0 = Release|Win32
		{8D913C48-8981-45F6-AA16-2E427A6093EE}.Template|Win32.ActiveCfg = Template|Win32
		{8D913C48-8981-45F6-AA16-2E427A6093EE}.Template|Win32.Build.0 = Template|Win32
		{A88DD0E4-38BC-4F05-9311-48AA63338BCC}.Debug|Win32.ActiveCfg = Debug|Win32
		{A88DD0E4-38BC-4F05-9311-48AA63338BCC}.Debug|Win32.Build.0 = Debug|Win32
		{A88DD0E4-38BC-4F05-9311-48AA63338BCC}.DebugE|Win32.ActiveCfg = Debug|Win32
		{A88DD0E4-38BC-4F05-9311-48AA63338BCC}.DebugE|Win32.Build.0 = Debug|Win32
		{A88DD0E4-38BC-4F05-9311-48AA63338BCC}.Hybrid|Win32.ActiveCfg = Internal|Win32
		{A88DD0E4-38BC-4F05-9311-48AA63338BCC}.Hybrid|Win32.Build.0 = Internal|Win32
		{A88DD0E4-38BC-4F05-9311-48AA63338BCC}.Internal|Win32.ActiveCfg = Internal|Win32
		{A88DD0E4-38BC-4F05-9311-48AA63338BCC}.Internal|Win32.Build.0 = Internal|Win32
		{A88DD0E4-38BC-4F05-9311-48AA63338BCC}.Max4Hybrid|Win32.ActiveCfg = Internal|Win32
		{A88DD0E4-38BC-4F05-9311-48AA63338BCC}.Max4Hybrid|Win32.Build.0 = Internal|Win32
		{A88DD0E4-38BC-4F05-9311-48AA63338BCC}.Max4Release|Win32.ActiveCfg = Release|Win32
		{A88DD0E4-38BC-4F05-9311-48AA63338BCC}.Max4Release|Win32.Build.0 = Release|Win32
		{A88DD0E4-38BC-4F05-9311-48AA63338BCC}.Profile|Win32.ActiveCfg = Internal|Win32
		{A88DD0E4-38BC-4F05-9311-48AA63338BCC}.Profile|Win32.Build.0 = Internal|Win32
		{A88DD0E4-38BC-4F05-9311-48AA63338BCC}.ProfileE|Win32.ActiveCfg = Internal|Win32
		{A88DD0E4-38BC-4F05-9311-48AA63338BCC}.ProfileE|Win32.Build.0 = Internal|Win32
		{A88DD0E4-38BC-4F05-9311-48AA63338BCC}.Release|Win32.ActiveCfg = Release|Win32
		{A88DD0E4-38BC-4F05-9311-48AA63338BCC}.Release|Win32.Build.0 = Release|Win32
		{A88DD0E4-38BC-4F05-9311-48AA63338BCC}.Template|Win32.ActiveCfg = Template|Win32
		{A88DD0E4-38BC-4F05-9311-48AA63338BCC}.Template|Win32.Build.0 = Template|Win32
		{60DEF475-312D-4B4C-91F9-FDA03AB4C7D2}.Debug|Win32.ActiveCfg = Debug|Win32
		{60DEF475-312D-4B4C-91F9-FDA03AB4C7D2}.Debug|Win32.Build.0 = Debug|Win32
		{60DEF475-312D-4B4C-91F9-FDA03AB4C7D2}.DebugE|Win32.ActiveCfg = Debug|Win32
		{60DEF475-312D-4B4C-91F9-FDA03AB4C7D2}.DebugE|Win32.Build.0 = Debug|Win32
		{60DEF475-312D-4B4C-91F9-FDA03AB4C7D2}.Hybrid|Win32.ActiveCfg = Template|Win32
		{60DEF475-312D-4B4C-91F9-FDA03AB4C7D2}.Hybrid|Win32.Build.0 = Template|Win32
		{60DEF475-312D-4B4C-91F9-FDA03AB4C7D2}.Internal|Win32.ActiveCfg = Template|Win32
		{60DEF475-312D-4B4C-91F9-FDA03AB4C7D2}.Internal|Win32.Build.0 = Template|Win32
		{60DEF475-312D-4B4C-91F9-FDA03AB4C7D2}.Max4Hybrid|Win32.ActiveCfg = Template|Win32
		{60DEF475-312D-4B4C-91F9-FDA03AB4C7D2}.Max4Hybrid|Win32.Build.0 = Template|Win32
		{60DEF475-312D-4B4C-91F9-FDA03AB4C7D2}.Max4Release|Win32.ActiveCfg = Release|Win32
		{60DEF475-312D-4B4C-91F9-FDA03AB4C7D2}.Max4Release|Win32.Build.0 = Release|Win32
		{60DEF475-312D-4B4C-91F9-FDA03AB4C7D2}.Profile|Win32.ActiveCfg = Template|Win32
		{60DEF475-312D-4B4C-91F9-FDA03AB4C7D2}.Profile|Win32.Build.0 = Template|Win32
		{60DEF475-312D-4B4C-91F9-FDA03AB4C7D2}.ProfileE|Win32.ActiveCfg = Template|Win32
		{60DEF475-312D-4B4C-91F9-FDA03AB4C7D2}.ProfileE|Win32.Build.0 = Template|Win32
		{60DEF475-312D-4B4C-91F9-FDA03AB4C7D2}.Release|Win32.ActiveCfg = Release|Win32
		{60DEF475-312D-4B4C-91F9-FDA03AB4C7D2}.Release|Win32.Build.0 = Release|Win32
		{60DEF475-312D-4B4C-91F9-FDA03AB4C7D2}.Template|Win32.ActiveCfg = Template|Win32
		{60DEF475-312D-4B4C-91F9-FDA03AB4C7D2}.Template|Win32.Build.0 = Template|Win32
		{AA2F26F4-1E58-4657-B4C4-7C4EA7D7AE80}.Debug|Win32.ActiveCfg = Debug|Win32
		{AA2F26F4-1E58-4657-B4C4-7C4EA7D7AE80}.Debug|Win32.Build.0 = Debug|Win32
		{AA2F26F4-1E58-4657-B4C4-7C4EA7D7AE80}.DebugE|Win32.ActiveCfg = Debug|Win32
		{AA2F26F4-1E58-4657-B4C4-7C4EA7D7AE80}.DebugE|Win32.Build.0 = Debug|Win32
		{AA2F26F4-1E58-4657-B4C4-7C4EA7D7AE80}.Hybrid|Win32.ActiveCfg = Internal|Win32
		{AA2F26F4-1E58-4657-B4C4-7C4EA7D7AE80}.Hybrid|Win32.Build.0 = Internal|Win32
		{AA2F26F4-1E58-4657-B4C4-7C4EA7D7AE80}.Internal|Win32.ActiveCfg = Internal|Win32
		{AA2F26F4-1E58-4657-B4C4-7C4EA7D7AE80}.Internal|Win32.Build.0 = Internal|Win32
		{AA2F26F4-1E58-4657-B4C4-7C4EA7D7AE80}.Max4Hybrid|Win32.ActiveCfg = Internal|Win32
		{AA2F26F4-1E58-4657-B4C4-7C4EA7D7AE80}.Max4Hybrid|Win32.Build.0 = Internal|Win32
		{AA2F26F4-1E58-4657-B4C4-7C4EA7D7AE80}.Max4Release|Win32.ActiveCfg = Release|Win32
		{AA2F26F4-1E58-4657-B4C4-7C4EA7D7AE80}.Max4Release|Win32.Build.0 = Release|Win32
		{AA2F26F4-1E58-4657-B4C4-7C4EA7D7AE80}.Profile|Win32.ActiveCfg = Internal|Win32
		{AA2F26F4-1E58-4657-B4C4-7C4EA7D7AE80}.Profile|Win32.Build.0 = Internal|Win32
		{AA2F26F4-1E58-4657-B4C4-7C4EA7D7AE80}.ProfileE|Win32.ActiveCfg = Internal|Win32
		{AA2F26F4-1E58-4657-B4C4-7C4EA7D7AE80}.ProfileE|Win32.Build.0 = Internal|Win32
		{AA2F26F4-1E58-4657-B4C4-7C4EA7D7AE80}.Release|Win32.ActiveCfg = Release|Win32
		{AA2F26F4-1E58-4657-B4C4-7C4EA7D7AE80}.Release|Win32.Build.0 = Release|Win32
		{AA2F26F4-1E58-4657-B4C4-7C4EA7D7AE80}.Template|Win32.ActiveCfg = Template|Win32
		{AA2F26F4-1E58-4657-B4C4-7C4EA7D7AE80}.Template|Win32.Build.0 = Template|Win32
		{1716D286-3769-42E9-AD76-F141B0A46CA6}.Debug|Win32.ActiveCfg = Debug|Win32
		{1716D286-3769-42E9-AD76-F141B0A46CA6}.Debug|Win32.Build.0 = Debug|Win32
		{1716D286-3769-42E9-AD76-F141B0A46CA6}.DebugE|Win32.ActiveCfg = Debug|Win32
		{1716D286-3769-42E9-AD76-F141B0A46CA6}.DebugE|Win32.Build.0 = Debug|Win32
		{1716D286-3769-42E9-AD76-F141B0A46CA6}.Hybrid|Win32.ActiveCfg = Internal|Win32
		{1716D286-3769-42E9-AD76-F141B0A46CA6}.Hybrid|Win32.Build.0 = Internal|Win32
		{1716D286-3769-42E9-AD76-F141B0A46CA6}.Internal|Win32.ActiveCfg = Internal|Win32
		{1716D286-3769-42E9-AD76-F141B0A46CA6}.Internal|Win32.Build.0 = Internal|Win32
		{1716D286-3769-42E9-AD76-F141B0A46CA6}.Max4Hybrid|Win32.ActiveCfg = Internal|Win32
		{1716D286-3769-42E9-AD76-F141B0A46CA6}.Max4Hybrid|Win32.Build.0 = Internal|Win32
		{1716D286-3769-42E9-AD76-F141B0A46CA6}.Max4Release|Win32.ActiveCfg = Release|Win32
		{1716D286-3769-42E9-AD76-F141B0A46CA6}.Max4Release|Win32.Build.0 = Release|Win32
		{1716D286-3769-42E9-AD76-F141B0A46CA6}.Profile|Win32.ActiveCfg = Internal|Win32
		{1716D286-3769-42E9-AD76-F141B0A46CA6}.Profile|Win32.Build.0 = Internal|Win32
		{1716D286-3769-42E9-AD76-F141B0A46CA6}.ProfileE|Win32.ActiveCfg = Internal|Win32
		{1716D286-3769-42E9-AD76-F141B0A46CA6}.ProfileE|Win32.Build.0 = Internal|Win32
		{1716D286-3769-42E9-AD76-F141B0A46CA6}.Release|Win32.ActiveCfg = Release|Win32
		{1716D286-3769-42E9-AD76-F141B0A46CA6}.Release|Win32.Build.0 = Release|Win32
		{1716D286-3769-42E9-AD76-F141B0A46CA6}.Template|Win32.ActiveCfg = Template|Win32
		{1716D286-3769-42E9-AD76-F141B0A46CA6}.Template|Win32.Build.0 = Template|Win32
		{8761F748-F8AC-46D5-B236-F756887BB451}.Debug|Win32.ActiveCfg = Debug|Win32
		{8761F748-F8AC-46D5-B236-F756887BB451}.Debug|Win32.Build.0 = Debug|Win32
		{8761F748-F8AC-46D5-B236-F756887BB451}.DebugE|Win32.ActiveCfg = Debug|Win32
		{8761F748-F8AC-46D5-B236-F756887BB451}.DebugE|Win32.Build.0 = Debug|Win32
		{8761F748-F8AC-46D5-B236-F756887BB451}.Hybrid|Win32.ActiveCfg = Internal|Win32
		{8761F748-F8AC-46D5-B236-F756887BB451}.Hybrid|Win32.Build.0 = Internal|Win32
		{8761F748-F8AC-46D5-B236-F756887BB451}.Internal|Win32.ActiveCfg = Internal|Win32
		{8761F748-F8AC-46D5-B236-F756887BB451}.Internal|Win32.Build.0 = Internal|Win32
		{8761F748-F8AC-46D5-B236-F756887BB451}.Max4Hybrid|Win32.ActiveCfg = Internal|Win32
		{8761F748-F8AC-46D5-B236-F756887BB451}.Max4Hybrid|Win32.Build.0 = Internal|Win32
		{8761F748-F8AC-46D5-B236-F756887BB451}.Max4Release|Win32.ActiveCfg = Release|Win32
		{8761F748-F8AC-46D5-B236-F756887BB451}.Max4Release|Win32.Build.0 = Release|Win32
		{8761F748-F8AC-46D5-B236-F756887BB451}.Profile|Win32.ActiveCfg = Internal|Win32
		{8761F748-F8AC-46D5-B236-F756887BB451}.Profile|Win32.Build.0 = Internal|Win32
		{8761F748-F8AC-46D5-B236-F756887BB451}.ProfileE|Win32.ActiveCfg = Internal|Win32
		{8761F748-F8AC-46D5-B236-F756887BB451}.ProfileE|Win32.Build.0 = Internal|Win32
		{8761F748-F8AC-46D5-B236-F756887BB451}.Release|Win32.ActiveCfg = Release|Win32
		{8761F748-F8AC-46D5-B236-F756887BB451}.Release|Win32.Build.0 = Release|Win32
		{8761F748-F8AC-46D5-B236-F756887BB451}.Template|Win32.ActiveCfg = Template|Win32
		{8761F748-F8AC-46D5-B236-F756887BB451}.Template|Win32.Build.0 = Template|Win32
		{550B03E7-14A2-4029-A34F-FD4DE9067C00}.Debug|Win32.ActiveCfg = Debug|Win32
		{550B03E7-14A2-4029-A34F-FD4DE9067C00}.Debug|Win32.Build.0 = Debug|Win32
		{550B03E7-14A2-4029-A34F-FD4DE9067C00}.DebugE|Win32.ActiveCfg = Debug|Win32
		{550B03E7-14A2-4029-A34F-FD4DE9067C00}.DebugE|Win32.Build.0 = Debug|Win32
		{550B03E7-14A2-4029-A34F-FD4DE9067C00}.Hybrid|Win32.ActiveCfg = Template|Win32
		{550B03E7-14A2-4029-A34F-FD4DE9067C00}.Hybrid|Win32.Build.0 = Template|Win32
		{550B03E7-14A2-4029-A34F-FD4DE9067C00}.Internal|Win32.ActiveCfg = Template|Win32
		{550B03E7-14A2-4029-A34F-FD4DE9067C00}.Internal|Win32.Build.0 = Template|Win32
		{550B03E7-14A2-4029-A34F-FD4DE9067C00}.Max4Hybrid|Win32.ActiveCfg = Template|Win32
		{550B03E7-14A2-4029-A34F-FD4DE9067C00}.Max4Hybrid|Win32.Build.0 = Template|Win32
		{550B03E7-14A2-4029-A34F-FD4DE9067C00}.Max4Release|Win32.ActiveCfg = Release|Win32
		{550B03E7-14A2-4029-A34F-FD4DE9067C00}.Max4Release|Win32.Build.0 = Release|Win32
		{550B03E7-14A2-4029-A34F-FD4DE9067C00}.Profile|Win32.ActiveCfg = Template|Win32
		{550B03E7-14A2-4029-A34F-FD4DE9067C00}.Profile|Win32.Build.0 = Template|Win32
		{550B03E7-14A2-4029-A34F-FD4DE9067C00}.ProfileE|Win32.ActiveCfg = Template|Win32
		{550B03E7-14A2-4029-A34F-FD4DE9067C00}.ProfileE|Win32.Build.0 = Template|Win32
		{550B03E7-14A2-4029-A34F-FD4DE9067C00}.Release|Win32.ActiveCfg = Release|Win32
		{550B03E7-14A2-4029-A34F-FD4DE9067C00}.Release|Win32.Build.0 = Release|Win32
		{550B03E7-14A2-4029-A34F-FD4DE9067C00}.Template|Win32.ActiveCfg = Template|Win32
		{550B03E7-14A2-4029-A34F-FD4DE9067C00}.Template|Win32.Build.0 = Template|Win32
		{E91B93A8-B5F2-4680-82DD-49568EDD9277}.Debug|Win32.ActiveCfg = Debug|Win32
		{E91B93A8-B5F2-4680-82DD-49568EDD9277}.Debug|Win32.Build.0 = Debug|Win32
		{E91B93A8-B5F2-4680-82DD-49568EDD9277}.DebugE|Win32.ActiveCfg = Debug|Win32
		{E91B93A8-B5F2-4680-82DD-49568EDD9277}.DebugE|Win32.Build.0 = Debug|Win32
		{E91B93A8-B5F2-4680-82DD-49568EDD9277}.Hybrid|Win32.ActiveCfg = Template|Win32
		{E91B93A8-B5F2-4680-82DD-49568EDD9277}.Hybrid|Win32.Build.0 = Template|Win32
		{E91B93A8-B5F2-4680-82DD-49568EDD9277}.Internal|Win32.ActiveCfg = Template|Win32
		{E91B93A8-B5F2-4680-82DD-49568EDD9277}.Internal|Win32.Build.0 = Template|Win32
		{E91B93A8-B5F2-4680-82DD-49568EDD9277}.Max4Hybrid|Win32.ActiveCfg = Template|Win32
		{E91B93A8-B5F2-4680-82DD-49568EDD9277}.Max4Hybrid|Win32.Build.0 = Template|Win32
		{E91B93A8-B5F2-4680-82DD-49568EDD9277}.Max4Release|Win32.ActiveCfg = Release|Win32
		{E91B93A8-B5F2-4680-82DD-49568EDD9277}.Max4Release|Win32.Build.0 = Release|Win32
		{E91B93A8-B5F2-4680-82DD-49568EDD9277}.Profile|Win32.ActiveCfg = Template|Win32
		{E91B93A8-B5F2-4680-82DD-49568EDD9277}.Profile|Win32.Build.0 = Template|Win32
		{E91B93A8-B5F2-4680-82DD-49568EDD9277}.ProfileE|Win32.ActiveCfg = Template|Win32
		{E91B93A8-B5F2-4680-82DD-49568EDD9277}.ProfileE|Win32.Build.0 = Template|Win32
		{E91B93A8-B5F2-4680-82DD-49568EDD9277}.Release|Win32.ActiveCfg = Release|Win32
		{E91B93A8-B5F2-4680-82DD-49568EDD9277}.Release|Win32.Build.0 = Release|Win32
		{E91B93A8-B5F2-4680-82DD-49568EDD9277}.Template|Win32.ActiveCfg = Template|Win32
		{E91B93A8-B5F2-4680-82DD-49568EDD9277}.Template|Win32.Build.0 = Template|Win32
		{AFE52D2B-082C-4EED-9FE3-97F2C06FBE93}.Debug|Win32.ActiveCfg = Debug|Win32
		{AFE52D2B-082C-4EED-9FE3-97F2C06FBE93}.Debug|Win32.Build.0 = Debug|Win32
		{AFE52D2B-082C-4EED-9FE3-97F2C06FBE93}.DebugE|Win32.ActiveCfg = Debug|Win32
		{AFE52D2B-082C-4EED-9FE3-97F2C06FBE93}.DebugE|Win32.Build.0 = Debug|Win32
		{AFE52D2B-082C-4EED-9FE3-97F2C06FBE93}.Hybrid|Win32.ActiveCfg = Hybrid|Win32
		{AFE52D2B-082C-4EED-9FE3-97F2C06FBE93}.Hybrid|Win32.Build.0 = Hybrid|Win32
		{AFE52D2B-082C-4EED-9FE3-97F2C06FBE93}.Internal|Win32.ActiveCfg = Max4Hybrid|Win32
		{AFE52D2B-082C-4EED-9FE3-97F2C06FBE93}.Internal|Win32.Build.0 = Max4Hybrid|Win32
		{AFE52D2B-082C-4EED-9FE3-97F2C06FBE93}.Max4Hybrid|Win32.ActiveCfg = Max4Hybrid|Win32
		{AFE52D2B-082C-4EED-9FE3-97F2C06FBE93}.Max4Hybrid|Win32.Build.0 = Max4Hybrid|Win32
		{AFE52D2B-082C-4EED-9FE3-97F2C06FBE93}.Max4Release|Win32.ActiveCfg = Max4Release|Win32
		{AFE52D2B-082C-4EED-9FE3-97F2C06FBE93}.Max4Release|Win32.Build.0 = Max4Release|Win32
		{AFE52D2B-082C-4EED-9FE3-97F2C06FBE93}.Profile|Win32.ActiveCfg = Max4Hybrid|Win32
		{AFE52D2B-082C-4EED-9FE3-97F2C06FBE93}.Profile|Win32.Build.0 = Max4Hybrid|Win32
		{AFE52D2B-082C-4EED-9FE3-97F2C06FBE93}.ProfileE|Win32.ActiveCfg = Max4Hybrid|Win32
		{AFE52D2B-082C-4EED-9FE3-97F2C06FBE93}.ProfileE|Win32.Build.0 = Max4Hybrid|Win32
		{AFE52D2B-082C-4EED-9FE3-97F2C06FBE93}.Release|Win32.ActiveCfg = Release|Win32
		{AFE52D2B-082C-4EED-9FE3-97F2C06FBE93}.Release|Win32.Build.0 = Release|Win32
		{AFE52D2B-082C-4EED-9FE3-97F2C06FBE93}.Template|Win32.ActiveCfg = Template|Win32
		{AFE52D2B-082C-4EED-9FE3-97F2C06FBE93}.Template|Win32.Build.0 = Template|Win32
		{E81CC411-EC02-4D96-94B7-6E9C139E281A}.Debug|Win32.ActiveCfg = Debug|Win32
		{E81CC411-EC02-4D96-94B7-6E9C139E281A}.Debug|Win32.Build.0 = Debug|Win32
		{E81CC411-EC02-4D96-94B7-6E9C139E281A}.DebugE|Win32.ActiveCfg = Debug|Win32
		{E81CC411-EC02-4D96-94B7-6E9C139E281A}.DebugE|Win32.Build.0 = Debug|Win32
		{E81CC411-EC02-4D96-94B7-6E9C139E281A}.Hybrid|Win32.ActiveCfg = Hybrid|Win32
		{E81CC411-EC02-4D96-94B7-6E9C139E281A}.Hybrid|Win32.Build.0 = Hybrid|Win32
		{E81CC411-EC02-4D96-94B7-6E9C139E281A}.Internal|Win32.ActiveCfg = Template|Win32
		{E81CC411-EC02-4D96-94B7-6E9C139E281A}.Internal|Win32.Build.0 = Template|Win32
		{E81CC411-EC02-4D96-94B7-6E9C139E281A}.Max4Hybrid|Win32.ActiveCfg = Hybrid|Win32
		{E81CC411-EC02-4D96-94B7-6E9C139E281A}.Max4Hybrid|Win32.Build.0 = Hybrid|Win32
		{E81CC411-EC02-4D96-94B7-6E9C139E281A}.Max4Release|Win32.ActiveCfg = Release|Win32
		{E81CC411-EC02-4D96-94B7-6E9C139E281A}.Max4Release|Win32.Build.0 = Release|Win32
		{E81CC411-EC02-4D96-94B7-6E9C139E281A}.Profile|Win32.ActiveCfg = Template|Win32
		{E81CC411-EC02-4D96-94B7-6E9C139E281A}.Profile|Win32.Build.0 = Template|Win32
		{E81CC411-EC02-4D96-94B7-6E9C139E281A}.ProfileE|Win32.ActiveCfg = Template|Win32
		{E81CC411-EC02-4D96-94B7-6E9C139E281A}.ProfileE|Win32.Build.0 = Template|Win32
		{E81CC411-EC02-4D96-94B7-6E9C139E281A}.Release|Win32.ActiveCfg = Release|Win32
		{E81CC411-EC02-4D96-94B7-6E9C139E281A}.Release|Win32.Build.0 = Release|Win32
		{E81CC411-EC02-4D96-94B7-6E9C139E281A}.Template|Win32.ActiveCfg = Template|Win32
		{E81CC411-EC02-4D96-94B7-6E9C139E281A}.Template|Win32.Build.0 = Template|Win32
		{A8E13F07-48AD-4DB9-90C5-68CD72729655}.Debug|Win32.ActiveCfg = Debug|Win32
		{A8E13F07-48AD-4DB9-90C5-68CD72729655}.Debug|Win32.Build.0 = Debug|Win32
		{A8E13F07-48AD-4DB9-90C5-68CD72729655}.DebugE|Win32.ActiveCfg = Debug|Win32
		{A8E13F07-48AD-4DB9-90C5-68CD72729655}.DebugE|Win32.Build.0 = Debug|Win32
		{A8E13F07-48AD-4DB9-90C5-68CD72729655}.Hybrid|Win32.ActiveCfg = Template|Win32
		{A8E13F07-48AD-4DB9-90C5-68CD72729655}.Hybrid|Win32.Build.0 = Template|Win32
		{A8E13F07-48AD-4DB9-90C5-68CD72729655}.Internal|Win32.ActiveCfg = Template|Win32
		{A8E13F07-48AD-4DB9-90C5-68CD72729655}.Internal|Win32.Build.0 = Template|Win32
		{A8E13F07-48AD-4DB9-90C5-68CD72729655}.Max4Hybrid|Win32.ActiveCfg = Template|Win32
		{A8E13F07-48AD-4DB9-90C5-68CD72729655}.Max4Hybrid|Win32.Build.0 = Template|Win32
		{A8E13F07-48AD-4DB9-90C5-68CD72729655}.Max4Release|Win32.ActiveCfg = Release|Win32
		{A8E13F07-48AD-4DB9-90C5-68CD72729655}.Max4Release|Win32.Build.0 = Release|Win32
		{A8E13F07-48AD-4DB9-90C5-68CD72729655}.Profile|Win32.ActiveCfg = Template|Win32
		{A8E13F07-48AD-4DB9-90C5-68CD72729655}.Profile|Win32.Build.0 = Template|Win32
		{A8E13F07-48AD-4DB9-90C5-68CD72729655}.ProfileE|Win32.ActiveCfg = Template|Win32
		{A8E13F07-48AD-4DB9-90C5-68CD72729655}.ProfileE|Win32.Build.0 = Template|Win32
		{A8E13F07-48AD-4DB9-90C5-68CD72729655}.Release|Win32.ActiveCfg = Release|Win32
		{A8E13F07-48AD-4DB9-90C5-68CD72729655}.Release|Win32.Build.0 = Release|Win32
		{A8E13F07-48AD-4DB9-90C5-68CD72729655}.Template|Win32.ActiveCfg = Template|Win32
		{A8E13F07-48AD-4DB9-90C5-68CD72729655}.Template|Win32.Build.0 = Template|Win32
		{9248FCCF-2AA4-42EC-A28D-4A2B5283D341}.Debug|Win32.ActiveCfg = Debug|Win32
		{9248FCCF-2AA4-42EC-A28D-4A2B5283D341}.Debug|Win32.Build.0 = Debug|Win32
		{9248FCCF-2AA4-42EC-A28D-4A2B5283D341}.DebugE|Win32.ActiveCfg = Debug|Win32
		{9248FCCF-2AA4-42EC-A28D-4A2B5283D341}.DebugE|Win32.Build.0 = Debug|Win32
		{9248FCCF-2AA4-42EC-A28D-4A2B5283D341}.Hybrid|Win32.ActiveCfg = Template|Win32
		{9248FCCF-2AA4-42EC-A28D-4A2B5283D341}.Hybrid|Win32.Build.0 = Template|Win32
		{9248FCCF-2AA4-42EC-A28D-4A2B5283D341}.Internal|Win32.ActiveCfg = Template|Win32
		{9248FCCF-2AA4-42EC-A28D-4A2B5283D341}.Internal|Win32.Build.0 = Template|Win32
		{9248FCCF-2AA4-42EC-A28D-4A2B5283D341}.Max4Hybrid|Win32.ActiveCfg = Template|Win32
		{9248FCCF-2AA4-42EC-A28D-4A2B5283D341}.Max4Hybrid|Win32.Build.0 = Template|Win32
		{9248FCCF-2AA4-42EC-A28D-4A2B5283D341}.Max4Release|Win32.ActiveCfg = Release|Win32
		{9248FCCF-2AA4-42EC-A28D-4A2B5283D341}.Max4Release|Win32.Build.0 = Release|Win32
		{9248FCCF-2AA4-42EC-A28D-4A2B5283D341}.Profile|Win32.ActiveCfg = Template|Win32
		{9248FCCF-2AA4-42EC-A28D-4A2B5283D341}.Profile|Win32.Build.0 = Template|Win32
		{9248FCCF-2AA4-42EC-A28D-4A2B5283D341}.ProfileE|Win32.ActiveCfg = Template|Win32
		{9248FCCF-2AA4-42EC-A28D-4A2B5283D341}.ProfileE|Win32.Build.0 = Template|Win32
		{9248FCCF-2AA4-42EC-A28D-4A2B5283D341}.Release|Win32.ActiveCfg = Release|Win32
		{9248FCCF-2AA4-42EC-A28D-4A2B5283D341}.Release|Win32.Build.0 = Release|Win32
		{9248FCCF-2AA4-42EC-A28D-4A2B5283D341}.Template|Win32.ActiveCfg = Template|Win32
		{9248FCCF-2AA4-42EC-A28D-4A2B5283D341}.Template|Win32.Build.0 = Template|Win32
		{7FB57595-C433-4010-8C72-D85976ECC861}.Debug|Win32.ActiveCfg = Debug|Win32
		{7FB57595-C433-4010-8C72-D85976ECC861}.Debug|Win32.Build.0 = Debug|Win32
		{7FB57595-C433-4010-8C72-D85976ECC861}.DebugE|Win32.ActiveCfg = DebugE|Win32
		{7FB57595-C433-4010-8C72-D85976ECC861}.DebugE|Win32.Build.0 = DebugE|Win32
		{7FB57595-C433-4010-8C72-D85976ECC861}.Hybrid|Win32.ActiveCfg = Internal|Win32
		{7FB57595-C433-4010-8C72-D85976ECC861}.Hybrid|Win32.Build.0 = Internal|Win32
		{7FB57595-C433-4010-8C72-D85976ECC861}.Internal|Win32.ActiveCfg = Internal|Win32
		{7FB57595-C433-4010-8C72-D85976ECC861}.Internal|Win32.Build.0 = Internal|Win32
		{7FB57595-C433-4010-8C72-D85976ECC861}.Max4Hybrid|Win32.ActiveCfg = Internal|Win32
		{7FB57595-C433-4010-8C72-D85976ECC861}.Max4Hybrid|Win32.Build.0 = Internal|Win32
		{7FB57595-C433-4010-8C72-D85976ECC861}.Max4Release|Win32.ActiveCfg = Release|Win32
		{7FB57595-C433-4010-8C72-D85976ECC861}.Max4Release|Win32.Build.0 = Release|Win32
		{7FB57595-C433-4010-8C72-D85976ECC861}.Profile|Win32.ActiveCfg = Profile|Win32
		{7FB57595-C433-4010-8C72-D85976ECC861}.Profile|Win32.Build.0 = Profile|Win32
		{7FB57595-C433-4010-8C72-D85976ECC861}.ProfileE|Win32.ActiveCfg = ProfileE|Win32
		{7FB57595-C433-4010-8C72-D85976ECC861}.ProfileE|Win32.Build.0 = ProfileE|Win32
		{7FB57595-C433-4010-8C72-D85976ECC861}.Release|Win32.ActiveCfg = Release|Win32
		{7FB57595-C433-4010-8C72-D85976ECC861}.Release|Win32.Build.0 = Release|Win32
		{7FB57595-C433-4010-8C72-D85976ECC861}.Template|Win32.ActiveCfg = Template|Win32
		{7FB57595-C433-4010-8C72-D85976ECC861}.Template|Win32.Build.0 = Template|Win32
		{8D00A02E-9B8A-4B94-BDFE-CB7D21A1DEA2}.Debug|Win32.ActiveCfg = Debug|Win32
		{8D00A02E-9B8A-4B94-BDFE-CB7D21A1DEA2}.Debug|Win32.Build.0 = Debug|Win32
		{8D00A02E-9B8A-4B94-BDFE-CB7D21A1DEA2}.DebugE|Win32.ActiveCfg = Debug|Win32
		{8D00A02E-9B8A-4B94-BDFE-CB7D21A1DEA2}.DebugE|Win32.Build.0 = Debug|Win32
		{8D00A02E-9B8A-4B94-BDFE-CB7D21A1DEA2}.Hybrid|Win32.ActiveCfg = Internal|Win32
		{8D00A02E-9B8A-4B94-BDFE-CB7D21A1DEA2}.Hybrid|Win32.Build.0 = Internal|Win32
		{8D00A02E-9B8A-4B94-BDFE-CB7D21A1DEA2}.Internal|Win32.ActiveCfg = Internal|Win32
		{8D00A02E-9B8A-4B94-BDFE-CB7D21A1DEA2}.Internal|Win32.Build.0 = Internal|Win32
		{8D00A02E-9B8A-4B94-BDFE-CB7D21A1DEA2}.Max4Hybrid|Win32.ActiveCfg = Internal|Win32
		{8D00A02E-9B8A-4B94-BDFE-CB7D21A1DEA2}.Max4Hybrid|Win32.Build.0 = Internal|Win32
		{8D00A02E-9B8A-4B94-BDFE-CB7D21A1DEA2}.Max4Release|Win32.ActiveCfg = Release|Win32
		{8D00A02E-9B8A-4B94-BDFE-CB7D21A1DEA2}.Max4Release|Win32.Build.0 = Release|Win32
		{8D00A02E-9B8A-4B94-BDFE-CB7D21A1DEA2}.Profile|Win32.ActiveCfg = Profile|Win32
		{8D00A02E-9B8A-4B94-BDFE-CB7D21A1DEA2}.Profile|Win32.Build.0 = Profile|Win32
		{8D00A02E-9B8A-4B94-BDFE-CB7D21A1DEA2}.ProfileE|Win32.ActiveCfg = Profile|Win32
		{8D00A02E-9B8A-4B94-BDFE-CB7D21A1DEA2}.ProfileE|Win32.Build.0 = Profile|Win32
		{8D00A02E-9B8A-4B94-BDFE-CB7D21A1DEA2}.Release|Win32.ActiveCfg = Release|Win32
		{8D00A02E-9B8A-4B94-BDFE-CB7D21A1DEA2}.Release|Win32.Build.0 = Release|Win32
		{8D00A02E-9B8A-4B94-BDFE-CB7D21A1DEA2}.Template|Win32.ActiveCfg = Template|Win32
		{8D00A02E-9B8A-4B94-BDFE-CB7D21A1DEA2}.Template|Win32.Build.0 = Template|Win32
		{FB832859-797A-4424-ACC7-803863077EDC}.Debug|Win32.ActiveCfg = Debug|Win32
		{FB832859-797A-4424-ACC7-803863077EDC}.Debug|Win32.Build.0 = Debug|Win32
		{FB832859-797A-4424-ACC7-803863077EDC}.DebugE|Win32.ActiveCfg = Debug|Win32
		{FB832859-797A-4424-ACC7-803863077EDC}.DebugE|Win32.Build.0 = Debug|Win32
		{FB832859-797A-4424-ACC7-803863077EDC}.Hybrid|Win32.ActiveCfg = Internal|Win32
		{FB832859-797A-4424-ACC7-803863077EDC}.Hybrid|Win32.Build.0 = Internal|Win32
		{FB832859-797A-4424-ACC7-803863077EDC}.Internal|Win32.ActiveCfg = Internal|Win32
		{FB832859-797A-4424-ACC7-803863077EDC}.Internal|Win32.Build.0 = Internal|Win32
		{FB832859-797A-4424-ACC7-803863077EDC}.Max4Hybrid|Win32.ActiveCfg = Internal|Win32
		{FB832859-797A-4424-ACC7-803863077EDC}.Max4Hybrid|Win32.Build.0 = Internal|Win32
		{FB832859-797A-4424-ACC7-803863077EDC}.Max4Release|Win32.ActiveCfg = Release|Win32
		{FB832859-797A-4424-ACC7-803863077EDC}.Max4Release|Win32.Build.0 = Release|Win32
		{FB832859-797A-4424-ACC7-803863077EDC}.Profile|Win32.ActiveCfg = Profile|Win32
		{FB832859-797A-4424-ACC7-803863077EDC}.Profile|Win32.Build.0 = Profile|Win32
		{FB832859-797A-4424-ACC7-803863077EDC}.ProfileE|Win32.ActiveCfg = Profile|Win32
		{FB832859-797A-4424-ACC7-803863077EDC}.ProfileE|Win32.Build.0 = Profile|Win32
		{FB832859-797A-4424-ACC7-803863077EDC}.Release|Win32.ActiveCfg = Release|Win32
		{FB832859-797A-4424-ACC7-803863077EDC}.Release|Win32.Build.0 = Release|Win32
		{FB832859-797A-4424-ACC7-803863077EDC}.Template|Win32.ActiveCfg = Template|Win32
		{FB832859-797A-4424-ACC7-803863077EDC}.Template|Win32.Build.0 = Template|Win32
		{B5805F4C-8ACB-4706-A148-79E541283527}.Debug|Win32.ActiveCfg = Debug|Win32
		{B5805F4C-8ACB-4706-A148-79E541283527}.Debug|Win32.Build.0 = Debug|Win32
		{B5805F4C-8ACB-4706-A148-79E541283527}.DebugE|Win32.ActiveCfg = Debug|Win32
		{B5805F4C-8ACB-4706-A148-79E541283527}.DebugE|Win32.Build.0 = Debug|Win32
		{B5805F4C-8ACB-4706-A148-79E541283527}.Hybrid|Win32.ActiveCfg = Internal|Win32
		{B5805F4C-8ACB-4706-A148-79E541283527}.Hybrid|Win32.Build.0 = Internal|Win32
		{B5805F4C-8ACB-4706-A148-79E541283527}.Internal|Win32.ActiveCfg = Internal|Win32
		{B5805F4C-8ACB-4706-A148-79E541283527}.Internal|Win32.Build.0 = Internal|Win32
		{B5805F4C-8ACB-4706-A148-79E541283527}.Max4Hybrid|Win32.ActiveCfg = Internal|Win32
		{B5805F4C-8ACB-4706-A148-79E541283527}.Max4Hybrid|Win32.Build.0 = Internal|Win32
		{B5805F4C-8ACB-4706-A148-79E541283527}.Max4Release|Win32.ActiveCfg = Release|Win32
		{B5805F4C-8ACB-4706-A148-79E541283527}.Max4Release|Win32.Build.0 = Release|Win32
		{B5805F4C-8ACB-4706-A148-79E541283527}.Profile|Win32.ActiveCfg = Profile|Win32
		{B5805F4C-8ACB-4706-A148-79E541283527}.Profile|Win32.Build.0 = Profile|Win32
		{B5805F4C-8ACB-4706-A148-79E541283527}.ProfileE|Win32.ActiveCfg = Profile|Win32
		{B5805F4C-8ACB-4706-A148-79E541283527}.ProfileE|Win32.Build.0 = Profile|Win32
		{B5805F4C-8ACB-4706-A148-79E541283527}.Release|Win32.ActiveCfg = Release|Win32
		{B5805F4C-8ACB-4706-A148-79E541283527}.Release|Win32.Build.0 = Release|Win32
		{B5805F4C-8ACB-4706-A148-79E541283527}.Template|Win32.ActiveCfg = Template|Win32
		{B5805F4C-8ACB-4706-A148-79E541283527}.Template|Win32.Build.0 = Template|Win32
		{10170C51-B194-4423-A1DC-6D8EA3C67C4C}.Debug|Win32.ActiveCfg = Debug|Win32
		{10170C51-B194-4423-A1DC-6D8EA3C67C4C}.Debug|Win32.Build.0 = Debug|Win32
		{10170C51-B194-4423-A1DC-6D8EA3C67C4C}.DebugE|Win32.ActiveCfg = DebugE|Win32
		{10170C51-B194-4423-A1DC-6D8EA3C67C4C}.DebugE|Win32.Build.0 = DebugE|Win32
		{10170C51-B194-4423-A1DC-6D8EA3C67C4C}.Hybrid|Win32.ActiveCfg = Internal|Win32
		{10170C51-B194-4423-A1DC-6D8EA3C67C4C}.Hybrid|Win32.Build.0 = Internal|Win32
		{10170C51-B194-4423-A1DC-6D8EA3C67C4C}.Internal|Win32.ActiveCfg = Internal|Win32
		{10170C51-B194-4423-A1DC-6D8EA3C67C4C}.Internal|Win32.Build.0 = Internal|Win32
		{10170C51-B194-4423-A1DC-6D8EA3C67C4C}.Max4Hybrid|Win32.ActiveCfg = Internal|Win32
		{10170C51-B194-4423-A1DC-6D8EA3C67C4C}.Max4Hybrid|Win32.Build.0 = Internal|Win32
		{10170C51-B194-4423-A1DC-6D8EA3C67C4C}.Max4Release|Win32.ActiveCfg = Release|Win32
		{10170C51-B194-4423-A1DC-6D8EA3C67C4C}.Max4Release|Win32.Build.0 = Release|Win32
		{10170C51-B194-4423-A1DC-6D8EA3C67C4C}.Profile|Win32.ActiveCfg = Profile|Win32
		{10170C51-B194-4423-A1DC-6D8EA3C67C4C}.Profile|Win32.Build.0 = Profile|Win32
		{10170C51-B194-4423-A1DC-6D8EA3C67C4C}.ProfileE|Win32.ActiveCfg = ProfileE|Win32
		{10170C51-B194-4423-A1DC-6D8EA3C67C4C}.ProfileE|Win32.Build.0 = ProfileE|Win32
		{10170C51-B194-4423-A1DC-6D8EA3C67C4C}.Release|Win32.ActiveCfg = Release|Win32
		{10170C51-B194-4423-A1DC-6D8EA3C67C4C}.Release|Win32.Build.0 = Release|Win32
		{10170C51-B194-4423-A1DC-6D8EA3C67C4C}.Template|Win32.ActiveCfg = Template|Win32
		{10170C51-B194-4423-A1DC-6D8EA3C67C4C}.Template|Win32.Build.0 = Template|Win32
		{880DF08C-968C-4CDB-A165-2C439451BBBC}.Debug|Win32.ActiveCfg = Debug|Win32
		{880DF08C-968C-4CDB-A165-2C439451BBBC}.Debug|Win32.Build.0 = Debug|Win32
		{880DF08C-968C-4CDB-A165-2C439451BBBC}.DebugE|Win32.ActiveCfg = Debug|Win32
		{880DF08C-968C-4CDB-A165-2C439451BBBC}.DebugE|Win32.Build.0 = Debug|Win32
		{880DF08C-968C-4CDB-A165-2C439451BBBC}.Hybrid|Win32.ActiveCfg = Internal|Win32
		{880DF08C-968C-4CDB-A165-2C439451BBBC}.Hybrid|Win32.Build.0 = Internal|Win32
		{880DF08C-968C-4CDB-A165-2C439451BBBC}.Internal|Win32.ActiveCfg = Internal|Win32
		{880DF08C-968C-4CDB-A165-2C439451BBBC}.Internal|Win32.Build.0 = Internal|Win32
		{880DF08C-968C-4CDB-A165-2C439451BBBC}.Max4Hybrid|Win32.ActiveCfg = Internal|Win32
		{880DF08C-968C-4CDB-A165-2C439451BBBC}.Max4Hybrid|Win32.Build.0 = Internal|Win32
		{880DF08C-968C-4CDB-A165-2C439451BBBC}.Max4Release|Win32.ActiveCfg = Release|Win32
		{880DF08C-968C-4CDB-A165-2C439451BBBC}.Max4Release|Win32.Build.0 = Release|Win32
		{880DF08C-968C-4CDB-A165-2C439451BBBC}.Profile|Win32.ActiveCfg = Profile|Win32
		{880DF08C-968C-4CDB-A165-2C439451BBBC}.Profile|Win32.Build.0 = Profile|Win32
		{880DF08C-968C-4CDB-A165-2C439451BBBC}.ProfileE|Win32.ActiveCfg = Profile|Win32
		{880DF08C-968C-4CDB-A165-2C439451BBBC}.ProfileE|Win32.Build.0 = Profile|Win32
		{880DF08C-968C-4CDB-A165-2C439451BBBC}.Release|Win32.ActiveCfg = Release|Win32
		{880DF08C-968C-4CDB-A165-2C439451BBBC}.Release|Win32.Build.0 = Release|Win32
		{880DF08C-968C-4CDB-A165-2C439451BBBC}.Template|Win32.ActiveCfg = Template|Win32
		{880DF08C-968C-4CDB-A165-2C439451BBBC}.Template|Win32.Build.0 = Template|Win32
	EndGlobalSection
	GlobalSection(SolutionProperties) = preSolution
		HideSolutionNode = FALSE
	EndGlobalSection
EndGlobal
