
Microsoft Visual Studio Solution File, Format Version 12.00
# Visual Studio 2013
VisualStudioVersion = 12.0.21005.1
MinimumVisualStudioVersion = 10.0.40219.1
Project("{8BC9CEB8-8B4A-11D0-8D11-00A0C91BC942}") = "Benchmark", "LIBRARIES\Source\Benchmark\Benchmark_ZH.vcxproj", "{6AB38211-C7B7-4241-96C8-C64CA0593944}"
EndProject
Project("{8BC9CEB8-8B4A-11D0-8D11-00A0C91BC942}") = "CRCDiff", "Tools\CRCDiff\CRCDiff_ZH.vcxproj", "{4DD33B24-DDFB-4759-AC08-A7F4C267F141}"
EndProject
Project("{8BC9CEB8-8B4A-11D0-8D11-00A0C91BC942}") = "Compression", "Libraries\Source\Compression\Compression_ZH.vcxproj", "{ACAB7264-6A19-4873-B4E3-C8E5D36A30A1}"
EndProject
Project("{8BC9CEB8-8B4A-11D0-8D11-00A0C91BC942}") = "DatGen", "Tools\Launcher\DatGen\DatGen_ZH.vcxproj", "{31AA5852-EC04-4794-AA1E-DC643ECEC063}"
EndProject
Project("{8BC9CEB8-8B4A-11D0-8D11-00A0C91BC942}") = "DebugWindow", "Tools\DebugWindow\DebugWindow_ZH.vcxproj", "{95A218A1-DDD9-4214-AC04-AF6463FC00B9}"
EndProject
Project("{8BC9CEB8-8B4A-11D0-8D11-00A0C91BC942}") = "EABrowserDispatch", "Libraries\Source\EABrowserDispatch\EABrowserDispatch_ZH.vcxproj", "{6A7120E9-4365-44F2-9CA9-65EC9B27B3B7}"
EndProject
Project("{8BC9CEB8-8B4A-11D0-8D11-00A0C91BC942}") = "GUIEdit", "Tools\GUIEdit\GUIEdit_ZH.vcxproj", "{1E2BA299-B543-465D-B400-71A115EDE6A8}"
EndProject
Project("{8BC9CEB8-8B4A-11D0-8D11-00A0C91BC942}") = "GameEngine", "GameEngine\GameEngine_ZH.vcxproj", "{1F3439F3-BFED-4AFB-97FF-B567AAD132EA}"
EndProject
Project("{8BC9CEB8-8B4A-11D0-8D11-00A0C91BC942}") = "GameEngineDevice", "GameEngineDevice\GameEngineDevice_ZH.vcxproj", "{BAE7C8A1-6504-45DD-A4AA-612AB614ACE8}"
EndProject
Project("{059D6162-CD51-11D0-AE1F-00A0C90FFFC3}") = "GameSpyHTTP", "Libraries\Source\GameSpy\GameSpy\ghttp\GameSpyHTTP.dsp", "{6C103A17-8021-41CD-B0D1-B5F595F0740D}"
EndProject
Project("{059D6162-CD51-11D0-AE1F-00A0C90FFFC3}") = "GameSpyPatching", "Libraries\Source\GameSpy\GameSpy\pt\GameSpyPatching.dsp", "{8C2C6FBC-19F4-40BF-B94E-BC4863C43C84}"
EndProject
Project("{059D6162-CD51-11D0-AE1F-00A0C90FFFC3}") = "GameSpyPeer", "Libraries\Source\GameSpy\GameSpy\peer\GameSpyPeer.dsp", "{917CDE60-1082-4A3D-945F-3E4F5296FB4B}"
EndProject
Project("{059D6162-CD51-11D0-AE1F-00A0C90FFFC3}") = "GameSpyPresence", "Libraries\Source\GameSpy\GameSpy\gp\GameSpyPresence.dsp", "{270FE356-B4AE-46F1-83A5-753F393B358F}"
EndProject
Project("{059D6162-CD51-11D0-AE1F-00A0C90FFFC3}") = "GameSpyStats", "Libraries\Source\GameSpy\GameSpy\gstats\GameSpyStats.dsp", "{A6FC301C-250C-452E-ACA9-9C791F61A1FF}"
EndProject
Project("{8BC9CEB8-8B4A-11D0-8D11-00A0C91BC942}") = "ImagePacker", "Tools\ImagePacker\ImagePacker_ZH.vcxproj", "{A7F502C7-FE82-4273-B3ED-9AC12AADA88C}"
EndProject
Project("{8BC9CEB8-8B4A-11D0-8D11-00A0C91BC942}") = "MapCacheBuilder", "Tools\MapCacheBuilder\MapCacheBuilder_ZH.vcxproj", "{7724C5EB-D168-40EA-ACA7-3099B45F3D0D}"
EndProject
Project("{8BC9CEB8-8B4A-11D0-8D11-00A0C91BC942}") = "ParticleEditor", "Tools\ParticleEditor\ParticleEditor_ZH.vcxproj", "{36D48316-8D8B-40D3-A07B-F771C20F2E4D}"
EndProject
Project("{8BC9CEB8-8B4A-11D0-8D11-00A0C91BC942}") = "RTS", "RTS_ZH.vcxproj", "{C16A6818-6246-46ED-B805-4DBB7C2FD156}"
EndProject
Project("{8BC9CEB8-8B4A-11D0-8D11-00A0C91BC942}") = "WWDownload", "Libraries\Source\WWVegas\WWDownload\WWDownload_ZH.vcxproj", "{DD6AD835-00C8-462D-97B2-15DB79B95D61}"
EndProject
Project("{8BC9CEB8-8B4A-11D0-8D11-00A0C91BC942}") = "WorldBuilder", "Tools\WorldBuilder\WorldBuilder_ZH.vcxproj", "{86BF247A-0721-4452-954E-C5ADC1C51825}"
EndProject
Project("{8BC9CEB8-8B4A-11D0-8D11-00A0C91BC942}") = "assetcull", "Tools\assetcull\assetcull_ZH.vcxproj", "{774D22DC-E6BC-4A3C-B0B8-357BEEA26B87}"
EndProject
Project("{8BC9CEB8-8B4A-11D0-8D11-00A0C91BC942}") = "buildVersionUpdate", "Tools\buildVersionUpdate\buildVersionUpdate_ZH.vcxproj", "{29D4D3EC-701D-4D52-A7B9-F91AF47D4D7C}"
EndProject
Project("{8BC9CEB8-8B4A-11D0-8D11-00A0C91BC942}") = "debug", "Libraries\Source\debug\debug_ZH.vcxproj", "{64CBAD67-D811-45BC-B0AD-2C898F0C7095}"
EndProject
Project("{8BC9CEB8-8B4A-11D0-8D11-00A0C91BC942}") = "launcher", "Tools\Launcher\launcher_ZH.vcxproj", "{6C9DACB1-5328-4D0E-BD18-68332A2B656E}"
EndProject
Project("{8BC9CEB8-8B4A-11D0-8D11-00A0C91BC942}") = "patchgrabber", "Tools\PATCHGET\patchgrabber_ZH.vcxproj", "{3421E9E0-CF61-4692-9100-0C23DBCA8023}"
EndProject
Project("{8BC9CEB8-8B4A-11D0-8D11-00A0C91BC942}") = "profile", "Libraries\Source\profile\profile_ZH.vcxproj", "{6854A2BD-FBDC-423A-9A8C-05FB2713A5AE}"
EndProject
Project("{8BC9CEB8-8B4A-11D0-8D11-00A0C91BC942}") = "versionUpdate", "Tools\versionUpdate\versionUpdate_ZH.vcxproj", "{34C59081-9215-4B98-9B71-FC59C996B4C0}"
EndProject
Project("{8BC9CEB8-8B4A-11D0-8D11-00A0C91BC942}") = "ww3d2", "Libraries\Source\WWVegas\WW3D2\ww3d2_ZH.vcxproj", "{DD791C17-902C-4236-BBEE-351C4DDCBE67}"
EndProject
Project("{8BC9CEB8-8B4A-11D0-8D11-00A0C91BC942}") = "wwdebug", "Libraries\Source\WWVegas\WWDebug\wwdebug_ZH.vcxproj", "{BD293889-87BD-4C2A-A9BF-FA0817F4D48A}"
EndProject
Project("{8BC9CEB8-8B4A-11D0-8D11-00A0C91BC942}") = "wwlib", "Libraries\Source\WWVegas\WWLib\wwlib_ZH.vcxproj", "{F09D585F-592F-4A24-8141-E5D56175D20C}"
EndProject
Project("{8BC9CEB8-8B4A-11D0-8D11-00A0C91BC942}") = "wwmath", "Libraries\Source\WWVegas\WWMath\wwmath_ZH.vcxproj", "{3DD484A6-13E2-4563-B1C0-7E405E871596}"
EndProject
Project("{8BC9CEB8-8B4A-11D0-8D11-00A0C91BC942}") = "wwsaveload", "Libraries\Source\WWVegas\WWSaveLoad\wwsaveload_ZH.vcxproj", "{0DC6FFBD-2BD6-4E0E-9461-214B4A4B0A86}"
EndProject
Project("{8BC9CEB8-8B4A-11D0-8D11-00A0C91BC942}") = "wwshade", "Libraries\Source\WWVegas\wwshade\wwshade_ZH.vcxproj", "{C2392CE5-599A-431B-913D-6C68CAF22E2A}"
EndProject
Project("{8BC9CEB8-8B4A-11D0-8D11-00A0C91BC942}") = "wwutil", "Libraries\Source\WWVegas\Wwutil\wwutil_ZH.vcxproj", "{43C0EAC9-F068-4FE5-8344-A3094627CFA4}"
EndProject
Global
	GlobalSection(SolutionConfigurationPlatforms) = preSolution
		Debug|Win32 = Debug|Win32
		DebugE|Win32 = DebugE|Win32
		DebugW3D|Win32 = DebugW3D|Win32
		French|Win32 = French|Win32
		German|Win32 = German|Win32
		Internal|Win32 = Internal|Win32
		Profile|Win32 = Profile|Win32
		ProfileE|Win32 = ProfileE|Win32
		Release|Win32 = Release|Win32
		Spanish|Win32 = Spanish|Win32
		Template|Win32 = Template|Win32
	EndGlobalSection
	GlobalSection(ProjectConfigurationPlatforms) = postSolution
		{6AB38211-C7B7-4241-96C8-C64CA0593944}.Debug|Win32.ActiveCfg = Debug|Win32
		{6AB38211-C7B7-4241-96C8-C64CA0593944}.Debug|Win32.Build.0 = Debug|Win32
		{6AB38211-C7B7-4241-96C8-C64CA0593944}.DebugE|Win32.ActiveCfg = Debug|Win32
		{6AB38211-C7B7-4241-96C8-C64CA0593944}.DebugE|Win32.Build.0 = Debug|Win32
		{6AB38211-C7B7-4241-96C8-C64CA0593944}.DebugW3D|Win32.ActiveCfg = Debug|Win32
		{6AB38211-C7B7-4241-96C8-C64CA0593944}.DebugW3D|Win32.Build.0 = Debug|Win32
		{6AB38211-C7B7-4241-96C8-C64CA0593944}.French|Win32.ActiveCfg = Release|Win32
		{6AB38211-C7B7-4241-96C8-C64CA0593944}.French|Win32.Build.0 = Release|Win32
		{6AB38211-C7B7-4241-96C8-C64CA0593944}.German|Win32.ActiveCfg = Release|Win32
		{6AB38211-C7B7-4241-96C8-C64CA0593944}.German|Win32.Build.0 = Release|Win32
		{6AB38211-C7B7-4241-96C8-C64CA0593944}.Internal|Win32.ActiveCfg = Release|Win32
		{6AB38211-C7B7-4241-96C8-C64CA0593944}.Internal|Win32.Build.0 = Release|Win32
		{6AB38211-C7B7-4241-96C8-C64CA0593944}.Profile|Win32.ActiveCfg = Release|Win32
		{6AB38211-C7B7-4241-96C8-C64CA0593944}.Profile|Win32.Build.0 = Release|Win32
		{6AB38211-C7B7-4241-96C8-C64CA0593944}.ProfileE|Win32.ActiveCfg = Release|Win32
		{6AB38211-C7B7-4241-96C8-C64CA0593944}.ProfileE|Win32.Build.0 = Release|Win32
		{6AB38211-C7B7-4241-96C8-C64CA0593944}.Release|Win32.ActiveCfg = Release|Win32
		{6AB38211-C7B7-4241-96C8-C64CA0593944}.Release|Win32.Build.0 = Release|Win32
		{6AB38211-C7B7-4241-96C8-C64CA0593944}.Spanish|Win32.ActiveCfg = Release|Win32
		{6AB38211-C7B7-4241-96C8-C64CA0593944}.Spanish|Win32.Build.0 = Release|Win32
		{6AB38211-C7B7-4241-96C8-C64CA0593944}.Template|Win32.ActiveCfg = Release|Win32
		{6AB38211-C7B7-4241-96C8-C64CA0593944}.Template|Win32.Build.0 = Release|Win32
		{4DD33B24-DDFB-4759-AC08-A7F4C267F141}.Debug|Win32.ActiveCfg = Debug|Win32
		{4DD33B24-DDFB-4759-AC08-A7F4C267F141}.Debug|Win32.Build.0 = Debug|Win32
		{4DD33B24-DDFB-4759-AC08-A7F4C267F141}.DebugE|Win32.ActiveCfg = Debug|Win32
		{4DD33B24-DDFB-4759-AC08-A7F4C267F141}.DebugE|Win32.Build.0 = Debug|Win32
		{4DD33B24-DDFB-4759-AC08-A7F4C267F141}.DebugW3D|Win32.ActiveCfg = Debug|Win32
		{4DD33B24-DDFB-4759-AC08-A7F4C267F141}.DebugW3D|Win32.Build.0 = Debug|Win32
		{4DD33B24-DDFB-4759-AC08-A7F4C267F141}.French|Win32.ActiveCfg = Template|Win32
		{4DD33B24-DDFB-4759-AC08-A7F4C267F141}.French|Win32.Build.0 = Template|Win32
		{4DD33B24-DDFB-4759-AC08-A7F4C267F141}.German|Win32.ActiveCfg = Template|Win32
		{4DD33B24-DDFB-4759-AC08-A7F4C267F141}.German|Win32.Build.0 = Template|Win32
		{4DD33B24-DDFB-4759-AC08-A7F4C267F141}.Internal|Win32.ActiveCfg = Template|Win32
		{4DD33B24-DDFB-4759-AC08-A7F4C267F141}.Internal|Win32.Build.0 = Template|Win32
		{4DD33B24-DDFB-4759-AC08-A7F4C267F141}.Profile|Win32.ActiveCfg = Template|Win32
		{4DD33B24-DDFB-4759-AC08-A7F4C267F141}.Profile|Win32.Build.0 = Template|Win32
		{4DD33B24-DDFB-4759-AC08-A7F4C267F141}.ProfileE|Win32.ActiveCfg = Template|Win32
		{4DD33B24-DDFB-4759-AC08-A7F4C267F141}.ProfileE|Win32.Build.0 = Template|Win32
		{4DD33B24-DDFB-4759-AC08-A7F4C267F141}.Release|Win32.ActiveCfg = Release|Win32
		{4DD33B24-DDFB-4759-AC08-A7F4C267F141}.Release|Win32.Build.0 = Release|Win32
		{4DD33B24-DDFB-4759-AC08-A7F4C267F141}.Spanish|Win32.ActiveCfg = Template|Win32
		{4DD33B24-DDFB-4759-AC08-A7F4C267F141}.Spanish|Win32.Build.0 = Template|Win32
		{4DD33B24-DDFB-4759-AC08-A7F4C267F141}.Template|Win32.ActiveCfg = Template|Win32
		{4DD33B24-DDFB-4759-AC08-A7F4C267F141}.Template|Win32.Build.0 = Template|Win32
		{ACAB7264-6A19-4873-B4E3-C8E5D36A30A1}.Debug|Win32.ActiveCfg = Debug|Win32
		{ACAB7264-6A19-4873-B4E3-C8E5D36A30A1}.Debug|Win32.Build.0 = Debug|Win32
		{ACAB7264-6A19-4873-B4E3-C8E5D36A30A1}.DebugE|Win32.ActiveCfg = Debug|Win32
		{ACAB7264-6A19-4873-B4E3-C8E5D36A30A1}.DebugE|Win32.Build.0 = Debug|Win32
		{ACAB7264-6A19-4873-B4E3-C8E5D36A30A1}.DebugW3D|Win32.ActiveCfg = Debug|Win32
		{ACAB7264-6A19-4873-B4E3-C8E5D36A30A1}.DebugW3D|Win32.Build.0 = Debug|Win32
		{ACAB7264-6A19-4873-B4E3-C8E5D36A30A1}.French|Win32.ActiveCfg = Internal|Win32
		{ACAB7264-6A19-4873-B4E3-C8E5D36A30A1}.French|Win32.Build.0 = Internal|Win32
		{ACAB7264-6A19-4873-B4E3-C8E5D36A30A1}.German|Win32.ActiveCfg = Internal|Win32
		{ACAB7264-6A19-4873-B4E3-C8E5D36A30A1}.German|Win32.Build.0 = Internal|Win32
		{ACAB7264-6A19-4873-B4E3-C8E5D36A30A1}.Internal|Win32.ActiveCfg = Internal|Win32
		{ACAB7264-6A19-4873-B4E3-C8E5D36A30A1}.Internal|Win32.Build.0 = Internal|Win32
		{ACAB7264-6A19-4873-B4E3-C8E5D36A30A1}.Profile|Win32.ActiveCfg = Internal|Win32
		{ACAB7264-6A19-4873-B4E3-C8E5D36A30A1}.Profile|Win32.Build.0 = Internal|Win32
		{ACAB7264-6A19-4873-B4E3-C8E5D36A30A1}.ProfileE|Win32.ActiveCfg = Internal|Win32
		{ACAB7264-6A19-4873-B4E3-C8E5D36A30A1}.ProfileE|Win32.Build.0 = Internal|Win32
		{ACAB7264-6A19-4873-B4E3-C8E5D36A30A1}.Release|Win32.ActiveCfg = Release|Win32
		{ACAB7264-6A19-4873-B4E3-C8E5D36A30A1}.Release|Win32.Build.0 = Release|Win32
		{ACAB7264-6A19-4873-B4E3-C8E5D36A30A1}.Spanish|Win32.ActiveCfg = Internal|Win32
		{ACAB7264-6A19-4873-B4E3-C8E5D36A30A1}.Spanish|Win32.Build.0 = Internal|Win32
		{ACAB7264-6A19-4873-B4E3-C8E5D36A30A1}.Template|Win32.ActiveCfg = Template|Win32
		{ACAB7264-6A19-4873-B4E3-C8E5D36A30A1}.Template|Win32.Build.0 = Template|Win32
		{31AA5852-EC04-4794-AA1E-DC643ECEC063}.Debug|Win32.ActiveCfg = Debug|Win32
		{31AA5852-EC04-4794-AA1E-DC643ECEC063}.Debug|Win32.Build.0 = Debug|Win32
		{31AA5852-EC04-4794-AA1E-DC643ECEC063}.DebugE|Win32.ActiveCfg = Debug|Win32
		{31AA5852-EC04-4794-AA1E-DC643ECEC063}.DebugE|Win32.Build.0 = Debug|Win32
		{31AA5852-EC04-4794-AA1E-DC643ECEC063}.DebugW3D|Win32.ActiveCfg = Debug|Win32
		{31AA5852-EC04-4794-AA1E-DC643ECEC063}.DebugW3D|Win32.Build.0 = Debug|Win32
		{31AA5852-EC04-4794-AA1E-DC643ECEC063}.French|Win32.ActiveCfg = Template|Win32
		{31AA5852-EC04-4794-AA1E-DC643ECEC063}.French|Win32.Build.0 = Template|Win32
		{31AA5852-EC04-4794-AA1E-DC643ECEC063}.German|Win32.ActiveCfg = Template|Win32
		{31AA5852-EC04-4794-AA1E-DC643ECEC063}.German|Win32.Build.0 = Template|Win32
		{31AA5852-EC04-4794-AA1E-DC643ECEC063}.Internal|Win32.ActiveCfg = Template|Win32
		{31AA5852-EC04-4794-AA1E-DC643ECEC063}.Internal|Win32.Build.0 = Template|Win32
		{31AA5852-EC04-4794-AA1E-DC643ECEC063}.Profile|Win32.ActiveCfg = Template|Win32
		{31AA5852-EC04-4794-AA1E-DC643ECEC063}.Profile|Win32.Build.0 = Template|Win32
		{31AA5852-EC04-4794-AA1E-DC643ECEC063}.ProfileE|Win32.ActiveCfg = Template|Win32
		{31AA5852-EC04-4794-AA1E-DC643ECEC063}.ProfileE|Win32.Build.0 = Template|Win32
		{31AA5852-EC04-4794-AA1E-DC643ECEC063}.Release|Win32.ActiveCfg = Release|Win32
		{31AA5852-EC04-4794-AA1E-DC643ECEC063}.Release|Win32.Build.0 = Release|Win32
		{31AA5852-EC04-4794-AA1E-DC643ECEC063}.Spanish|Win32.ActiveCfg = Template|Win32
		{31AA5852-EC04-4794-AA1E-DC643ECEC063}.Spanish|Win32.Build.0 = Template|Win32
		{31AA5852-EC04-4794-AA1E-DC643ECEC063}.Template|Win32.ActiveCfg = Template|Win32
		{31AA5852-EC04-4794-AA1E-DC643ECEC063}.Template|Win32.Build.0 = Template|Win32
		{95A218A1-DDD9-4214-AC04-AF6463FC00B9}.Debug|Win32.ActiveCfg = Debug|Win32
		{95A218A1-DDD9-4214-AC04-AF6463FC00B9}.Debug|Win32.Build.0 = Debug|Win32
		{95A218A1-DDD9-4214-AC04-AF6463FC00B9}.DebugE|Win32.ActiveCfg = Debug|Win32
		{95A218A1-DDD9-4214-AC04-AF6463FC00B9}.DebugE|Win32.Build.0 = Debug|Win32
		{95A218A1-DDD9-4214-AC04-AF6463FC00B9}.DebugW3D|Win32.ActiveCfg = Debug|Win32
		{95A218A1-DDD9-4214-AC04-AF6463FC00B9}.DebugW3D|Win32.Build.0 = Debug|Win32
		{95A218A1-DDD9-4214-AC04-AF6463FC00B9}.French|Win32.ActiveCfg = Template|Win32
		{95A218A1-DDD9-4214-AC04-AF6463FC00B9}.French|Win32.Build.0 = Template|Win32
		{95A218A1-DDD9-4214-AC04-AF6463FC00B9}.German|Win32.ActiveCfg = Template|Win32
		{95A218A1-DDD9-4214-AC04-AF6463FC00B9}.German|Win32.Build.0 = Template|Win32
		{95A218A1-DDD9-4214-AC04-AF6463FC00B9}.Internal|Win32.ActiveCfg = Template|Win32
		{95A218A1-DDD9-4214-AC04-AF6463FC00B9}.Internal|Win32.Build.0 = Template|Win32
		{95A218A1-DDD9-4214-AC04-AF6463FC00B9}.Profile|Win32.ActiveCfg = Template|Win32
		{95A218A1-DDD9-4214-AC04-AF6463FC00B9}.Profile|Win32.Build.0 = Template|Win32
		{95A218A1-DDD9-4214-AC04-AF6463FC00B9}.ProfileE|Win32.ActiveCfg = Template|Win32
		{95A218A1-DDD9-4214-AC04-AF6463FC00B9}.ProfileE|Win32.Build.0 = Template|Win32
		{95A218A1-DDD9-4214-AC04-AF6463FC00B9}.Release|Win32.ActiveCfg = Release|Win32
		{95A218A1-DDD9-4214-AC04-AF6463FC00B9}.Release|Win32.Build.0 = Release|Win32
		{95A218A1-DDD9-4214-AC04-AF6463FC00B9}.Spanish|Win32.ActiveCfg = Template|Win32
		{95A218A1-DDD9-4214-AC04-AF6463FC00B9}.Spanish|Win32.Build.0 = Template|Win32
		{95A218A1-DDD9-4214-AC04-AF6463FC00B9}.Template|Win32.ActiveCfg = Template|Win32
		{95A218A1-DDD9-4214-AC04-AF6463FC00B9}.Template|Win32.Build.0 = Template|Win32
		{6A7120E9-4365-44F2-9CA9-65EC9B27B3B7}.Debug|Win32.ActiveCfg = Debug|Win32
		{6A7120E9-4365-44F2-9CA9-65EC9B27B3B7}.Debug|Win32.Build.0 = Debug|Win32
		{6A7120E9-4365-44F2-9CA9-65EC9B27B3B7}.DebugE|Win32.ActiveCfg = Debug|Win32
		{6A7120E9-4365-44F2-9CA9-65EC9B27B3B7}.DebugE|Win32.Build.0 = Debug|Win32
		{6A7120E9-4365-44F2-9CA9-65EC9B27B3B7}.DebugW3D|Win32.ActiveCfg = Debug|Win32
		{6A7120E9-4365-44F2-9CA9-65EC9B27B3B7}.DebugW3D|Win32.Build.0 = Debug|Win32
		{6A7120E9-4365-44F2-9CA9-65EC9B27B3B7}.French|Win32.ActiveCfg = Internal|Win32
		{6A7120E9-4365-44F2-9CA9-65EC9B27B3B7}.French|Win32.Build.0 = Internal|Win32
		{6A7120E9-4365-44F2-9CA9-65EC9B27B3B7}.German|Win32.ActiveCfg = Internal|Win32
		{6A7120E9-4365-44F2-9CA9-65EC9B27B3B7}.German|Win32.Build.0 = Internal|Win32
		{6A7120E9-4365-44F2-9CA9-65EC9B27B3B7}.Internal|Win32.ActiveCfg = Internal|Win32
		{6A7120E9-4365-44F2-9CA9-65EC9B27B3B7}.Internal|Win32.Build.0 = Internal|Win32
		{6A7120E9-4365-44F2-9CA9-65EC9B27B3B7}.Profile|Win32.ActiveCfg = Internal|Win32
		{6A7120E9-4365-44F2-9CA9-65EC9B27B3B7}.Profile|Win32.Build.0 = Internal|Win32
		{6A7120E9-4365-44F2-9CA9-65EC9B27B3B7}.ProfileE|Win32.ActiveCfg = Internal|Win32
		{6A7120E9-4365-44F2-9CA9-65EC9B27B3B7}.ProfileE|Win32.Build.0 = Internal|Win32
		{6A7120E9-4365-44F2-9CA9-65EC9B27B3B7}.Release|Win32.ActiveCfg = Release|Win32
		{6A7120E9-4365-44F2-9CA9-65EC9B27B3B7}.Release|Win32.Build.0 = Release|Win32
		{6A7120E9-4365-44F2-9CA9-65EC9B27B3B7}.Spanish|Win32.ActiveCfg = Internal|Win32
		{6A7120E9-4365-44F2-9CA9-65EC9B27B3B7}.Spanish|Win32.Build.0 = Internal|Win32
		{6A7120E9-4365-44F2-9CA9-65EC9B27B3B7}.Template|Win32.ActiveCfg = Template|Win32
		{6A7120E9-4365-44F2-9CA9-65EC9B27B3B7}.Template|Win32.Build.0 = Template|Win32
		{1E2BA299-B543-465D-B400-71A115EDE6A8}.Debug|Win32.ActiveCfg = Debug|Win32
		{1E2BA299-B543-465D-B400-71A115EDE6A8}.Debug|Win32.Build.0 = Debug|Win32
		{1E2BA299-B543-465D-B400-71A115EDE6A8}.DebugE|Win32.ActiveCfg = Debug|Win32
		{1E2BA299-B543-465D-B400-71A115EDE6A8}.DebugE|Win32.Build.0 = Debug|Win32
		{1E2BA299-B543-465D-B400-71A115EDE6A8}.DebugW3D|Win32.ActiveCfg = Debug|Win32
		{1E2BA299-B543-465D-B400-71A115EDE6A8}.DebugW3D|Win32.Build.0 = Debug|Win32
		{1E2BA299-B543-465D-B400-71A115EDE6A8}.French|Win32.ActiveCfg = Internal|Win32
		{1E2BA299-B543-465D-B400-71A115EDE6A8}.French|Win32.Build.0 = Internal|Win32
		{1E2BA299-B543-465D-B400-71A115EDE6A8}.German|Win32.ActiveCfg = Internal|Win32
		{1E2BA299-B543-465D-B400-71A115EDE6A8}.German|Win32.Build.0 = Internal|Win32
		{1E2BA299-B543-465D-B400-71A115EDE6A8}.Internal|Win32.ActiveCfg = Internal|Win32
		{1E2BA299-B543-465D-B400-71A115EDE6A8}.Internal|Win32.Build.0 = Internal|Win32
		{1E2BA299-B543-465D-B400-71A115EDE6A8}.Profile|Win32.ActiveCfg = Internal|Win32
		{1E2BA299-B543-465D-B400-71A115EDE6A8}.Profile|Win32.Build.0 = Internal|Win32
		{1E2BA299-B543-465D-B400-71A115EDE6A8}.ProfileE|Win32.ActiveCfg = Internal|Win32
		{1E2BA299-B543-465D-B400-71A115EDE6A8}.ProfileE|Win32.Build.0 = Internal|Win32
		{1E2BA299-B543-465D-B400-71A115EDE6A8}.Release|Win32.ActiveCfg = Release|Win32
		{1E2BA299-B543-465D-B400-71A115EDE6A8}.Release|Win32.Build.0 = Release|Win32
		{1E2BA299-B543-465D-B400-71A115EDE6A8}.Spanish|Win32.ActiveCfg = Internal|Win32
		{1E2BA299-B543-465D-B400-71A115EDE6A8}.Spanish|Win32.Build.0 = Internal|Win32
		{1E2BA299-B543-465D-B400-71A115EDE6A8}.Template|Win32.ActiveCfg = Template|Win32
		{1E2BA299-B543-465D-B400-71A115EDE6A8}.Template|Win32.Build.0 = Template|Win32
		{1F3439F3-BFED-4AFB-97FF-B567AAD132EA}.Debug|Win32.ActiveCfg = Debug|Win32
		{1F3439F3-BFED-4AFB-97FF-B567AAD132EA}.Debug|Win32.Build.0 = Debug|Win32
		{1F3439F3-BFED-4AFB-97FF-B567AAD132EA}.DebugE|Win32.ActiveCfg = Debug|Win32
		{1F3439F3-BFED-4AFB-97FF-B567AAD132EA}.DebugE|Win32.Build.0 = Debug|Win32
		{1F3439F3-BFED-4AFB-97FF-B567AAD132EA}.DebugW3D|Win32.ActiveCfg = Debug|Win32
		{1F3439F3-BFED-4AFB-97FF-B567AAD132EA}.DebugW3D|Win32.Build.0 = Debug|Win32
		{1F3439F3-BFED-4AFB-97FF-B567AAD132EA}.French|Win32.ActiveCfg = Internal|Win32
		{1F3439F3-BFED-4AFB-97FF-B567AAD132EA}.French|Win32.Build.0 = Internal|Win32
		{1F3439F3-BFED-4AFB-97FF-B567AAD132EA}.German|Win32.ActiveCfg = Internal|Win32
		{1F3439F3-BFED-4AFB-97FF-B567AAD132EA}.German|Win32.Build.0 = Internal|Win32
		{1F3439F3-BFED-4AFB-97FF-B567AAD132EA}.Internal|Win32.ActiveCfg = Internal|Win32
		{1F3439F3-BFED-4AFB-97FF-B567AAD132EA}.Internal|Win32.Build.0 = Internal|Win32
		{1F3439F3-BFED-4AFB-97FF-B567AAD132EA}.Profile|Win32.ActiveCfg = Profile|Win32
		{1F3439F3-BFED-4AFB-97FF-B567AAD132EA}.Profile|Win32.Build.0 = Profile|Win32
		{1F3439F3-BFED-4AFB-97FF-B567AAD132EA}.ProfileE|Win32.ActiveCfg = Profile|Win32
		{1F3439F3-BFED-4AFB-97FF-B567AAD132EA}.ProfileE|Win32.Build.0 = Profile|Win32
		{1F3439F3-BFED-4AFB-97FF-B567AAD132EA}.Release|Win32.ActiveCfg = Release|Win32
		{1F3439F3-BFED-4AFB-97FF-B567AAD132EA}.Release|Win32.Build.0 = Release|Win32
		{1F3439F3-BFED-4AFB-97FF-B567AAD132EA}.Spanish|Win32.ActiveCfg = Internal|Win32
		{1F3439F3-BFED-4AFB-97FF-B567AAD132EA}.Spanish|Win32.Build.0 = Internal|Win32
		{1F3439F3-BFED-4AFB-97FF-B567AAD132EA}.Template|Win32.ActiveCfg = Template|Win32
		{1F3439F3-BFED-4AFB-97FF-B567AAD132EA}.Template|Win32.Build.0 = Template|Win32
		{BAE7C8A1-6504-45DD-A4AA-612AB614ACE8}.Debug|Win32.ActiveCfg = Debug|Win32
		{BAE7C8A1-6504-45DD-A4AA-612AB614ACE8}.Debug|Win32.Build.0 = Debug|Win32
		{BAE7C8A1-6504-45DD-A4AA-612AB614ACE8}.DebugE|Win32.ActiveCfg = Debug|Win32
		{BAE7C8A1-6504-45DD-A4AA-612AB614ACE8}.DebugE|Win32.Build.0 = Debug|Win32
		{BAE7C8A1-6504-45DD-A4AA-612AB614ACE8}.DebugW3D|Win32.ActiveCfg = Debug|Win32
		{BAE7C8A1-6504-45DD-A4AA-612AB614ACE8}.DebugW3D|Win32.Build.0 = Debug|Win32
		{BAE7C8A1-6504-45DD-A4AA-612AB614ACE8}.French|Win32.ActiveCfg = Internal|Win32
		{BAE7C8A1-6504-45DD-A4AA-612AB614ACE8}.French|Win32.Build.0 = Internal|Win32
		{BAE7C8A1-6504-45DD-A4AA-612AB614ACE8}.German|Win32.ActiveCfg = Internal|Win32
		{BAE7C8A1-6504-45DD-A4AA-612AB614ACE8}.German|Win32.Build.0 = Internal|Win32
		{BAE7C8A1-6504-45DD-A4AA-612AB614ACE8}.Internal|Win32.ActiveCfg = Internal|Win32
		{BAE7C8A1-6504-45DD-A4AA-612AB614ACE8}.Internal|Win32.Build.0 = Internal|Win32
		{BAE7C8A1-6504-45DD-A4AA-612AB614ACE8}.Profile|Win32.ActiveCfg = Profile|Win32
		{BAE7C8A1-6504-45DD-A4AA-612AB614ACE8}.Profile|Win32.Build.0 = Profile|Win32
		{BAE7C8A1-6504-45DD-A4AA-612AB614ACE8}.ProfileE|Win32.ActiveCfg = Profile|Win32
		{BAE7C8A1-6504-45DD-A4AA-612AB614ACE8}.ProfileE|Win32.Build.0 = Profile|Win32
		{BAE7C8A1-6504-45DD-A4AA-612AB614ACE8}.Release|Win32.ActiveCfg = Release|Win32
		{BAE7C8A1-6504-45DD-A4AA-612AB614ACE8}.Release|Win32.Build.0 = Release|Win32
		{BAE7C8A1-6504-45DD-A4AA-612AB614ACE8}.Spanish|Win32.ActiveCfg = Internal|Win32
		{BAE7C8A1-6504-45DD-A4AA-612AB614ACE8}.Spanish|Win32.Build.0 = Internal|Win32
		{BAE7C8A1-6504-45DD-A4AA-612AB614ACE8}.Template|Win32.ActiveCfg = Template|Win32
		{BAE7C8A1-6504-45DD-A4AA-612AB614ACE8}.Template|Win32.Build.0 = Template|Win32
		{A7F502C7-FE82-4273-B3ED-9AC12AADA88C}.Debug|Win32.ActiveCfg = Debug|Win32
		{A7F502C7-FE82-4273-B3ED-9AC12AADA88C}.Debug|Win32.Build.0 = Debug|Win32
		{A7F502C7-FE82-4273-B3ED-9AC12AADA88C}.DebugE|Win32.ActiveCfg = Debug|Win32
		{A7F502C7-FE82-4273-B3ED-9AC12AADA88C}.DebugE|Win32.Build.0 = Debug|Win32
		{A7F502C7-FE82-4273-B3ED-9AC12AADA88C}.DebugW3D|Win32.ActiveCfg = Debug|Win32
		{A7F502C7-FE82-4273-B3ED-9AC12AADA88C}.DebugW3D|Win32.Build.0 = Debug|Win32
		{A7F502C7-FE82-4273-B3ED-9AC12AADA88C}.French|Win32.ActiveCfg = Internal|Win32
		{A7F502C7-FE82-4273-B3ED-9AC12AADA88C}.French|Win32.Build.0 = Internal|Win32
		{A7F502C7-FE82-4273-B3ED-9AC12AADA88C}.German|Win32.ActiveCfg = Internal|Win32
		{A7F502C7-FE82-4273-B3ED-9AC12AADA88C}.German|Win32.Build.0 = Internal|Win32
		{A7F502C7-FE82-4273-B3ED-9AC12AADA88C}.Internal|Win32.ActiveCfg = Internal|Win32
		{A7F502C7-FE82-4273-B3ED-9AC12AADA88C}.Internal|Win32.Build.0 = Internal|Win32
		{A7F502C7-FE82-4273-B3ED-9AC12AADA88C}.Profile|Win32.ActiveCfg = Internal|Win32
		{A7F502C7-FE82-4273-B3ED-9AC12AADA88C}.Profile|Win32.Build.0 = Internal|Win32
		{A7F502C7-FE82-4273-B3ED-9AC12AADA88C}.ProfileE|Win32.ActiveCfg = Internal|Win32
		{A7F502C7-FE82-4273-B3ED-9AC12AADA88C}.ProfileE|Win32.Build.0 = Internal|Win32
		{A7F502C7-FE82-4273-B3ED-9AC12AADA88C}.Release|Win32.ActiveCfg = Release|Win32
		{A7F502C7-FE82-4273-B3ED-9AC12AADA88C}.Release|Win32.Build.0 = Release|Win32
		{A7F502C7-FE82-4273-B3ED-9AC12AADA88C}.Spanish|Win32.ActiveCfg = Internal|Win32
		{A7F502C7-FE82-4273-B3ED-9AC12AADA88C}.Spanish|Win32.Build.0 = Internal|Win32
		{A7F502C7-FE82-4273-B3ED-9AC12AADA88C}.Template|Win32.ActiveCfg = Template|Win32
		{A7F502C7-FE82-4273-B3ED-9AC12AADA88C}.Template|Win32.Build.0 = Template|Win32
		{7724C5EB-D168-40EA-ACA7-3099B45F3D0D}.Debug|Win32.ActiveCfg = Debug|Win32
		{7724C5EB-D168-40EA-ACA7-3099B45F3D0D}.Debug|Win32.Build.0 = Debug|Win32
		{7724C5EB-D168-40EA-ACA7-3099B45F3D0D}.DebugE|Win32.ActiveCfg = Debug|Win32
		{7724C5EB-D168-40EA-ACA7-3099B45F3D0D}.DebugE|Win32.Build.0 = Debug|Win32
		{7724C5EB-D168-40EA-ACA7-3099B45F3D0D}.DebugW3D|Win32.ActiveCfg = Debug|Win32
		{7724C5EB-D168-40EA-ACA7-3099B45F3D0D}.DebugW3D|Win32.Build.0 = Debug|Win32
		{7724C5EB-D168-40EA-ACA7-3099B45F3D0D}.French|Win32.ActiveCfg = Internal|Win32
		{7724C5EB-D168-40EA-ACA7-3099B45F3D0D}.French|Win32.Build.0 = Internal|Win32
		{7724C5EB-D168-40EA-ACA7-3099B45F3D0D}.German|Win32.ActiveCfg = Internal|Win32
		{7724C5EB-D168-40EA-ACA7-3099B45F3D0D}.German|Win32.Build.0 = Internal|Win32
		{7724C5EB-D168-40EA-ACA7-3099B45F3D0D}.Internal|Win32.ActiveCfg = Internal|Win32
		{7724C5EB-D168-40EA-ACA7-3099B45F3D0D}.Internal|Win32.Build.0 = Internal|Win32
		{7724C5EB-D168-40EA-ACA7-3099B45F3D0D}.Profile|Win32.ActiveCfg = Internal|Win32
		{7724C5EB-D168-40EA-ACA7-3099B45F3D0D}.Profile|Win32.Build.0 = Internal|Win32
		{7724C5EB-D168-40EA-ACA7-3099B45F3D0D}.ProfileE|Win32.ActiveCfg = Internal|Win32
		{7724C5EB-D168-40EA-ACA7-3099B45F3D0D}.ProfileE|Win32.Build.0 = Internal|Win32
		{7724C5EB-D168-40EA-ACA7-3099B45F3D0D}.Release|Win32.ActiveCfg = Release|Win32
		{7724C5EB-D168-40EA-ACA7-3099B45F3D0D}.Release|Win32.Build.0 = Release|Win32
		{7724C5EB-D168-40EA-ACA7-3099B45F3D0D}.Spanish|Win32.ActiveCfg = Internal|Win32
		{7724C5EB-D168-40EA-ACA7-3099B45F3D0D}.Spanish|Win32.Build.0 = Internal|Win32
		{7724C5EB-D168-40EA-ACA7-3099B45F3D0D}.Template|Win32.ActiveCfg = Template|Win32
		{7724C5EB-D168-40EA-ACA7-3099B45F3D0D}.Template|Win32.Build.0 = Template|Win32
		{36D48316-8D8B-40D3-A07B-F771C20F2E4D}.Debug|Win32.ActiveCfg = Debug|Win32
		{36D48316-8D8B-40D3-A07B-F771C20F2E4D}.Debug|Win32.Build.0 = Debug|Win32
		{36D48316-8D8B-40D3-A07B-F771C20F2E4D}.DebugE|Win32.ActiveCfg = Debug|Win32
		{36D48316-8D8B-40D3-A07B-F771C20F2E4D}.DebugE|Win32.Build.0 = Debug|Win32
		{36D48316-8D8B-40D3-A07B-F771C20F2E4D}.DebugW3D|Win32.ActiveCfg = Debug|Win32
		{36D48316-8D8B-40D3-A07B-F771C20F2E4D}.DebugW3D|Win32.Build.0 = Debug|Win32
		{36D48316-8D8B-40D3-A07B-F771C20F2E4D}.French|Win32.ActiveCfg = Template|Win32
		{36D48316-8D8B-40D3-A07B-F771C20F2E4D}.French|Win32.Build.0 = Template|Win32
		{36D48316-8D8B-40D3-A07B-F771C20F2E4D}.German|Win32.ActiveCfg = Template|Win32
		{36D48316-8D8B-40D3-A07B-F771C20F2E4D}.German|Win32.Build.0 = Template|Win32
		{36D48316-8D8B-40D3-A07B-F771C20F2E4D}.Internal|Win32.ActiveCfg = Template|Win32
		{36D48316-8D8B-40D3-A07B-F771C20F2E4D}.Internal|Win32.Build.0 = Template|Win32
		{36D48316-8D8B-40D3-A07B-F771C20F2E4D}.Profile|Win32.ActiveCfg = Template|Win32
		{36D48316-8D8B-40D3-A07B-F771C20F2E4D}.Profile|Win32.Build.0 = Template|Win32
		{36D48316-8D8B-40D3-A07B-F771C20F2E4D}.ProfileE|Win32.ActiveCfg = Template|Win32
		{36D48316-8D8B-40D3-A07B-F771C20F2E4D}.ProfileE|Win32.Build.0 = Template|Win32
		{36D48316-8D8B-40D3-A07B-F771C20F2E4D}.Release|Win32.ActiveCfg = Release|Win32
		{36D48316-8D8B-40D3-A07B-F771C20F2E4D}.Release|Win32.Build.0 = Release|Win32
		{36D48316-8D8B-40D3-A07B-F771C20F2E4D}.Spanish|Win32.ActiveCfg = Template|Win32
		{36D48316-8D8B-40D3-A07B-F771C20F2E4D}.Spanish|Win32.Build.0 = Template|Win32
		{36D48316-8D8B-40D3-A07B-F771C20F2E4D}.Template|Win32.ActiveCfg = Template|Win32
		{36D48316-8D8B-40D3-A07B-F771C20F2E4D}.Template|Win32.Build.0 = Template|Win32
		{C16A6818-6246-46ED-B805-4DBB7C2FD156}.Debug|Win32.ActiveCfg = Debug|Win32
		{C16A6818-6246-46ED-B805-4DBB7C2FD156}.Debug|Win32.Build.0 = Debug|Win32
		{C16A6818-6246-46ED-B805-4DBB7C2FD156}.DebugE|Win32.ActiveCfg = DebugW3D|Win32
		{C16A6818-6246-46ED-B805-4DBB7C2FD156}.DebugE|Win32.Build.0 = DebugW3D|Win32
		{C16A6818-6246-46ED-B805-4DBB7C2FD156}.DebugW3D|Win32.ActiveCfg = DebugW3D|Win32
		{C16A6818-6246-46ED-B805-4DBB7C2FD156}.DebugW3D|Win32.Build.0 = DebugW3D|Win32
		{C16A6818-6246-46ED-B805-4DBB7C2FD156}.French|Win32.ActiveCfg = DebugW3D|Win32
		{C16A6818-6246-46ED-B805-4DBB7C2FD156}.French|Win32.Build.0 = DebugW3D|Win32
		{C16A6818-6246-46ED-B805-4DBB7C2FD156}.German|Win32.ActiveCfg = DebugW3D|Win32
		{C16A6818-6246-46ED-B805-4DBB7C2FD156}.German|Win32.Build.0 = DebugW3D|Win32
		{C16A6818-6246-46ED-B805-4DBB7C2FD156}.Internal|Win32.ActiveCfg = Internal|Win32
		{C16A6818-6246-46ED-B805-4DBB7C2FD156}.Internal|Win32.Build.0 = Internal|Win32
		{C16A6818-6246-46ED-B805-4DBB7C2FD156}.Profile|Win32.ActiveCfg = Profile|Win32
		{C16A6818-6246-46ED-B805-4DBB7C2FD156}.Profile|Win32.Build.0 = Profile|Win32
		{C16A6818-6246-46ED-B805-4DBB7C2FD156}.ProfileE|Win32.ActiveCfg = Profile|Win32
		{C16A6818-6246-46ED-B805-4DBB7C2FD156}.ProfileE|Win32.Build.0 = Profile|Win32
		{C16A6818-6246-46ED-B805-4DBB7C2FD156}.Release|Win32.ActiveCfg = Release|Win32
		{C16A6818-6246-46ED-B805-4DBB7C2FD156}.Release|Win32.Build.0 = Release|Win32
		{C16A6818-6246-46ED-B805-4DBB7C2FD156}.Spanish|Win32.ActiveCfg = DebugW3D|Win32
		{C16A6818-6246-46ED-B805-4DBB7C2FD156}.Spanish|Win32.Build.0 = DebugW3D|Win32
		{C16A6818-6246-46ED-B805-4DBB7C2FD156}.Template|Win32.ActiveCfg = Template|Win32
		{C16A6818-6246-46ED-B805-4DBB7C2FD156}.Template|Win32.Build.0 = Template|Win32
		{DD6AD835-00C8-462D-97B2-15DB79B95D61}.Debug|Win32.ActiveCfg = Debug|Win32
		{DD6AD835-00C8-462D-97B2-15DB79B95D61}.Debug|Win32.Build.0 = Debug|Win32
		{DD6AD835-00C8-462D-97B2-15DB79B95D61}.DebugE|Win32.ActiveCfg = Debug|Win32
		{DD6AD835-00C8-462D-97B2-15DB79B95D61}.DebugE|Win32.Build.0 = Debug|Win32
		{DD6AD835-00C8-462D-97B2-15DB79B95D61}.DebugW3D|Win32.ActiveCfg = Debug|Win32
		{DD6AD835-00C8-462D-97B2-15DB79B95D61}.DebugW3D|Win32.Build.0 = Debug|Win32
		{DD6AD835-00C8-462D-97B2-15DB79B95D61}.French|Win32.ActiveCfg = Internal|Win32
		{DD6AD835-00C8-462D-97B2-15DB79B95D61}.French|Win32.Build.0 = Internal|Win32
		{DD6AD835-00C8-462D-97B2-15DB79B95D61}.German|Win32.ActiveCfg = Internal|Win32
		{DD6AD835-00C8-462D-97B2-15DB79B95D61}.German|Win32.Build.0 = Internal|Win32
		{DD6AD835-00C8-462D-97B2-15DB79B95D61}.Internal|Win32.ActiveCfg = Internal|Win32
		{DD6AD835-00C8-462D-97B2-15DB79B95D61}.Internal|Win32.Build.0 = Internal|Win32
		{DD6AD835-00C8-462D-97B2-15DB79B95D61}.Profile|Win32.ActiveCfg = Internal|Win32
		{DD6AD835-00C8-462D-97B2-15DB79B95D61}.Profile|Win32.Build.0 = Internal|Win32
		{DD6AD835-00C8-462D-97B2-15DB79B95D61}.ProfileE|Win32.ActiveCfg = Internal|Win32
		{DD6AD835-00C8-462D-97B2-15DB79B95D61}.ProfileE|Win32.Build.0 = Internal|Win32
		{DD6AD835-00C8-462D-97B2-15DB79B95D61}.Release|Win32.ActiveCfg = Release|Win32
		{DD6AD835-00C8-462D-97B2-15DB79B95D61}.Release|Win32.Build.0 = Release|Win32
		{DD6AD835-00C8-462D-97B2-15DB79B95D61}.Spanish|Win32.ActiveCfg = Internal|Win32
		{DD6AD835-00C8-462D-97B2-15DB79B95D61}.Spanish|Win32.Build.0 = Internal|Win32
		{DD6AD835-00C8-462D-97B2-15DB79B95D61}.Template|Win32.ActiveCfg = Template|Win32
		{DD6AD835-00C8-462D-97B2-15DB79B95D61}.Template|Win32.Build.0 = Template|Win32
		{86BF247A-0721-4452-954E-C5ADC1C51825}.Debug|Win32.ActiveCfg = Debug|Win32
		{86BF247A-0721-4452-954E-C5ADC1C51825}.Debug|Win32.Build.0 = Debug|Win32
		{86BF247A-0721-4452-954E-C5ADC1C51825}.DebugE|Win32.ActiveCfg = Debug|Win32
		{86BF247A-0721-4452-954E-C5ADC1C51825}.DebugE|Win32.Build.0 = Debug|Win32
		{86BF247A-0721-4452-954E-C5ADC1C51825}.DebugW3D|Win32.ActiveCfg = Debug|Win32
		{86BF247A-0721-4452-954E-C5ADC1C51825}.DebugW3D|Win32.Build.0 = Debug|Win32
		{86BF247A-0721-4452-954E-C5ADC1C51825}.French|Win32.ActiveCfg = Internal|Win32
		{86BF247A-0721-4452-954E-C5ADC1C51825}.French|Win32.Build.0 = Internal|Win32
		{86BF247A-0721-4452-954E-C5ADC1C51825}.German|Win32.ActiveCfg = Internal|Win32
		{86BF247A-0721-4452-954E-C5ADC1C51825}.German|Win32.Build.0 = Internal|Win32
		{86BF247A-0721-4452-954E-C5ADC1C51825}.Internal|Win32.ActiveCfg = Internal|Win32
		{86BF247A-0721-4452-954E-C5ADC1C51825}.Internal|Win32.Build.0 = Internal|Win32
		{86BF247A-0721-4452-954E-C5ADC1C51825}.Profile|Win32.ActiveCfg = Internal|Win32
		{86BF247A-0721-4452-954E-C5ADC1C51825}.Profile|Win32.Build.0 = Internal|Win32
		{86BF247A-0721-4452-954E-C5ADC1C51825}.ProfileE|Win32.ActiveCfg = Internal|Win32
		{86BF247A-0721-4452-954E-C5ADC1C51825}.ProfileE|Win32.Build.0 = Internal|Win32
		{86BF247A-0721-4452-954E-C5ADC1C51825}.Release|Win32.ActiveCfg = Release|Win32
		{86BF247A-0721-4452-954E-C5ADC1C51825}.Release|Win32.Build.0 = Release|Win32
		{86BF247A-0721-4452-954E-C5ADC1C51825}.Spanish|Win32.ActiveCfg = Internal|Win32
		{86BF247A-0721-4452-954E-C5ADC1C51825}.Spanish|Win32.Build.0 = Internal|Win32
		{86BF247A-0721-4452-954E-C5ADC1C51825}.Template|Win32.ActiveCfg = Template|Win32
		{86BF247A-0721-4452-954E-C5ADC1C51825}.Template|Win32.Build.0 = Template|Win32
		{774D22DC-E6BC-4A3C-B0B8-357BEEA26B87}.Debug|Win32.ActiveCfg = Debug|Win32
		{774D22DC-E6BC-4A3C-B0B8-357BEEA26B87}.Debug|Win32.Build.0 = Debug|Win32
		{774D22DC-E6BC-4A3C-B0B8-357BEEA26B87}.DebugE|Win32.ActiveCfg = Debug|Win32
		{774D22DC-E6BC-4A3C-B0B8-357BEEA26B87}.DebugE|Win32.Build.0 = Debug|Win32
		{774D22DC-E6BC-4A3C-B0B8-357BEEA26B87}.DebugW3D|Win32.ActiveCfg = Debug|Win32
		{774D22DC-E6BC-4A3C-B0B8-357BEEA26B87}.DebugW3D|Win32.Build.0 = Debug|Win32
		{774D22DC-E6BC-4A3C-B0B8-357BEEA26B87}.French|Win32.ActiveCfg = Template|Win32
		{774D22DC-E6BC-4A3C-B0B8-357BEEA26B87}.French|Win32.Build.0 = Template|Win32
		{774D22DC-E6BC-4A3C-B0B8-357BEEA26B87}.German|Win32.ActiveCfg = Template|Win32
		{774D22DC-E6BC-4A3C-B0B8-357BEEA26B87}.German|Win32.Build.0 = Template|Win32
		{774D22DC-E6BC-4A3C-B0B8-357BEEA26B87}.Internal|Win32.ActiveCfg = Template|Win32
		{774D22DC-E6BC-4A3C-B0B8-357BEEA26B87}.Internal|Win32.Build.0 = Template|Win32
		{774D22DC-E6BC-4A3C-B0B8-357BEEA26B87}.Profile|Win32.ActiveCfg = Template|Win32
		{774D22DC-E6BC-4A3C-B0B8-357BEEA26B87}.Profile|Win32.Build.0 = Template|Win32
		{774D22DC-E6BC-4A3C-B0B8-357BEEA26B87}.ProfileE|Win32.ActiveCfg = Template|Win32
		{774D22DC-E6BC-4A3C-B0B8-357BEEA26B87}.ProfileE|Win32.Build.0 = Template|Win32
		{774D22DC-E6BC-4A3C-B0B8-357BEEA26B87}.Release|Win32.ActiveCfg = Release|Win32
		{774D22DC-E6BC-4A3C-B0B8-357BEEA26B87}.Release|Win32.Build.0 = Release|Win32
		{774D22DC-E6BC-4A3C-B0B8-357BEEA26B87}.Spanish|Win32.ActiveCfg = Template|Win32
		{774D22DC-E6BC-4A3C-B0B8-357BEEA26B87}.Spanish|Win32.Build.0 = Template|Win32
		{774D22DC-E6BC-4A3C-B0B8-357BEEA26B87}.Template|Win32.ActiveCfg = Template|Win32
		{774D22DC-E6BC-4A3C-B0B8-357BEEA26B87}.Template|Win32.Build.0 = Template|Win32
		{29D4D3EC-701D-4D52-A7B9-F91AF47D4D7C}.Debug|Win32.ActiveCfg = Debug|Win32
		{29D4D3EC-701D-4D52-A7B9-F91AF47D4D7C}.Debug|Win32.Build.0 = Debug|Win32
		{29D4D3EC-701D-4D52-A7B9-F91AF47D4D7C}.DebugE|Win32.ActiveCfg = Debug|Win32
		{29D4D3EC-701D-4D52-A7B9-F91AF47D4D7C}.DebugE|Win32.Build.0 = Debug|Win32
		{29D4D3EC-701D-4D52-A7B9-F91AF47D4D7C}.DebugW3D|Win32.ActiveCfg = Debug|Win32
		{29D4D3EC-701D-4D52-A7B9-F91AF47D4D7C}.DebugW3D|Win32.Build.0 = Debug|Win32
		{29D4D3EC-701D-4D52-A7B9-F91AF47D4D7C}.French|Win32.ActiveCfg = Template|Win32
		{29D4D3EC-701D-4D52-A7B9-F91AF47D4D7C}.French|Win32.Build.0 = Template|Win32
		{29D4D3EC-701D-4D52-A7B9-F91AF47D4D7C}.German|Win32.ActiveCfg = Template|Win32
		{29D4D3EC-701D-4D52-A7B9-F91AF47D4D7C}.German|Win32.Build.0 = Template|Win32
		{29D4D3EC-701D-4D52-A7B9-F91AF47D4D7C}.Internal|Win32.ActiveCfg = Template|Win32
		{29D4D3EC-701D-4D52-A7B9-F91AF47D4D7C}.Internal|Win32.Build.0 = Template|Win32
		{29D4D3EC-701D-4D52-A7B9-F91AF47D4D7C}.Profile|Win32.ActiveCfg = Template|Win32
		{29D4D3EC-701D-4D52-A7B9-F91AF47D4D7C}.Profile|Win32.Build.0 = Template|Win32
		{29D4D3EC-701D-4D52-A7B9-F91AF47D4D7C}.ProfileE|Win32.ActiveCfg = Template|Win32
		{29D4D3EC-701D-4D52-A7B9-F91AF47D4D7C}.ProfileE|Win32.Build.0 = Template|Win32
		{29D4D3EC-701D-4D52-A7B9-F91AF47D4D7C}.Release|Win32.ActiveCfg = Release|Win32
		{29D4D3EC-701D-4D52-A7B9-F91AF47D4D7C}.Release|Win32.Build.0 = Release|Win32
		{29D4D3EC-701D-4D52-A7B9-F91AF47D4D7C}.Spanish|Win32.ActiveCfg = Template|Win32
		{29D4D3EC-701D-4D52-A7B9-F91AF47D4D7C}.Spanish|Win32.Build.0 = Template|Win32
		{29D4D3EC-701D-4D52-A7B9-F91AF47D4D7C}.Template|Win32.ActiveCfg = Template|Win32
		{29D4D3EC-701D-4D52-A7B9-F91AF47D4D7C}.Template|Win32.Build.0 = Template|Win32
		{64CBAD67-D811-45BC-B0AD-2C898F0C7095}.Debug|Win32.ActiveCfg = Debug|Win32
		{64CBAD67-D811-45BC-B0AD-2C898F0C7095}.Debug|Win32.Build.0 = Debug|Win32
		{64CBAD67-D811-45BC-B0AD-2C898F0C7095}.DebugE|Win32.ActiveCfg = Debug|Win32
		{64CBAD67-D811-45BC-B0AD-2C898F0C7095}.DebugE|Win32.Build.0 = Debug|Win32
		{64CBAD67-D811-45BC-B0AD-2C898F0C7095}.DebugW3D|Win32.ActiveCfg = Debug|Win32
		{64CBAD67-D811-45BC-B0AD-2C898F0C7095}.DebugW3D|Win32.Build.0 = Debug|Win32
		{64CBAD67-D811-45BC-B0AD-2C898F0C7095}.French|Win32.ActiveCfg = Internal|Win32
		{64CBAD67-D811-45BC-B0AD-2C898F0C7095}.French|Win32.Build.0 = Internal|Win32
		{64CBAD67-D811-45BC-B0AD-2C898F0C7095}.German|Win32.ActiveCfg = Internal|Win32
		{64CBAD67-D811-45BC-B0AD-2C898F0C7095}.German|Win32.Build.0 = Internal|Win32
		{64CBAD67-D811-45BC-B0AD-2C898F0C7095}.Internal|Win32.ActiveCfg = Internal|Win32
		{64CBAD67-D811-45BC-B0AD-2C898F0C7095}.Internal|Win32.Build.0 = Internal|Win32
		{64CBAD67-D811-45BC-B0AD-2C898F0C7095}.Profile|Win32.ActiveCfg = Profile|Win32
		{64CBAD67-D811-45BC-B0AD-2C898F0C7095}.Profile|Win32.Build.0 = Profile|Win32
		{64CBAD67-D811-45BC-B0AD-2C898F0C7095}.ProfileE|Win32.ActiveCfg = Profile|Win32
		{64CBAD67-D811-45BC-B0AD-2C898F0C7095}.ProfileE|Win32.Build.0 = Profile|Win32
		{64CBAD67-D811-45BC-B0AD-2C898F0C7095}.Release|Win32.ActiveCfg = Release|Win32
		{64CBAD67-D811-45BC-B0AD-2C898F0C7095}.Release|Win32.Build.0 = Release|Win32
		{64CBAD67-D811-45BC-B0AD-2C898F0C7095}.Spanish|Win32.ActiveCfg = Internal|Win32
		{64CBAD67-D811-45BC-B0AD-2C898F0C7095}.Spanish|Win32.Build.0 = Internal|Win32
		{64CBAD67-D811-45BC-B0AD-2C898F0C7095}.Template|Win32.ActiveCfg = Template|Win32
		{64CBAD67-D811-45BC-B0AD-2C898F0C7095}.Template|Win32.Build.0 = Template|Win32
		{6C9DACB1-5328-4D0E-BD18-68332A2B656E}.Debug|Win32.ActiveCfg = Debug|Win32
		{6C9DACB1-5328-4D0E-BD18-68332A2B656E}.Debug|Win32.Build.0 = Debug|Win32
		{6C9DACB1-5328-4D0E-BD18-68332A2B656E}.DebugE|Win32.ActiveCfg = Debug|Win32
		{6C9DACB1-5328-4D0E-BD18-68332A2B656E}.DebugE|Win32.Build.0 = Debug|Win32
		{6C9DACB1-5328-4D0E-BD18-68332A2B656E}.DebugW3D|Win32.ActiveCfg = Debug|Win32
		{6C9DACB1-5328-4D0E-BD18-68332A2B656E}.DebugW3D|Win32.Build.0 = Debug|Win32
		{6C9DACB1-5328-4D0E-BD18-68332A2B656E}.French|Win32.ActiveCfg = Template|Win32
		{6C9DACB1-5328-4D0E-BD18-68332A2B656E}.French|Win32.Build.0 = Template|Win32
		{6C9DACB1-5328-4D0E-BD18-68332A2B656E}.German|Win32.ActiveCfg = Template|Win32
		{6C9DACB1-5328-4D0E-BD18-68332A2B656E}.German|Win32.Build.0 = Template|Win32
		{6C9DACB1-5328-4D0E-BD18-68332A2B656E}.Internal|Win32.ActiveCfg = Template|Win32
		{6C9DACB1-5328-4D0E-BD18-68332A2B656E}.Internal|Win32.Build.0 = Template|Win32
		{6C9DACB1-5328-4D0E-BD18-68332A2B656E}.Profile|Win32.ActiveCfg = Template|Win32
		{6C9DACB1-5328-4D0E-BD18-68332A2B656E}.Profile|Win32.Build.0 = Template|Win32
		{6C9DACB1-5328-4D0E-BD18-68332A2B656E}.ProfileE|Win32.ActiveCfg = Template|Win32
		{6C9DACB1-5328-4D0E-BD18-68332A2B656E}.ProfileE|Win32.Build.0 = Template|Win32
		{6C9DACB1-5328-4D0E-BD18-68332A2B656E}.Release|Win32.ActiveCfg = Release|Win32
		{6C9DACB1-5328-4D0E-BD18-68332A2B656E}.Release|Win32.Build.0 = Release|Win32
		{6C9DACB1-5328-4D0E-BD18-68332A2B656E}.Spanish|Win32.ActiveCfg = Template|Win32
		{6C9DACB1-5328-4D0E-BD18-68332A2B656E}.Spanish|Win32.Build.0 = Template|Win32
		{6C9DACB1-5328-4D0E-BD18-68332A2B656E}.Template|Win32.ActiveCfg = Template|Win32
		{6C9DACB1-5328-4D0E-BD18-68332A2B656E}.Template|Win32.Build.0 = Template|Win32
		{3421E9E0-CF61-4692-9100-0C23DBCA8023}.Debug|Win32.ActiveCfg = Debug|Win32
		{3421E9E0-CF61-4692-9100-0C23DBCA8023}.Debug|Win32.Build.0 = Debug|Win32
		{3421E9E0-CF61-4692-9100-0C23DBCA8023}.DebugE|Win32.ActiveCfg = Debug|Win32
		{3421E9E0-CF61-4692-9100-0C23DBCA8023}.DebugE|Win32.Build.0 = Debug|Win32
		{3421E9E0-CF61-4692-9100-0C23DBCA8023}.DebugW3D|Win32.ActiveCfg = Debug|Win32
		{3421E9E0-CF61-4692-9100-0C23DBCA8023}.DebugW3D|Win32.Build.0 = Debug|Win32
		{3421E9E0-CF61-4692-9100-0C23DBCA8023}.French|Win32.ActiveCfg = French|Win32
		{3421E9E0-CF61-4692-9100-0C23DBCA8023}.French|Win32.Build.0 = French|Win32
		{3421E9E0-CF61-4692-9100-0C23DBCA8023}.German|Win32.ActiveCfg = German|Win32
		{3421E9E0-CF61-4692-9100-0C23DBCA8023}.German|Win32.Build.0 = German|Win32
		{3421E9E0-CF61-4692-9100-0C23DBCA8023}.Internal|Win32.ActiveCfg = Template|Win32
		{3421E9E0-CF61-4692-9100-0C23DBCA8023}.Internal|Win32.Build.0 = Template|Win32
		{3421E9E0-CF61-4692-9100-0C23DBCA8023}.Profile|Win32.ActiveCfg = Template|Win32
		{3421E9E0-CF61-4692-9100-0C23DBCA8023}.Profile|Win32.Build.0 = Template|Win32
		{3421E9E0-CF61-4692-9100-0C23DBCA8023}.ProfileE|Win32.ActiveCfg = Template|Win32
		{3421E9E0-CF61-4692-9100-0C23DBCA8023}.ProfileE|Win32.Build.0 = Template|Win32
		{3421E9E0-CF61-4692-9100-0C23DBCA8023}.Release|Win32.ActiveCfg = Release|Win32
		{3421E9E0-CF61-4692-9100-0C23DBCA8023}.Release|Win32.Build.0 = Release|Win32
		{3421E9E0-CF61-4692-9100-0C23DBCA8023}.Spanish|Win32.ActiveCfg = Spanish|Win32
		{3421E9E0-CF61-4692-9100-0C23DBCA8023}.Spanish|Win32.Build.0 = Spanish|Win32
		{3421E9E0-CF61-4692-9100-0C23DBCA8023}.Template|Win32.ActiveCfg = Template|Win32
		{3421E9E0-CF61-4692-9100-0C23DBCA8023}.Template|Win32.Build.0 = Template|Win32
		{6854A2BD-FBDC-423A-9A8C-05FB2713A5AE}.Debug|Win32.ActiveCfg = Debug|Win32
		{6854A2BD-FBDC-423A-9A8C-05FB2713A5AE}.Debug|Win32.Build.0 = Debug|Win32
		{6854A2BD-FBDC-423A-9A8C-05FB2713A5AE}.DebugE|Win32.ActiveCfg = Debug|Win32
		{6854A2BD-FBDC-423A-9A8C-05FB2713A5AE}.DebugE|Win32.Build.0 = Debug|Win32
		{6854A2BD-FBDC-423A-9A8C-05FB2713A5AE}.DebugW3D|Win32.ActiveCfg = Debug|Win32
		{6854A2BD-FBDC-423A-9A8C-05FB2713A5AE}.DebugW3D|Win32.Build.0 = Debug|Win32
		{6854A2BD-FBDC-423A-9A8C-05FB2713A5AE}.French|Win32.ActiveCfg = Internal|Win32
		{6854A2BD-FBDC-423A-9A8C-05FB2713A5AE}.French|Win32.Build.0 = Internal|Win32
		{6854A2BD-FBDC-423A-9A8C-05FB2713A5AE}.German|Win32.ActiveCfg = Internal|Win32
		{6854A2BD-FBDC-423A-9A8C-05FB2713A5AE}.German|Win32.Build.0 = Internal|Win32
		{6854A2BD-FBDC-423A-9A8C-05FB2713A5AE}.Internal|Win32.ActiveCfg = Internal|Win32
		{6854A2BD-FBDC-423A-9A8C-05FB2713A5AE}.Internal|Win32.Build.0 = Internal|Win32
		{6854A2BD-FBDC-423A-9A8C-05FB2713A5AE}.Profile|Win32.ActiveCfg = Profile|Win32
		{6854A2BD-FBDC-423A-9A8C-05FB2713A5AE}.Profile|Win32.Build.0 = Profile|Win32
		{6854A2BD-FBDC-423A-9A8C-05FB2713A5AE}.ProfileE|Win32.ActiveCfg = Profile|Win32
		{6854A2BD-FBDC-423A-9A8C-05FB2713A5AE}.ProfileE|Win32.Build.0 = Profile|Win32
		{6854A2BD-FBDC-423A-9A8C-05FB2713A5AE}.Release|Win32.ActiveCfg = Release|Win32
		{6854A2BD-FBDC-423A-9A8C-05FB2713A5AE}.Release|Win32.Build.0 = Release|Win32
		{6854A2BD-FBDC-423A-9A8C-05FB2713A5AE}.Spanish|Win32.ActiveCfg = Internal|Win32
		{6854A2BD-FBDC-423A-9A8C-05FB2713A5AE}.Spanish|Win32.Build.0 = Internal|Win32
		{6854A2BD-FBDC-423A-9A8C-05FB2713A5AE}.Template|Win32.ActiveCfg = Template|Win32
		{6854A2BD-FBDC-423A-9A8C-05FB2713A5AE}.Template|Win32.Build.0 = Template|Win32
		{34C59081-9215-4B98-9B71-FC59C996B4C0}.Debug|Win32.ActiveCfg = Debug|Win32
		{34C59081-9215-4B98-9B71-FC59C996B4C0}.Debug|Win32.Build.0 = Debug|Win32
		{34C59081-9215-4B98-9B71-FC59C996B4C0}.DebugE|Win32.ActiveCfg = Debug|Win32
		{34C59081-9215-4B98-9B71-FC59C996B4C0}.DebugE|Win32.Build.0 = Debug|Win32
		{34C59081-9215-4B98-9B71-FC59C996B4C0}.DebugW3D|Win32.ActiveCfg = Debug|Win32
		{34C59081-9215-4B98-9B71-FC59C996B4C0}.DebugW3D|Win32.Build.0 = Debug|Win32
		{34C59081-9215-4B98-9B71-FC59C996B4C0}.French|Win32.ActiveCfg = Template|Win32
		{34C59081-9215-4B98-9B71-FC59C996B4C0}.French|Win32.Build.0 = Template|Win32
		{34C59081-9215-4B98-9B71-FC59C996B4C0}.German|Win32.ActiveCfg = Template|Win32
		{34C59081-9215-4B98-9B71-FC59C996B4C0}.German|Win32.Build.0 = Template|Win32
		{34C59081-9215-4B98-9B71-FC59C996B4C0}.Internal|Win32.ActiveCfg = Template|Win32
		{34C59081-9215-4B98-9B71-FC59C996B4C0}.Internal|Win32.Build.0 = Template|Win32
		{34C59081-9215-4B98-9B71-FC59C996B4C0}.Profile|Win32.ActiveCfg = Template|Win32
		{34C59081-9215-4B98-9B71-FC59C996B4C0}.Profile|Win32.Build.0 = Template|Win32
		{34C59081-9215-4B98-9B71-FC59C996B4C0}.ProfileE|Win32.ActiveCfg = Template|Win32
		{34C59081-9215-4B98-9B71-FC59C996B4C0}.ProfileE|Win32.Build.0 = Template|Win32
		{34C59081-9215-4B98-9B71-FC59C996B4C0}.Release|Win32.ActiveCfg = Release|Win32
		{34C59081-9215-4B98-9B71-FC59C996B4C0}.Release|Win32.Build.0 = Release|Win32
		{34C59081-9215-4B98-9B71-FC59C996B4C0}.Spanish|Win32.ActiveCfg = Template|Win32
		{34C59081-9215-4B98-9B71-FC59C996B4C0}.Spanish|Win32.Build.0 = Template|Win32
		{34C59081-9215-4B98-9B71-FC59C996B4C0}.Template|Win32.ActiveCfg = Template|Win32
		{34C59081-9215-4B98-9B71-FC59C996B4C0}.Template|Win32.Build.0 = Template|Win32
		{DD791C17-902C-4236-BBEE-351C4DDCBE67}.Debug|Win32.ActiveCfg = Debug|Win32
		{DD791C17-902C-4236-BBEE-351C4DDCBE67}.Debug|Win32.Build.0 = Debug|Win32
		{DD791C17-902C-4236-BBEE-351C4DDCBE67}.DebugE|Win32.ActiveCfg = DebugE|Win32
		{DD791C17-902C-4236-BBEE-351C4DDCBE67}.DebugE|Win32.Build.0 = DebugE|Win32
		{DD791C17-902C-4236-BBEE-351C4DDCBE67}.DebugW3D|Win32.ActiveCfg = DebugW3D|Win32
		{DD791C17-902C-4236-BBEE-351C4DDCBE67}.DebugW3D|Win32.Build.0 = DebugW3D|Win32
		{DD791C17-902C-4236-BBEE-351C4DDCBE67}.French|Win32.ActiveCfg = DebugW3D|Win32
		{DD791C17-902C-4236-BBEE-351C4DDCBE67}.French|Win32.Build.0 = DebugW3D|Win32
		{DD791C17-902C-4236-BBEE-351C4DDCBE67}.German|Win32.ActiveCfg = DebugW3D|Win32
		{DD791C17-902C-4236-BBEE-351C4DDCBE67}.German|Win32.Build.0 = DebugW3D|Win32
		{DD791C17-902C-4236-BBEE-351C4DDCBE67}.Internal|Win32.ActiveCfg = Internal|Win32
		{DD791C17-902C-4236-BBEE-351C4DDCBE67}.Internal|Win32.Build.0 = Internal|Win32
		{DD791C17-902C-4236-BBEE-351C4DDCBE67}.Profile|Win32.ActiveCfg = Profile|Win32
		{DD791C17-902C-4236-BBEE-351C4DDCBE67}.Profile|Win32.Build.0 = Profile|Win32
		{DD791C17-902C-4236-BBEE-351C4DDCBE67}.ProfileE|Win32.ActiveCfg = ProfileE|Win32
		{DD791C17-902C-4236-BBEE-351C4DDCBE67}.ProfileE|Win32.Build.0 = ProfileE|Win32
		{DD791C17-902C-4236-BBEE-351C4DDCBE67}.Release|Win32.ActiveCfg = Release|Win32
		{DD791C17-902C-4236-BBEE-351C4DDCBE67}.Release|Win32.Build.0 = Release|Win32
		{DD791C17-902C-4236-BBEE-351C4DDCBE67}.Spanish|Win32.ActiveCfg = DebugW3D|Win32
		{DD791C17-902C-4236-BBEE-351C4DDCBE67}.Spanish|Win32.Build.0 = DebugW3D|Win32
		{DD791C17-902C-4236-BBEE-351C4DDCBE67}.Template|Win32.ActiveCfg = Template|Win32
		{DD791C17-902C-4236-BBEE-351C4DDCBE67}.Template|Win32.Build.0 = Template|Win32
		{BD293889-87BD-4C2A-A9BF-FA0817F4D48A}.Debug|Win32.ActiveCfg = Debug|Win32
		{BD293889-87BD-4C2A-A9BF-FA0817F4D48A}.Debug|Win32.Build.0 = Debug|Win32
		{BD293889-87BD-4C2A-A9BF-FA0817F4D48A}.DebugE|Win32.ActiveCfg = DebugW3D|Win32
		{BD293889-87BD-4C2A-A9BF-FA0817F4D48A}.DebugE|Win32.Build.0 = DebugW3D|Win32
		{BD293889-87BD-4C2A-A9BF-FA0817F4D48A}.DebugW3D|Win32.ActiveCfg = DebugW3D|Win32
		{BD293889-87BD-4C2A-A9BF-FA0817F4D48A}.DebugW3D|Win32.Build.0 = DebugW3D|Win32
		{BD293889-87BD-4C2A-A9BF-FA0817F4D48A}.French|Win32.ActiveCfg = DebugW3D|Win32
		{BD293889-87BD-4C2A-A9BF-FA0817F4D48A}.French|Win32.Build.0 = DebugW3D|Win32
		{BD293889-87BD-4C2A-A9BF-FA0817F4D48A}.German|Win32.ActiveCfg = DebugW3D|Win32
		{BD293889-87BD-4C2A-A9BF-FA0817F4D48A}.German|Win32.Build.0 = DebugW3D|Win32
		{BD293889-87BD-4C2A-A9BF-FA0817F4D48A}.Internal|Win32.ActiveCfg = Internal|Win32
		{BD293889-87BD-4C2A-A9BF-FA0817F4D48A}.Internal|Win32.Build.0 = Internal|Win32
		{BD293889-87BD-4C2A-A9BF-FA0817F4D48A}.Profile|Win32.ActiveCfg = Profile|Win32
		{BD293889-87BD-4C2A-A9BF-FA0817F4D48A}.Profile|Win32.Build.0 = Profile|Win32
		{BD293889-87BD-4C2A-A9BF-FA0817F4D48A}.ProfileE|Win32.ActiveCfg = Profile|Win32
		{BD293889-87BD-4C2A-A9BF-FA0817F4D48A}.ProfileE|Win32.Build.0 = Profile|Win32
		{BD293889-87BD-4C2A-A9BF-FA0817F4D48A}.Release|Win32.ActiveCfg = Release|Win32
		{BD293889-87BD-4C2A-A9BF-FA0817F4D48A}.Release|Win32.Build.0 = Release|Win32
		{BD293889-87BD-4C2A-A9BF-FA0817F4D48A}.Spanish|Win32.ActiveCfg = DebugW3D|Win32
		{BD293889-87BD-4C2A-A9BF-FA0817F4D48A}.Spanish|Win32.Build.0 = DebugW3D|Win32
		{BD293889-87BD-4C2A-A9BF-FA0817F4D48A}.Template|Win32.ActiveCfg = Template|Win32
		{BD293889-87BD-4C2A-A9BF-FA0817F4D48A}.Template|Win32.Build.0 = Template|Win32
		{F09D585F-592F-4A24-8141-E5D56175D20C}.Debug|Win32.ActiveCfg = Debug|Win32
		{F09D585F-592F-4A24-8141-E5D56175D20C}.Debug|Win32.Build.0 = Debug|Win32
		{F09D585F-592F-4A24-8141-E5D56175D20C}.DebugE|Win32.ActiveCfg = DebugW3D|Win32
		{F09D585F-592F-4A24-8141-E5D56175D20C}.DebugE|Win32.Build.0 = DebugW3D|Win32
		{F09D585F-592F-4A24-8141-E5D56175D20C}.DebugW3D|Win32.ActiveCfg = DebugW3D|Win32
		{F09D585F-592F-4A24-8141-E5D56175D20C}.DebugW3D|Win32.Build.0 = DebugW3D|Win32
		{F09D585F-592F-4A24-8141-E5D56175D20C}.French|Win32.ActiveCfg = DebugW3D|Win32
		{F09D585F-592F-4A24-8141-E5D56175D20C}.French|Win32.Build.0 = DebugW3D|Win32
		{F09D585F-592F-4A24-8141-E5D56175D20C}.German|Win32.ActiveCfg = DebugW3D|Win32
		{F09D585F-592F-4A24-8141-E5D56175D20C}.German|Win32.Build.0 = DebugW3D|Win32
		{F09D585F-592F-4A24-8141-E5D56175D20C}.Internal|Win32.ActiveCfg = Internal|Win32
		{F09D585F-592F-4A24-8141-E5D56175D20C}.Internal|Win32.Build.0 = Internal|Win32
		{F09D585F-592F-4A24-8141-E5D56175D20C}.Profile|Win32.ActiveCfg = Profile|Win32
		{F09D585F-592F-4A24-8141-E5D56175D20C}.Profile|Win32.Build.0 = Profile|Win32
		{F09D585F-592F-4A24-8141-E5D56175D20C}.ProfileE|Win32.ActiveCfg = Profile|Win32
		{F09D585F-592F-4A24-8141-E5D56175D20C}.ProfileE|Win32.Build.0 = Profile|Win32
		{F09D585F-592F-4A24-8141-E5D56175D20C}.Release|Win32.ActiveCfg = Release|Win32
		{F09D585F-592F-4A24-8141-E5D56175D20C}.Release|Win32.Build.0 = Release|Win32
		{F09D585F-592F-4A24-8141-E5D56175D20C}.Spanish|Win32.ActiveCfg = DebugW3D|Win32
		{F09D585F-592F-4A24-8141-E5D56175D20C}.Spanish|Win32.Build.0 = DebugW3D|Win32
		{F09D585F-592F-4A24-8141-E5D56175D20C}.Template|Win32.ActiveCfg = Template|Win32
		{F09D585F-592F-4A24-8141-E5D56175D20C}.Template|Win32.Build.0 = Template|Win32
		{3DD484A6-13E2-4563-B1C0-7E405E871596}.Debug|Win32.ActiveCfg = Debug|Win32
		{3DD484A6-13E2-4563-B1C0-7E405E871596}.Debug|Win32.Build.0 = Debug|Win32
		{3DD484A6-13E2-4563-B1C0-7E405E871596}.DebugE|Win32.ActiveCfg = DebugW3D|Win32
		{3DD484A6-13E2-4563-B1C0-7E405E871596}.DebugE|Win32.Build.0 = DebugW3D|Win32
		{3DD484A6-13E2-4563-B1C0-7E405E871596}.DebugW3D|Win32.ActiveCfg = DebugW3D|Win32
		{3DD484A6-13E2-4563-B1C0-7E405E871596}.DebugW3D|Win32.Build.0 = DebugW3D|Win32
		{3DD484A6-13E2-4563-B1C0-7E405E871596}.French|Win32.ActiveCfg = DebugW3D|Win32
		{3DD484A6-13E2-4563-B1C0-7E405E871596}.French|Win32.Build.0 = DebugW3D|Win32
		{3DD484A6-13E2-4563-B1C0-7E405E871596}.German|Win32.ActiveCfg = DebugW3D|Win32
		{3DD484A6-13E2-4563-B1C0-7E405E871596}.German|Win32.Build.0 = DebugW3D|Win32
		{3DD484A6-13E2-4563-B1C0-7E405E871596}.Internal|Win32.ActiveCfg = Internal|Win32
		{3DD484A6-13E2-4563-B1C0-7E405E871596}.Internal|Win32.Build.0 = Internal|Win32
		{3DD484A6-13E2-4563-B1C0-7E405E871596}.Profile|Win32.ActiveCfg = Profile|Win32
		{3DD484A6-13E2-4563-B1C0-7E405E871596}.Profile|Win32.Build.0 = Profile|Win32
		{3DD484A6-13E2-4563-B1C0-7E405E871596}.ProfileE|Win32.ActiveCfg = Profile|Win32
		{3DD484A6-13E2-4563-B1C0-7E405E871596}.ProfileE|Win32.Build.0 = Profile|Win32
		{3DD484A6-13E2-4563-B1C0-7E405E871596}.Release|Win32.ActiveCfg = Release|Win32
		{3DD484A6-13E2-4563-B1C0-7E405E871596}.Release|Win32.Build.0 = Release|Win32
		{3DD484A6-13E2-4563-B1C0-7E405E871596}.Spanish|Win32.ActiveCfg = DebugW3D|Win32
		{3DD484A6-13E2-4563-B1C0-7E405E871596}.Spanish|Win32.Build.0 = DebugW3D|Win32
		{3DD484A6-13E2-4563-B1C0-7E405E871596}.Template|Win32.ActiveCfg = Template|Win32
		{3DD484A6-13E2-4563-B1C0-7E405E871596}.Template|Win32.Build.0 = Template|Win32
		{0DC6FFBD-2BD6-4E0E-9461-214B4A4B0A86}.Debug|Win32.ActiveCfg = Debug|Win32
		{0DC6FFBD-2BD6-4E0E-9461-214B4A4B0A86}.Debug|Win32.Build.0 = Debug|Win32
		{0DC6FFBD-2BD6-4E0E-9461-214B4A4B0A86}.DebugE|Win32.ActiveCfg = DebugE|Win32
		{0DC6FFBD-2BD6-4E0E-9461-214B4A4B0A86}.DebugE|Win32.Build.0 = DebugE|Win32
		{0DC6FFBD-2BD6-4E0E-9461-214B4A4B0A86}.DebugW3D|Win32.ActiveCfg = DebugW3D|Win32
		{0DC6FFBD-2BD6-4E0E-9461-214B4A4B0A86}.DebugW3D|Win32.Build.0 = DebugW3D|Win32
		{0DC6FFBD-2BD6-4E0E-9461-214B4A4B0A86}.French|Win32.ActiveCfg = DebugW3D|Win32
		{0DC6FFBD-2BD6-4E0E-9461-214B4A4B0A86}.French|Win32.Build.0 = DebugW3D|Win32
		{0DC6FFBD-2BD6-4E0E-9461-214B4A4B0A86}.German|Win32.ActiveCfg = DebugW3D|Win32
		{0DC6FFBD-2BD6-4E0E-9461-214B4A4B0A86}.German|Win32.Build.0 = DebugW3D|Win32
		{0DC6FFBD-2BD6-4E0E-9461-214B4A4B0A86}.Internal|Win32.ActiveCfg = Internal|Win32
		{0DC6FFBD-2BD6-4E0E-9461-214B4A4B0A86}.Internal|Win32.Build.0 = Internal|Win32
		{0DC6FFBD-2BD6-4E0E-9461-214B4A4B0A86}.Profile|Win32.ActiveCfg = Profile|Win32
		{0DC6FFBD-2BD6-4E0E-9461-214B4A4B0A86}.Profile|Win32.Build.0 = Profile|Win32
		{0DC6FFBD-2BD6-4E0E-9461-214B4A4B0A86}.ProfileE|Win32.ActiveCfg = ProfileE|Win32
		{0DC6FFBD-2BD6-4E0E-9461-214B4A4B0A86}.ProfileE|Win32.Build.0 = ProfileE|Win32
		{0DC6FFBD-2BD6-4E0E-9461-214B4A4B0A86}.Release|Win32.ActiveCfg = Release|Win32
		{0DC6FFBD-2BD6-4E0E-9461-214B4A4B0A86}.Release|Win32.Build.0 = Release|Win32
		{0DC6FFBD-2BD6-4E0E-9461-214B4A4B0A86}.Spanish|Win32.ActiveCfg = DebugW3D|Win32
		{0DC6FFBD-2BD6-4E0E-9461-214B4A4B0A86}.Spanish|Win32.Build.0 = DebugW3D|Win32
		{0DC6FFBD-2BD6-4E0E-9461-214B4A4B0A86}.Template|Win32.ActiveCfg = Template|Win32
		{0DC6FFBD-2BD6-4E0E-9461-214B4A4B0A86}.Template|Win32.Build.0 = Template|Win32
		{C2392CE5-599A-431B-913D-6C68CAF22E2A}.Debug|Win32.ActiveCfg = Debug|Win32
		{C2392CE5-599A-431B-913D-6C68CAF22E2A}.Debug|Win32.Build.0 = Debug|Win32
		{C2392CE5-599A-431B-913D-6C68CAF22E2A}.DebugE|Win32.ActiveCfg = DebugW3D|Win32
		{C2392CE5-599A-431B-913D-6C68CAF22E2A}.DebugE|Win32.Build.0 = DebugW3D|Win32
		{C2392CE5-599A-431B-913D-6C68CAF22E2A}.DebugW3D|Win32.ActiveCfg = DebugW3D|Win32
		{C2392CE5-599A-431B-913D-6C68CAF22E2A}.DebugW3D|Win32.Build.0 = DebugW3D|Win32
		{C2392CE5-599A-431B-913D-6C68CAF22E2A}.French|Win32.ActiveCfg = DebugW3D|Win32
		{C2392CE5-599A-431B-913D-6C68CAF22E2A}.French|Win32.Build.0 = DebugW3D|Win32
		{C2392CE5-599A-431B-913D-6C68CAF22E2A}.German|Win32.ActiveCfg = DebugW3D|Win32
		{C2392CE5-599A-431B-913D-6C68CAF22E2A}.German|Win32.Build.0 = DebugW3D|Win32
		{C2392CE5-599A-431B-913D-6C68CAF22E2A}.Internal|Win32.ActiveCfg = Internal|Win32
		{C2392CE5-599A-431B-913D-6C68CAF22E2A}.Internal|Win32.Build.0 = Internal|Win32
		{C2392CE5-599A-431B-913D-6C68CAF22E2A}.Profile|Win32.ActiveCfg = Profile|Win32
		{C2392CE5-599A-431B-913D-6C68CAF22E2A}.Profile|Win32.Build.0 = Profile|Win32
		{C2392CE5-599A-431B-913D-6C68CAF22E2A}.ProfileE|Win32.ActiveCfg = Profile|Win32
		{C2392CE5-599A-431B-913D-6C68CAF22E2A}.ProfileE|Win32.Build.0 = Profile|Win32
		{C2392CE5-599A-431B-913D-6C68CAF22E2A}.Release|Win32.ActiveCfg = Release|Win32
		{C2392CE5-599A-431B-913D-6C68CAF22E2A}.Release|Win32.Build.0 = Release|Win32
		{C2392CE5-599A-431B-913D-6C68CAF22E2A}.Spanish|Win32.ActiveCfg = DebugW3D|Win32
		{C2392CE5-599A-431B-913D-6C68CAF22E2A}.Spanish|Win32.Build.0 = DebugW3D|Win32
		{C2392CE5-599A-431B-913D-6C68CAF22E2A}.Template|Win32.ActiveCfg = Template|Win32
		{C2392CE5-599A-431B-913D-6C68CAF22E2A}.Template|Win32.Build.0 = Template|Win32
		{43C0EAC9-F068-4FE5-8344-A3094627CFA4}.Debug|Win32.ActiveCfg = Debug|Win32
		{43C0EAC9-F068-4FE5-8344-A3094627CFA4}.Debug|Win32.Build.0 = Debug|Win32
		{43C0EAC9-F068-4FE5-8344-A3094627CFA4}.DebugE|Win32.ActiveCfg = DebugW3D|Win32
		{43C0EAC9-F068-4FE5-8344-A3094627CFA4}.DebugE|Win32.Build.0 = DebugW3D|Win32
		{43C0EAC9-F068-4FE5-8344-A3094627CFA4}.DebugW3D|Win32.ActiveCfg = DebugW3D|Win32
		{43C0EAC9-F068-4FE5-8344-A3094627CFA4}.DebugW3D|Win32.Build.0 = DebugW3D|Win32
		{43C0EAC9-F068-4FE5-8344-A3094627CFA4}.French|Win32.ActiveCfg = DebugW3D|Win32
		{43C0EAC9-F068-4FE5-8344-A3094627CFA4}.French|Win32.Build.0 = DebugW3D|Win32
		{43C0EAC9-F068-4FE5-8344-A3094627CFA4}.German|Win32.ActiveCfg = DebugW3D|Win32
		{43C0EAC9-F068-4FE5-8344-A3094627CFA4}.German|Win32.Build.0 = DebugW3D|Win32
		{43C0EAC9-F068-4FE5-8344-A3094627CFA4}.Internal|Win32.ActiveCfg = Internal|Win32
		{43C0EAC9-F068-4FE5-8344-A3094627CFA4}.Internal|Win32.Build.0 = Internal|Win32
		{43C0EAC9-F068-4FE5-8344-A3094627CFA4}.Profile|Win32.ActiveCfg = Profile|Win32
		{43C0EAC9-F068-4FE5-8344-A3094627CFA4}.Profile|Win32.Build.0 = Profile|Win32
		{43C0EAC9-F068-4FE5-8344-A3094627CFA4}.ProfileE|Win32.ActiveCfg = Profile|Win32
		{43C0EAC9-F068-4FE5-8344-A3094627CFA4}.ProfileE|Win32.Build.0 = Profile|Win32
		{43C0EAC9-F068-4FE5-8344-A3094627CFA4}.Release|Win32.ActiveCfg = Release|Win32
		{43C0EAC9-F068-4FE5-8344-A3094627CFA4}.Release|Win32.Build.0 = Release|Win32
		{43C0EAC9-F068-4FE5-8344-A3094627CFA4}.Spanish|Win32.ActiveCfg = DebugW3D|Win32
		{43C0EAC9-F068-4FE5-8344-A3094627CFA4}.Spanish|Win32.Build.0 = DebugW3D|Win32
		{43C0EAC9-F068-4FE5-8344-A3094627CFA4}.Template|Win32.ActiveCfg = Template|Win32
		{43C0EAC9-F068-4FE5-8344-A3094627CFA4}.Template|Win32.Build.0 = Template|Win32
	EndGlobalSection
	GlobalSection(SolutionProperties) = preSolution
		HideSolutionNode = FALSE
	EndGlobalSection
EndGlobal
