<?xml version="1.0" encoding="utf-8"?>
<Project ToolsVersion="4.0" xmlns="http://schemas.microsoft.com/developer/msbuild/2003">
  <ItemGroup>
    <Filter Include="Source">
      <UniqueIdentifier>{c3d99f2e-d598-4799-bbd3-52ffa45089f3}</UniqueIdentifier>
    </Filter>
    <Filter Include="Source\W3DDevice">
      <UniqueIdentifier>{d74ca556-7993-4f7f-9bd6-532ceaa607f6}</UniqueIdentifier>
    </Filter>
    <Filter Include="Source\W3DDevice\GameLogic %28W3DDevice%29">
      <UniqueIdentifier>{101e8912-e9d4-452f-91e1-9723fb241515}</UniqueIdentifier>
    </Filter>
    <Filter Include="Source\W3DDevice\Common %28W3DDevice%29">
      <UniqueIdentifier>{00b26c93-6cfe-45c4-aa81-6945929ea823}</UniqueIdentifier>
    </Filter>
    <Filter Include="Source\W3DDevice\Common %28W3DDevice%29\Thing %28W3DDevice%29">
      <UniqueIdentifier>{3239f483-6fb1-4d89-953f-7d312fdf3e53}</UniqueIdentifier>
    </Filter>
    <Filter Include="Source\W3DDevice\Common %28W3DDevice%29\System %28W3DDevice%29">
      <UniqueIdentifier>{6f48c494-ad55-4149-a81d-f3ecdd617a4a}</UniqueIdentifier>
    </Filter>
    <Filter Include="Source\W3DDevice\GameClient %28W3DDevice%29">
      <UniqueIdentifier>{d86e9582-c245-4f65-a696-b6c01bcaea56}</UniqueIdentifier>
    </Filter>
    <Filter Include="Source\W3DDevice\GameClient %28W3DDevice%29\Drawable %28W3DDevice%29">
      <UniqueIdentifier>{dd46cd4c-bfeb-4534-8813-44a5120578d4}</UniqueIdentifier>
    </Filter>
    <Filter Include="Source\W3DDevice\GameClient %28W3DDevice%29\Drawable %28W3DDevice%29\Draw %28W3DDevice%29">
      <UniqueIdentifier>{853537ee-dda1-4c43-b1d4-76f3c0d25022}</UniqueIdentifier>
    </Filter>
    <Filter Include="Source\W3DDevice\GameClient %28W3DDevice%29\GUI %28W3DDevice%29">
      <UniqueIdentifier>{e337dd8a-37b3-4479-abb6-eff7cdfee54e}</UniqueIdentifier>
    </Filter>
    <Filter Include="Source\W3DDevice\GameClient %28W3DDevice%29\GUI %28W3DDevice%29\Gadget %28W3DDevice%29">
      <UniqueIdentifier>{b0eed970-7176-4af8-ab43-cffe4ea9e2d8}</UniqueIdentifier>
    </Filter>
    <Filter Include="Source\W3DDevice\GameClient %28W3DDevice%29\GUI %28W3DDevice%29\GUICallbacks">
      <UniqueIdentifier>{13abb312-e665-4fe2-8c31-690a497951a8}</UniqueIdentifier>
    </Filter>
    <Filter Include="Source\W3DDevice\GameClient %28W3DDevice%29\GUI %28W3DDevice%29\GUICallbacks\Menus">
      <UniqueIdentifier>{184f2a51-edc3-4101-8001-cc8308ea97a3}</UniqueIdentifier>
    </Filter>
    <Filter Include="Source\W3DDevice\GameClient %28W3DDevice%29\Water">
      <UniqueIdentifier>{a4b2ca4c-5141-4048-bed5-ecc8e56db388}</UniqueIdentifier>
    </Filter>
    <Filter Include="Source\W3DDevice\GameClient %28W3DDevice%29\Shaders">
      <UniqueIdentifier>{e72f9109-de87-4d32-9234-0e0ae7af2547}</UniqueIdentifier>
    </Filter>
    <Filter Include="Source\W3DDevice\GameClient %28W3DDevice%29\Shadow">
      <UniqueIdentifier>{8ab686a4-1130-45b3-9afe-04a09cefa087}</UniqueIdentifier>
    </Filter>
    <Filter Include="Source\Win32Device">
      <UniqueIdentifier>{6dcde6e6-eb46-4131-945c-3547dff10dbc}</UniqueIdentifier>
    </Filter>
    <Filter Include="Source\Win32Device\Common %28Win32Device%29">
      <UniqueIdentifier>{70cea80f-e909-49f0-9e85-c37c51973e81}</UniqueIdentifier>
    </Filter>
    <Filter Include="Source\Win32Device\GameClient %28Win32Device%29">
      <UniqueIdentifier>{fb02f2e1-00c2-4c34-b810-309cceac31dc}</UniqueIdentifier>
    </Filter>
    <Filter Include="Source\VideoDevice">
      <UniqueIdentifier>{4933dad3-25d9-4053-8dae-3338b096f1c5}</UniqueIdentifier>
    </Filter>
    <Filter Include="Source\VideoDevice\Bink">
      <UniqueIdentifier>{3efbf4d8-5680-4b96-892e-6c8fc580a304}</UniqueIdentifier>
    </Filter>
    <Filter Include="Source\MilesAudioDevice">
      <UniqueIdentifier>{52ab41f9-183c-4f02-91b4-e2de49f11eb6}</UniqueIdentifier>
    </Filter>
    <Filter Include="Include">
      <UniqueIdentifier>{3d050f6f-93d6-4fee-8336-6df31cb6844a}</UniqueIdentifier>
    </Filter>
    <Filter Include="Include\W3DDevice H">
      <UniqueIdentifier>{6a06df9a-08dd-4591-97aa-86107b86773b}</UniqueIdentifier>
    </Filter>
    <Filter Include="Include\W3DDevice H\GameLogic H %28W3DDevice%29">
      <UniqueIdentifier>{36eb262c-bc1a-4f91-bc90-9256c6719bfe}</UniqueIdentifier>
    </Filter>
    <Filter Include="Include\W3DDevice H\Common H %28W3DDevice%29">
      <UniqueIdentifier>{cc3616e2-275a-41f2-a1a8-a407b1c0cf5d}</UniqueIdentifier>
    </Filter>
    <Filter Include="Include\W3DDevice H\GameClient H %28W3DDevice%29">
      <UniqueIdentifier>{704bbba4-575d-4c3e-accb-c51e0c446015}</UniqueIdentifier>
    </Filter>
    <Filter Include="Include\W3DDevice H\GameClient H %28W3DDevice%29\Module H %28W3DDevice%29">
      <UniqueIdentifier>{5d76b7ca-f269-441a-a48f-90cbcfee360e}</UniqueIdentifier>
    </Filter>
    <Filter Include="Include\Win32Device H">
      <UniqueIdentifier>{9879337b-e91c-4437-9c1a-cc8a8fea7717}</UniqueIdentifier>
    </Filter>
    <Filter Include="Include\Win32Device H\Common H %28Win32Device%29">
      <UniqueIdentifier>{27e9aa00-05ee-4f42-8bb0-221ca9c78a8a}</UniqueIdentifier>
    </Filter>
    <Filter Include="Include\Win32Device H\GameClient H %28Win32Device%29">
      <UniqueIdentifier>{238e7db6-649b-45a2-9bc5-8a43da79941f}</UniqueIdentifier>
    </Filter>
    <Filter Include="Include\VideoDevice H">
      <UniqueIdentifier>{39d3ab18-6e92-45fb-9d50-0ea43bb77e9f}</UniqueIdentifier>
    </Filter>
    <Filter Include="Include\VideoDevice H\Bink H">
      <UniqueIdentifier>{d0f47a30-8a56-4f2c-9038-c19c9cf661e5}</UniqueIdentifier>
    </Filter>
    <Filter Include="Include\MilesAudioDevice H">
      <UniqueIdentifier>{8d90cb47-c15f-4bab-b148-218d5fc46903}</UniqueIdentifier>
    </Filter>
  </ItemGroup>
  <ItemGroup>
    <ClCompile Include="Source\W3DDevice\GameLogic\W3DGameLogic.cpp">
      <Filter>Source\W3DDevice\GameLogic %28W3DDevice%29</Filter>
    </ClCompile>
    <ClCompile Include="Source\W3DDevice\GameLogic\W3DGhostObject.cpp">
      <Filter>Source\W3DDevice\GameLogic %28W3DDevice%29</Filter>
    </ClCompile>
    <ClCompile Include="Source\W3DDevice\GameLogic\W3DTerrainLogic.cpp">
      <Filter>Source\W3DDevice\GameLogic %28W3DDevice%29</Filter>
    </ClCompile>
    <ClCompile Include="Source\W3DDevice\Common\Thing\W3DModuleFactory.cpp">
      <Filter>Source\W3DDevice\Common %28W3DDevice%29\Thing %28W3DDevice%29</Filter>
    </ClCompile>
    <ClCompile Include="Source\W3DDevice\Common\Thing\W3DThingFactory.cpp">
      <Filter>Source\W3DDevice\Common %28W3DDevice%29\Thing %28W3DDevice%29</Filter>
    </ClCompile>
    <ClCompile Include="Source\W3DDevice\Common\System\W3DFunctionLexicon.cpp">
      <Filter>Source\W3DDevice\Common %28W3DDevice%29\System %28W3DDevice%29</Filter>
    </ClCompile>
    <ClCompile Include="Source\W3DDevice\Common\System\W3DRadar.cpp">
      <Filter>Source\W3DDevice\Common %28W3DDevice%29\System %28W3DDevice%29</Filter>
    </ClCompile>
    <ClCompile Include="Source\W3DDevice\Common\W3DConvert.cpp">
      <Filter>Source\W3DDevice\Common %28W3DDevice%29</Filter>
    </ClCompile>
    <ClCompile Include="Source\W3DDevice\GameClient\Drawable\Draw\W3DDebrisDraw.cpp">
      <Filter>Source\W3DDevice\GameClient %28W3DDevice%29\Drawable %28W3DDevice%29\Draw %28W3DDevice%29</Filter>
    </ClCompile>
    <ClCompile Include="Source\W3DDevice\GameClient\Drawable\Draw\W3DDefaultDraw.cpp">
      <Filter>Source\W3DDevice\GameClient %28W3DDevice%29\Drawable %28W3DDevice%29\Draw %28W3DDevice%29</Filter>
    </ClCompile>
    <ClCompile Include="Source\W3DDevice\GameClient\Drawable\Draw\W3DDependencyModelDraw.cpp">
      <Filter>Source\W3DDevice\GameClient %28W3DDevice%29\Drawable %28W3DDevice%29\Draw %28W3DDevice%29</Filter>
    </ClCompile>
    <ClCompile Include="Source\W3DDevice\GameClient\Drawable\Draw\W3DLaserDraw.cpp">
      <Filter>Source\W3DDevice\GameClient %28W3DDevice%29\Drawable %28W3DDevice%29\Draw %28W3DDevice%29</Filter>
    </ClCompile>
    <ClCompile Include="Source\W3DDevice\GameClient\Drawable\Draw\W3DModelDraw.cpp">
      <Filter>Source\W3DDevice\GameClient %28W3DDevice%29\Drawable %28W3DDevice%29\Draw %28W3DDevice%29</Filter>
    </ClCompile>
    <ClCompile Include="Source\W3DDevice\GameClient\Drawable\Draw\W3DOverlordAircraftDraw.cpp">
      <Filter>Source\W3DDevice\GameClient %28W3DDevice%29\Drawable %28W3DDevice%29\Draw %28W3DDevice%29</Filter>
    </ClCompile>
    <ClCompile Include="Source\W3DDevice\GameClient\Drawable\Draw\W3DOverlordTankDraw.cpp">
      <Filter>Source\W3DDevice\GameClient %28W3DDevice%29\Drawable %28W3DDevice%29\Draw %28W3DDevice%29</Filter>
    </ClCompile>
    <ClCompile Include="Source\W3DDevice\GameClient\Drawable\Draw\W3DOverlordTruckDraw.cpp">
      <Filter>Source\W3DDevice\GameClient %28W3DDevice%29\Drawable %28W3DDevice%29\Draw %28W3DDevice%29</Filter>
    </ClCompile>
    <ClCompile Include="Source\W3DDevice\GameClient\Drawable\Draw\W3DPoliceCarDraw.cpp">
      <Filter>Source\W3DDevice\GameClient %28W3DDevice%29\Drawable %28W3DDevice%29\Draw %28W3DDevice%29</Filter>
    </ClCompile>
    <ClCompile Include="Source\W3DDevice\GameClient\Drawable\Draw\W3DProjectileStreamDraw.cpp">
      <Filter>Source\W3DDevice\GameClient %28W3DDevice%29\Drawable %28W3DDevice%29\Draw %28W3DDevice%29</Filter>
    </ClCompile>
    <ClCompile Include="Source\W3DDevice\GameClient\Drawable\Draw\W3DPropDraw.cpp">
      <Filter>Source\W3DDevice\GameClient %28W3DDevice%29\Drawable %28W3DDevice%29\Draw %28W3DDevice%29</Filter>
    </ClCompile>
    <ClCompile Include="Source\W3DDevice\GameClient\Drawable\Draw\W3DRopeDraw.cpp">
      <Filter>Source\W3DDevice\GameClient %28W3DDevice%29\Drawable %28W3DDevice%29\Draw %28W3DDevice%29</Filter>
    </ClCompile>
    <ClCompile Include="Source\W3DDevice\GameClient\Drawable\Draw\W3DScienceModelDraw.cpp">
      <Filter>Source\W3DDevice\GameClient %28W3DDevice%29\Drawable %28W3DDevice%29\Draw %28W3DDevice%29</Filter>
    </ClCompile>
    <ClCompile Include="Source\W3DDevice\GameClient\Drawable\Draw\W3DSupplyDraw.cpp">
      <Filter>Source\W3DDevice\GameClient %28W3DDevice%29\Drawable %28W3DDevice%29\Draw %28W3DDevice%29</Filter>
    </ClCompile>
    <ClCompile Include="Source\W3DDevice\GameClient\Drawable\Draw\W3DTankDraw.cpp">
      <Filter>Source\W3DDevice\GameClient %28W3DDevice%29\Drawable %28W3DDevice%29\Draw %28W3DDevice%29</Filter>
    </ClCompile>
    <ClCompile Include="Source\W3DDevice\GameClient\Drawable\Draw\W3DTankTruckDraw.cpp">
      <Filter>Source\W3DDevice\GameClient %28W3DDevice%29\Drawable %28W3DDevice%29\Draw %28W3DDevice%29</Filter>
    </ClCompile>
    <ClCompile Include="Source\W3DDevice\GameClient\Drawable\Draw\W3DTracerDraw.cpp">
      <Filter>Source\W3DDevice\GameClient %28W3DDevice%29\Drawable %28W3DDevice%29\Draw %28W3DDevice%29</Filter>
    </ClCompile>
    <ClCompile Include="Source\W3DDevice\GameClient\Drawable\Draw\W3DTreeDraw.cpp">
      <Filter>Source\W3DDevice\GameClient %28W3DDevice%29\Drawable %28W3DDevice%29\Draw %28W3DDevice%29</Filter>
    </ClCompile>
    <ClCompile Include="Source\W3DDevice\GameClient\Drawable\Draw\W3DTruckDraw.cpp">
      <Filter>Source\W3DDevice\GameClient %28W3DDevice%29\Drawable %28W3DDevice%29\Draw %28W3DDevice%29</Filter>
    </ClCompile>
    <ClCompile Include="Source\W3DDevice\GameClient\GUI\Gadget\W3DCheckBox.cpp">
      <Filter>Source\W3DDevice\GameClient %28W3DDevice%29\GUI %28W3DDevice%29\Gadget %28W3DDevice%29</Filter>
    </ClCompile>
    <ClCompile Include="Source\W3DDevice\GameClient\GUI\Gadget\W3DComboBox.cpp">
      <Filter>Source\W3DDevice\GameClient %28W3DDevice%29\GUI %28W3DDevice%29\Gadget %28W3DDevice%29</Filter>
    </ClCompile>
    <ClCompile Include="Source\W3DDevice\GameClient\GUI\Gadget\W3DHorizontalSlider.cpp">
      <Filter>Source\W3DDevice\GameClient %28W3DDevice%29\GUI %28W3DDevice%29\Gadget %28W3DDevice%29</Filter>
    </ClCompile>
    <ClCompile Include="Source\W3DDevice\GameClient\GUI\Gadget\W3DListBox.cpp">
      <Filter>Source\W3DDevice\GameClient %28W3DDevice%29\GUI %28W3DDevice%29\Gadget %28W3DDevice%29</Filter>
    </ClCompile>
    <ClCompile Include="Source\W3DDevice\GameClient\GUI\Gadget\W3DProgressBar.cpp">
      <Filter>Source\W3DDevice\GameClient %28W3DDevice%29\GUI %28W3DDevice%29\Gadget %28W3DDevice%29</Filter>
    </ClCompile>
    <ClCompile Include="Source\W3DDevice\GameClient\GUI\Gadget\W3DPushButton.cpp">
      <Filter>Source\W3DDevice\GameClient %28W3DDevice%29\GUI %28W3DDevice%29\Gadget %28W3DDevice%29</Filter>
    </ClCompile>
    <ClCompile Include="Source\W3DDevice\GameClient\GUI\Gadget\W3DRadioButton.cpp">
      <Filter>Source\W3DDevice\GameClient %28W3DDevice%29\GUI %28W3DDevice%29\Gadget %28W3DDevice%29</Filter>
    </ClCompile>
    <ClCompile Include="Source\W3DDevice\GameClient\GUI\Gadget\W3DStaticText.cpp">
      <Filter>Source\W3DDevice\GameClient %28W3DDevice%29\GUI %28W3DDevice%29\Gadget %28W3DDevice%29</Filter>
    </ClCompile>
    <ClCompile Include="Source\W3DDevice\GameClient\GUI\Gadget\W3DTabControl.cpp">
      <Filter>Source\W3DDevice\GameClient %28W3DDevice%29\GUI %28W3DDevice%29\Gadget %28W3DDevice%29</Filter>
    </ClCompile>
    <ClCompile Include="Source\W3DDevice\GameClient\GUI\Gadget\W3DTextEntry.cpp">
      <Filter>Source\W3DDevice\GameClient %28W3DDevice%29\GUI %28W3DDevice%29\Gadget %28W3DDevice%29</Filter>
    </ClCompile>
    <ClCompile Include="Source\W3DDevice\GameClient\GUI\Gadget\W3DVerticalSlider.cpp">
      <Filter>Source\W3DDevice\GameClient %28W3DDevice%29\GUI %28W3DDevice%29\Gadget %28W3DDevice%29</Filter>
    </ClCompile>
    <ClCompile Include="Source\W3DDevice\GameClient\GUI\GUICallbacks\W3DMainMenu.cpp">
      <Filter>Source\W3DDevice\GameClient %28W3DDevice%29\GUI %28W3DDevice%29\GUICallbacks\Menus</Filter>
    </ClCompile>
    <ClCompile Include="Source\W3DDevice\GameClient\GUI\GUICallbacks\W3DControlBar.cpp">
      <Filter>Source\W3DDevice\GameClient %28W3DDevice%29\GUI %28W3DDevice%29\GUICallbacks</Filter>
    </ClCompile>
    <ClCompile Include="Source\W3DDevice\GameClient\GUI\GUICallbacks\W3DMOTD.cpp">
      <Filter>Source\W3DDevice\GameClient %28W3DDevice%29\GUI %28W3DDevice%29\GUICallbacks</Filter>
    </ClCompile>
    <ClCompile Include="Source\W3DDevice\GameClient\GUI\W3DGameFont.cpp">
      <Filter>Source\W3DDevice\GameClient %28W3DDevice%29\GUI %28W3DDevice%29</Filter>
    </ClCompile>
    <ClCompile Include="Source\W3DDevice\GameClient\GUI\W3DGameWindow.cpp">
      <Filter>Source\W3DDevice\GameClient %28W3DDevice%29\GUI %28W3DDevice%29</Filter>
    </ClCompile>
    <ClCompile Include="Source\W3DDevice\GameClient\GUI\W3DGameWindowManager.cpp">
      <Filter>Source\W3DDevice\GameClient %28W3DDevice%29\GUI %28W3DDevice%29</Filter>
    </ClCompile>
    <ClCompile Include="Source\W3DDevice\GameClient\Water\W3DWater.cpp">
      <Filter>Source\W3DDevice\GameClient %28W3DDevice%29\Water</Filter>
    </ClCompile>
    <ClCompile Include="Source\W3DDevice\GameClient\Water\W3DWaterTracks.cpp">
      <Filter>Source\W3DDevice\GameClient %28W3DDevice%29\Water</Filter>
    </ClCompile>
    <ClCompile Include="Source\W3DDevice\GameClient\Shadow\W3DBufferManager.cpp">
      <Filter>Source\W3DDevice\GameClient %28W3DDevice%29\Shadow</Filter>
    </ClCompile>
    <ClCompile Include="Source\W3DDevice\GameClient\Shadow\W3DProjectedShadow.cpp">
      <Filter>Source\W3DDevice\GameClient %28W3DDevice%29\Shadow</Filter>
    </ClCompile>
    <ClCompile Include="Source\W3DDevice\GameClient\Shadow\W3DShadow.cpp">
      <Filter>Source\W3DDevice\GameClient %28W3DDevice%29\Shadow</Filter>
    </ClCompile>
    <ClCompile Include="Source\W3DDevice\GameClient\Shadow\W3DVolumetricShadow.cpp">
      <Filter>Source\W3DDevice\GameClient %28W3DDevice%29\Shadow</Filter>
    </ClCompile>
    <ClCompile Include="Source\W3DDevice\GameClient\BaseHeightMap.cpp">
      <Filter>Source\W3DDevice\GameClient %28W3DDevice%29</Filter>
    </ClCompile>
    <ClCompile Include="Source\W3DDevice\GameClient\camerashakesystem.cpp">
      <Filter>Source\W3DDevice\GameClient %28W3DDevice%29</Filter>
    </ClCompile>
    <ClCompile Include="Source\W3DDevice\GameClient\FlatHeightMap.cpp">
      <Filter>Source\W3DDevice\GameClient %28W3DDevice%29</Filter>
    </ClCompile>
    <ClCompile Include="Source\W3DDevice\GameClient\HeightMap.cpp">
      <Filter>Source\W3DDevice\GameClient %28W3DDevice%29</Filter>
    </ClCompile>
    <ClCompile Include="Source\W3DDevice\GameClient\TerrainTex.cpp">
      <Filter>Source\W3DDevice\GameClient %28W3DDevice%29</Filter>
    </ClCompile>
    <ClCompile Include="Source\W3DDevice\GameClient\TileData.cpp">
      <Filter>Source\W3DDevice\GameClient %28W3DDevice%29</Filter>
    </ClCompile>
    <ClCompile Include="Source\W3DDevice\GameClient\W3DAssetManager.cpp">
      <Filter>Source\W3DDevice\GameClient %28W3DDevice%29</Filter>
    </ClCompile>
    <ClCompile Include="Source\W3DDevice\GameClient\W3DAssetManagerExposed.cpp">
      <Filter>Source\W3DDevice\GameClient %28W3DDevice%29</Filter>
    </ClCompile>
    <ClCompile Include="Source\W3DDevice\GameClient\W3DBibBuffer.cpp">
      <Filter>Source\W3DDevice\GameClient %28W3DDevice%29</Filter>
    </ClCompile>
    <ClCompile Include="Source\W3DDevice\GameClient\W3DBridgeBuffer.cpp">
      <Filter>Source\W3DDevice\GameClient %28W3DDevice%29</Filter>
    </ClCompile>
    <ClCompile Include="Source\W3DDevice\GameClient\W3DCustomEdging.cpp">
      <Filter>Source\W3DDevice\GameClient %28W3DDevice%29</Filter>
    </ClCompile>
    <ClCompile Include="Source\W3DDevice\GameClient\W3DDebugDisplay.cpp">
      <Filter>Source\W3DDevice\GameClient %28W3DDevice%29</Filter>
    </ClCompile>
    <ClCompile Include="Source\W3DDevice\GameClient\W3DDebugIcons.cpp">
      <Filter>Source\W3DDevice\GameClient %28W3DDevice%29</Filter>
    </ClCompile>
    <ClCompile Include="Source\W3DDevice\GameClient\W3DDisplay.cpp">
      <Filter>Source\W3DDevice\GameClient %28W3DDevice%29</Filter>
    </ClCompile>
    <ClCompile Include="Source\W3DDevice\GameClient\W3DDisplayString.cpp">
      <Filter>Source\W3DDevice\GameClient %28W3DDevice%29</Filter>
    </ClCompile>
    <ClCompile Include="Source\W3DDevice\GameClient\W3DDisplayStringManager.cpp">
      <Filter>Source\W3DDevice\GameClient %28W3DDevice%29</Filter>
    </ClCompile>
    <ClCompile Include="Source\W3DDevice\GameClient\W3DDynamicLight.cpp">
      <Filter>Source\W3DDevice\GameClient %28W3DDevice%29</Filter>
    </ClCompile>
    <ClCompile Include="Source\W3DDevice\GameClient\W3DFileSystem.cpp">
      <Filter>Source\W3DDevice\GameClient %28W3DDevice%29</Filter>
    </ClCompile>
    <ClCompile Include="Source\W3DDevice\GameClient\W3DGameClient.cpp">
      <Filter>Source\W3DDevice\GameClient %28W3DDevice%29</Filter>
    </ClCompile>
    <ClCompile Include="Source\W3DDevice\GameClient\W3DGranny.cpp">
      <Filter>Source\W3DDevice\GameClient %28W3DDevice%29</Filter>
    </ClCompile>
    <ClCompile Include="Source\W3DDevice\GameClient\W3DInGameUI.cpp">
      <Filter>Source\W3DDevice\GameClient %28W3DDevice%29</Filter>
    </ClCompile>
    <ClCompile Include="Source\W3DDevice\GameClient\W3DMouse.cpp">
      <Filter>Source\W3DDevice\GameClient %28W3DDevice%29</Filter>
    </ClCompile>
    <ClCompile Include="Source\W3DDevice\GameClient\W3DParticleSys.cpp">
      <Filter>Source\W3DDevice\GameClient %28W3DDevice%29</Filter>
    </ClCompile>
    <ClCompile Include="Source\W3DDevice\GameClient\W3DPoly.cpp">
      <Filter>Source\W3DDevice\GameClient %28W3DDevice%29</Filter>
    </ClCompile>
    <ClCompile Include="Source\W3DDevice\GameClient\W3DPropBuffer.cpp">
      <Filter>Source\W3DDevice\GameClient %28W3DDevice%29</Filter>
    </ClCompile>
    <ClCompile Include="Source\W3DDevice\GameClient\W3DRoadBuffer.cpp">
      <Filter>Source\W3DDevice\GameClient %28W3DDevice%29</Filter>
    </ClCompile>
    <ClCompile Include="Source\W3DDevice\GameClient\W3DScene.cpp">
      <Filter>Source\W3DDevice\GameClient %28W3DDevice%29</Filter>
    </ClCompile>
    <ClCompile Include="Source\W3DDevice\GameClient\W3DShaderManager.cpp">
      <Filter>Source\W3DDevice\GameClient %28W3DDevice%29</Filter>
    </ClCompile>
    <ClCompile Include="Source\W3DDevice\GameClient\W3DShroud.cpp">
      <Filter>Source\W3DDevice\GameClient %28W3DDevice%29</Filter>
    </ClCompile>
    <ClCompile Include="Source\W3DDevice\GameClient\W3DSmudge.cpp">
      <Filter>Source\W3DDevice\GameClient %28W3DDevice%29</Filter>
    </ClCompile>
    <ClCompile Include="Source\W3DDevice\GameClient\W3DSnow.cpp">
      <Filter>Source\W3DDevice\GameClient %28W3DDevice%29</Filter>
    </ClCompile>
    <ClCompile Include="Source\W3DDevice\GameClient\W3DStatusCircle.cpp">
      <Filter>Source\W3DDevice\GameClient %28W3DDevice%29</Filter>
    </ClCompile>
    <ClCompile Include="Source\W3DDevice\GameClient\W3DTerrainBackground.cpp">
      <Filter>Source\W3DDevice\GameClient %28W3DDevice%29</Filter>
    </ClCompile>
    <ClCompile Include="Source\W3DDevice\GameClient\W3DTerrainTracks.cpp">
      <Filter>Source\W3DDevice\GameClient %28W3DDevice%29</Filter>
    </ClCompile>
    <ClCompile Include="Source\W3DDevice\GameClient\W3DTerrainVisual.cpp">
      <Filter>Source\W3DDevice\GameClient %28W3DDevice%29</Filter>
    </ClCompile>
    <ClCompile Include="Source\W3DDevice\GameClient\W3DTreeBuffer.cpp">
      <Filter>Source\W3DDevice\GameClient %28W3DDevice%29</Filter>
    </ClCompile>
    <ClCompile Include="Source\W3DDevice\GameClient\W3DVideoBuffer.cpp">
      <Filter>Source\W3DDevice\GameClient %28W3DDevice%29</Filter>
    </ClCompile>
    <ClCompile Include="Source\W3DDevice\GameClient\W3DView.cpp">
      <Filter>Source\W3DDevice\GameClient %28W3DDevice%29</Filter>
    </ClCompile>
    <ClCompile Include="Source\W3DDevice\GameClient\W3dWaypointBuffer.cpp">
      <Filter>Source\W3DDevice\GameClient %28W3DDevice%29</Filter>
    </ClCompile>
    <ClCompile Include="Source\W3DDevice\GameClient\W3DWebBrowser.cpp">
      <Filter>Source\W3DDevice\GameClient %28W3DDevice%29</Filter>
    </ClCompile>
    <ClCompile Include="Source\W3DDevice\GameClient\WorldHeightMap.cpp">
      <Filter>Source\W3DDevice\GameClient %28W3DDevice%29</Filter>
    </ClCompile>
    <ClCompile Include="Source\Win32Device\Common\Win32BIGFile.cpp">
      <Filter>Source\Win32Device\Common %28Win32Device%29</Filter>
    </ClCompile>
    <ClCompile Include="Source\Win32Device\Common\Win32BIGFileSystem.cpp">
      <Filter>Source\Win32Device\Common %28Win32Device%29</Filter>
    </ClCompile>
    <ClCompile Include="Source\Win32Device\Common\Win32CDManager.cpp">
      <Filter>Source\Win32Device\Common %28Win32Device%29</Filter>
    </ClCompile>
    <ClCompile Include="Source\Win32Device\Common\Win32GameEngine.cpp">
      <Filter>Source\Win32Device\Common %28Win32Device%29</Filter>
    </ClCompile>
    <ClCompile Include="Source\Win32Device\Common\Win32LocalFile.cpp">
      <Filter>Source\Win32Device\Common %28Win32Device%29</Filter>
    </ClCompile>
    <ClCompile Include="Source\Win32Device\Common\Win32LocalFileSystem.cpp">
      <Filter>Source\Win32Device\Common %28Win32Device%29</Filter>
    </ClCompile>
    <ClCompile Include="Source\Win32Device\Common\Win32OSDisplay.cpp">
      <Filter>Source\Win32Device\Common %28Win32Device%29</Filter>
    </ClCompile>
    <ClCompile Include="Source\Win32Device\GameClient\Win32DIKeyboard.cpp">
      <Filter>Source\Win32Device\GameClient %28Win32Device%29</Filter>
    </ClCompile>
    <ClCompile Include="Source\Win32Device\GameClient\Win32Mouse.cpp">
      <Filter>Source\Win32Device\GameClient %28Win32Device%29</Filter>
    </ClCompile>
    <ClCompile Include="Source\VideoDevice\Bink\BinkVideoPlayer.cpp">
      <Filter>Source\VideoDevice\Bink</Filter>
    </ClCompile>
    <ClCompile Include="Source\MilesAudioDevice\MilesAudioManager.cpp">
      <Filter>Source\MilesAudioDevice</Filter>
    </ClCompile>
  </ItemGroup>
  <ItemGroup>
    <ClInclude Include="Include\W3DDevice\GameLogic\W3DGameLogic.h">
      <Filter>Include\W3DDevice H\GameLogic H %28W3DDevice%29</Filter>
    </ClInclude>
    <ClInclude Include="Include\W3DDevice\GameLogic\W3DGhostObject.h">
      <Filter>Include\W3DDevice H\GameLogic H %28W3DDevice%29</Filter>
    </ClInclude>
    <ClInclude Include="Include\W3DDevice\GameLogic\W3DTerrainLogic.h">
      <Filter>Include\W3DDevice H\GameLogic H %28W3DDevice%29</Filter>
    </ClInclude>
    <ClInclude Include="Include\W3DDevice\Common\W3DConvert.h">
      <Filter>Include\W3DDevice H\Common H %28W3DDevice%29</Filter>
    </ClInclude>
    <ClInclude Include="Include\W3DDevice\Common\W3DFunctionLexicon.h">
      <Filter>Include\W3DDevice H\Common H %28W3DDevice%29</Filter>
    </ClInclude>
    <ClInclude Include="Include\W3DDevice\Common\W3DModuleFactory.h">
      <Filter>Include\W3DDevice H\Common H %28W3DDevice%29</Filter>
    </ClInclude>
    <ClInclude Include="Include\W3DDevice\Common\W3DRadar.h">
      <Filter>Include\W3DDevice H\Common H %28W3DDevice%29</Filter>
    </ClInclude>
    <ClInclude Include="Include\W3DDevice\Common\W3DThingFactory.h">
      <Filter>Include\W3DDevice H\Common H %28W3DDevice%29</Filter>
    </ClInclude>
    <ClInclude Include="Include\W3DDevice\GameClient\W3DAssetManagerExposed.h">
      <Filter>Include\W3DDevice H\GameClient H %28W3DDevice%29\Module H %28W3DDevice%29</Filter>
    </ClInclude>
    <ClInclude Include="Include\W3DDevice\GameClient\Module\W3DDebrisDraw.h">
      <Filter>Include\W3DDevice H\GameClient H %28W3DDevice%29\Module H %28W3DDevice%29</Filter>
    </ClInclude>
    <ClInclude Include="Include\W3DDevice\GameClient\Module\W3DDefaultDraw.h">
      <Filter>Include\W3DDevice H\GameClient H %28W3DDevice%29\Module H %28W3DDevice%29</Filter>
    </ClInclude>
    <ClInclude Include="Include\W3DDevice\GameClient\Module\W3DDependencyModelDraw.h">
      <Filter>Include\W3DDevice H\GameClient H %28W3DDevice%29\Module H %28W3DDevice%29</Filter>
    </ClInclude>
    <ClInclude Include="Include\W3DDevice\GameClient\Module\W3DLaserDraw.h">
      <Filter>Include\W3DDevice H\GameClient H %28W3DDevice%29\Module H %28W3DDevice%29</Filter>
    </ClInclude>
    <ClInclude Include="Include\W3DDevice\GameClient\Module\W3DModelDraw.h">
      <Filter>Include\W3DDevice H\GameClient H %28W3DDevice%29\Module H %28W3DDevice%29</Filter>
    </ClInclude>
    <ClInclude Include="Include\W3DDevice\GameClient\Module\W3DOverlordAircraftDraw.h">
      <Filter>Include\W3DDevice H\GameClient H %28W3DDevice%29\Module H %28W3DDevice%29</Filter>
    </ClInclude>
    <ClInclude Include="Include\W3DDevice\GameClient\Module\W3DOverlordTankDraw.h">
      <Filter>Include\W3DDevice H\GameClient H %28W3DDevice%29\Module H %28W3DDevice%29</Filter>
    </ClInclude>
    <ClInclude Include="Include\W3DDevice\GameClient\Module\W3DOverlordTruckDraw.h">
      <Filter>Include\W3DDevice H\GameClient H %28W3DDevice%29\Module H %28W3DDevice%29</Filter>
    </ClInclude>
    <ClInclude Include="Include\W3DDevice\GameClient\Module\W3DPoliceCarDraw.h">
      <Filter>Include\W3DDevice H\GameClient H %28W3DDevice%29\Module H %28W3DDevice%29</Filter>
    </ClInclude>
    <ClInclude Include="Include\W3DDevice\GameClient\Module\W3DProjectileStreamDraw.h">
      <Filter>Include\W3DDevice H\GameClient H %28W3DDevice%29\Module H %28W3DDevice%29</Filter>
    </ClInclude>
    <ClInclude Include="Include\W3DDevice\GameClient\Module\W3DPropDraw.h">
      <Filter>Include\W3DDevice H\GameClient H %28W3DDevice%29\Module H %28W3DDevice%29</Filter>
    </ClInclude>
    <ClInclude Include="Include\W3DDevice\GameClient\Module\W3DRopeDraw.h">
      <Filter>Include\W3DDevice H\GameClient H %28W3DDevice%29\Module H %28W3DDevice%29</Filter>
    </ClInclude>
    <ClInclude Include="Include\W3DDevice\GameClient\Module\W3DScienceModelDraw.h">
      <Filter>Include\W3DDevice H\GameClient H %28W3DDevice%29\Module H %28W3DDevice%29</Filter>
    </ClInclude>
    <ClInclude Include="Include\W3DDevice\GameClient\Module\W3DSupplyDraw.h">
      <Filter>Include\W3DDevice H\GameClient H %28W3DDevice%29\Module H %28W3DDevice%29</Filter>
    </ClInclude>
    <ClInclude Include="Include\W3DDevice\GameClient\Module\W3DTankDraw.h">
      <Filter>Include\W3DDevice H\GameClient H %28W3DDevice%29\Module H %28W3DDevice%29</Filter>
    </ClInclude>
    <ClInclude Include="Include\W3DDevice\GameClient\Module\W3DTankTruckDraw.h">
      <Filter>Include\W3DDevice H\GameClient H %28W3DDevice%29\Module H %28W3DDevice%29</Filter>
    </ClInclude>
    <ClInclude Include="Include\W3DDevice\GameClient\Module\W3DTracerDraw.h">
      <Filter>Include\W3DDevice H\GameClient H %28W3DDevice%29\Module H %28W3DDevice%29</Filter>
    </ClInclude>
    <ClInclude Include="Include\W3DDevice\GameClient\Module\W3DTreeDraw.h">
      <Filter>Include\W3DDevice H\GameClient H %28W3DDevice%29\Module H %28W3DDevice%29</Filter>
    </ClInclude>
    <ClInclude Include="Include\W3DDevice\GameClient\Module\W3DTruckDraw.h">
      <Filter>Include\W3DDevice H\GameClient H %28W3DDevice%29\Module H %28W3DDevice%29</Filter>
    </ClInclude>
    <ClInclude Include="Include\W3DDevice\GameClient\BaseHeightMap.h">
      <Filter>Include\W3DDevice H\GameClient H %28W3DDevice%29</Filter>
    </ClInclude>
    <ClInclude Include="Include\W3DDevice\GameClient\camerashakesystem.h">
      <Filter>Include\W3DDevice H\GameClient H %28W3DDevice%29</Filter>
    </ClInclude>
    <ClInclude Include="Include\W3DDevice\GameClient\FlatHeightMap.h">
      <Filter>Include\W3DDevice H\GameClient H %28W3DDevice%29</Filter>
    </ClInclude>
    <ClInclude Include="Include\W3DDevice\GameClient\HeightMap.h">
      <Filter>Include\W3DDevice H\GameClient H %28W3DDevice%29</Filter>
    </ClInclude>
    <ClInclude Include="Include\W3DDevice\GameClient\TerrainTex.h">
      <Filter>Include\W3DDevice H\GameClient H %28W3DDevice%29</Filter>
    </ClInclude>
    <ClInclude Include="Include\W3DDevice\GameClient\TileData.h">
      <Filter>Include\W3DDevice H\GameClient H %28W3DDevice%29</Filter>
    </ClInclude>
    <ClInclude Include="Include\W3DDevice\GameClient\W3DAssetManager.h">
      <Filter>Include\W3DDevice H\GameClient H %28W3DDevice%29</Filter>
    </ClInclude>
    <ClInclude Include="Include\W3DDevice\GameClient\W3DBibBuffer.h">
      <Filter>Include\W3DDevice H\GameClient H %28W3DDevice%29</Filter>
    </ClInclude>
    <ClInclude Include="Include\W3DDevice\GameClient\W3DBridgeBuffer.h">
      <Filter>Include\W3DDevice H\GameClient H %28W3DDevice%29</Filter>
    </ClInclude>
    <ClInclude Include="Include\W3DDevice\GameClient\W3DBufferManager.h">
      <Filter>Include\W3DDevice H\GameClient H %28W3DDevice%29</Filter>
    </ClInclude>
    <ClInclude Include="Include\W3DDevice\GameClient\W3DCustomEdging.h">
      <Filter>Include\W3DDevice H\GameClient H %28W3DDevice%29</Filter>
    </ClInclude>
    <ClInclude Include="Include\W3DDevice\GameClient\W3DCustomScene.h">
      <Filter>Include\W3DDevice H\GameClient H %28W3DDevice%29</Filter>
    </ClInclude>
    <ClInclude Include="Include\W3DDevice\GameClient\W3DDebugDisplay.h">
      <Filter>Include\W3DDevice H\GameClient H %28W3DDevice%29</Filter>
    </ClInclude>
    <ClInclude Include="Include\W3DDevice\GameClient\W3DDebugIcons.h">
      <Filter>Include\W3DDevice H\GameClient H %28W3DDevice%29</Filter>
    </ClInclude>
    <ClInclude Include="Include\W3DDevice\GameClient\W3DDisplay.h">
      <Filter>Include\W3DDevice H\GameClient H %28W3DDevice%29</Filter>
    </ClInclude>
    <ClInclude Include="Include\W3DDevice\GameClient\W3DDisplayString.h">
      <Filter>Include\W3DDevice H\GameClient H %28W3DDevice%29</Filter>
    </ClInclude>
    <ClInclude Include="Include\W3DDevice\GameClient\W3DDisplayStringManager.h">
      <Filter>Include\W3DDevice H\GameClient H %28W3DDevice%29</Filter>
    </ClInclude>
    <ClInclude Include="Include\W3DDevice\GameClient\W3DDynamicLight.h">
      <Filter>Include\W3DDevice H\GameClient H %28W3DDevice%29</Filter>
    </ClInclude>
    <ClInclude Include="Include\W3DDevice\GameClient\W3DFileSystem.h">
      <Filter>Include\W3DDevice H\GameClient H %28W3DDevice%29</Filter>
    </ClInclude>
    <ClInclude Include="Include\W3DDevice\GameClient\W3DGadget.h">
      <Filter>Include\W3DDevice H\GameClient H %28W3DDevice%29</Filter>
    </ClInclude>
    <ClInclude Include="Include\W3DDevice\GameClient\W3DGameClient.h">
      <Filter>Include\W3DDevice H\GameClient H %28W3DDevice%29</Filter>
    </ClInclude>
    <ClInclude Include="Include\W3DDevice\GameClient\W3DGameFont.h">
      <Filter>Include\W3DDevice H\GameClient H %28W3DDevice%29</Filter>
    </ClInclude>
    <ClInclude Include="Include\W3DDevice\GameClient\W3DGameWindow.h">
      <Filter>Include\W3DDevice H\GameClient H %28W3DDevice%29</Filter>
    </ClInclude>
    <ClInclude Include="Include\W3DDevice\GameClient\W3DGameWindowManager.h">
      <Filter>Include\W3DDevice H\GameClient H %28W3DDevice%29</Filter>
    </ClInclude>
    <ClInclude Include="Include\W3DDevice\GameClient\W3DGranny.h">
      <Filter>Include\W3DDevice H\GameClient H %28W3DDevice%29</Filter>
    </ClInclude>
    <ClInclude Include="Include\W3DDevice\GameClient\W3DGUICallbacks.h">
      <Filter>Include\W3DDevice H\GameClient H %28W3DDevice%29</Filter>
    </ClInclude>
    <ClInclude Include="Include\W3DDevice\GameClient\W3DInGameUI.h">
      <Filter>Include\W3DDevice H\GameClient H %28W3DDevice%29</Filter>
    </ClInclude>
    <ClInclude Include="Include\W3DDevice\GameClient\W3DMirror.h">
      <Filter>Include\W3DDevice H\GameClient H %28W3DDevice%29</Filter>
    </ClInclude>
    <ClInclude Include="Include\W3DDevice\GameClient\W3DMouse.h">
      <Filter>Include\W3DDevice H\GameClient H %28W3DDevice%29</Filter>
    </ClInclude>
    <ClInclude Include="Include\W3DDevice\GameClient\W3DParticleSys.h">
      <Filter>Include\W3DDevice H\GameClient H %28W3DDevice%29</Filter>
    </ClInclude>
    <ClInclude Include="Include\W3DDevice\GameClient\W3DPoly.h">
      <Filter>Include\W3DDevice H\GameClient H %28W3DDevice%29</Filter>
    </ClInclude>
    <ClInclude Include="Include\W3DDevice\GameClient\W3DProjectedShadow.h">
      <Filter>Include\W3DDevice H\GameClient H %28W3DDevice%29</Filter>
    </ClInclude>
    <ClInclude Include="Include\W3DDevice\GameClient\W3DRoadBuffer.h">
      <Filter>Include\W3DDevice H\GameClient H %28W3DDevice%29</Filter>
    </ClInclude>
    <ClInclude Include="Include\W3DDevice\GameClient\W3DScene.h">
      <Filter>Include\W3DDevice H\GameClient H %28W3DDevice%29</Filter>
    </ClInclude>
    <ClInclude Include="Include\W3DDevice\GameClient\W3DShaderManager.h">
      <Filter>Include\W3DDevice H\GameClient H %28W3DDevice%29</Filter>
    </ClInclude>
    <ClInclude Include="Include\W3DDevice\GameClient\W3DShadow.h">
      <Filter>Include\W3DDevice H\GameClient H %28W3DDevice%29</Filter>
    </ClInclude>
    <ClInclude Include="Include\W3DDevice\GameClient\W3DShroud.h">
      <Filter>Include\W3DDevice H\GameClient H %28W3DDevice%29</Filter>
    </ClInclude>
    <ClInclude Include="Include\W3DDevice\GameClient\W3DSmudge.h">
      <Filter>Include\W3DDevice H\GameClient H %28W3DDevice%29</Filter>
    </ClInclude>
    <ClInclude Include="Include\W3DDevice\GameClient\W3DSnow.h">
      <Filter>Include\W3DDevice H\GameClient H %28W3DDevice%29</Filter>
    </ClInclude>
    <ClInclude Include="Include\W3DDevice\GameClient\W3DStatusCircle.h">
      <Filter>Include\W3DDevice H\GameClient H %28W3DDevice%29</Filter>
    </ClInclude>
    <ClInclude Include="Include\W3DDevice\GameClient\W3DTerrainBackground.h">
      <Filter>Include\W3DDevice H\GameClient H %28W3DDevice%29</Filter>
    </ClInclude>
    <ClInclude Include="Include\W3DDevice\GameClient\W3DTerrainTracks.h">
      <Filter>Include\W3DDevice H\GameClient H %28W3DDevice%29</Filter>
    </ClInclude>
    <ClInclude Include="Include\W3DDevice\GameClient\W3DTerrainVisual.h">
      <Filter>Include\W3DDevice H\GameClient H %28W3DDevice%29</Filter>
    </ClInclude>
    <ClInclude Include="Include\W3DDevice\GameClient\W3DTreeBuffer.h">
      <Filter>Include\W3DDevice H\GameClient H %28W3DDevice%29</Filter>
    </ClInclude>
    <ClInclude Include="Include\W3DDevice\GameClient\W3DVideobuffer.h">
      <Filter>Include\W3DDevice H\GameClient H %28W3DDevice%29</Filter>
    </ClInclude>
    <ClInclude Include="Include\W3DDevice\GameClient\W3DView.h">
      <Filter>Include\W3DDevice H\GameClient H %28W3DDevice%29</Filter>
    </ClInclude>
    <ClInclude Include="Include\W3DDevice\GameClient\W3DVolumetricShadow.h">
      <Filter>Include\W3DDevice H\GameClient H %28W3DDevice%29</Filter>
    </ClInclude>
    <ClInclude Include="Include\W3DDevice\GameClient\W3DWater.h">
      <Filter>Include\W3DDevice H\GameClient H %28W3DDevice%29</Filter>
    </ClInclude>
    <ClInclude Include="Include\W3DDevice\GameClient\W3DWaterTracks.h">
      <Filter>Include\W3DDevice H\GameClient H %28W3DDevice%29</Filter>
    </ClInclude>
    <ClInclude Include="Include\W3DDevice\GameClient\W3DWaypointBuffer.h">
      <Filter>Include\W3DDevice H\GameClient H %28W3DDevice%29</Filter>
    </ClInclude>
    <ClInclude Include="Include\W3DDevice\GameClient\W3DWebBrowser.h">
      <Filter>Include\W3DDevice H\GameClient H %28W3DDevice%29</Filter>
    </ClInclude>
    <ClInclude Include="Include\W3DDevice\GameClient\WorldHeightMap.h">
      <Filter>Include\W3DDevice H\GameClient H %28W3DDevice%29</Filter>
    </ClInclude>
    <ClInclude Include="Include\W3DDevice\GameClient\W3DPropBuffer.h">
      <Filter>Include\W3DDevice H</Filter>
    </ClInclude>
    <ClInclude Include="Include\Win32Device\Common\Win32BIGFile.h">
      <Filter>Include\Win32Device H\Common H %28Win32Device%29</Filter>
    </ClInclude>
    <ClInclude Include="Include\Win32Device\Common\Win32BIGFileSystem.h">
      <Filter>Include\Win32Device H\Common H %28Win32Device%29</Filter>
    </ClInclude>
    <ClInclude Include="Include\Win32Device\Common\Win32CDManager.h">
      <Filter>Include\Win32Device H\Common H %28Win32Device%29</Filter>
    </ClInclude>
    <ClInclude Include="Include\Win32Device\Common\Win32GameEngine.h">
      <Filter>Include\Win32Device H\Common H %28Win32Device%29</Filter>
    </ClInclude>
    <ClInclude Include="Include\Win32Device\Common\Win32LocalFile.h">
      <Filter>Include\Win32Device H\Common H %28Win32Device%29</Filter>
    </ClInclude>
    <ClInclude Include="Include\Win32Device\Common\Win32LocalFileSystem.h">
      <Filter>Include\Win32Device H\Common H %28Win32Device%29</Filter>
    </ClInclude>
    <ClInclude Include="Include\Win32Device\GameClient\Win32DIKeyboard.h">
      <Filter>Include\Win32Device H\GameClient H %28Win32Device%29</Filter>
    </ClInclude>
    <ClInclude Include="Include\Win32Device\GameClient\Win32Mouse.h">
      <Filter>Include\Win32Device H\GameClient H %28Win32Device%29</Filter>
    </ClInclude>
    <ClInclude Include="Include\VideoDevice\Bink\BINK.H">
      <Filter>Include\VideoDevice H\Bink H</Filter>
    </ClInclude>
    <ClInclude Include="Include\VideoDevice\Bink\BinkVideoPlayer.h">
      <Filter>Include\VideoDevice H\Bink H</Filter>
    </ClInclude>
    <ClInclude Include="Include\VideoDevice\Bink\RAD.H">
      <Filter>Include\VideoDevice H\Bink H</Filter>
    </ClInclude>
    <ClInclude Include="Include\VideoDevice\Bink\radbase.h">
      <Filter>Include\VideoDevice H\Bink H</Filter>
    </ClInclude>
    <ClInclude Include="Include\MilesAudioDevice\MilesAudioManager.h">
      <Filter>Include\MilesAudioDevice H</Filter>
    </ClInclude>
  </ItemGroup>
  <ItemGroup>
    <CustomBuild Include="Source\W3DDevice\GameClient\Water\wave.nvp">
      <Filter>Source\W3DDevice\GameClient %28W3DDevice%29\Water</Filter>
    </CustomBuild>
    <CustomBuild Include="Source\W3DDevice\GameClient\Water\wave.nvv">
      <Filter>Source\W3DDevice\GameClient %28W3DDevice%29\Water</Filter>
    </CustomBuild>
    <CustomBuild Include="Source\W3DDevice\GameClient\Shaders\fterrain.nvp">
      <Filter>Source\W3DDevice\GameClient %28W3DDevice%29\Shaders</Filter>
    </CustomBuild>
    <CustomBuild Include="Source\W3DDevice\GameClient\Shaders\fterrain0.nvp">
      <Filter>Source\W3DDevice\GameClient %28W3DDevice%29\Shaders</Filter>
    </CustomBuild>
    <CustomBuild Include="Source\W3DDevice\GameClient\Shaders\fterrainnoise.nvp">
      <Filter>Source\W3DDevice\GameClient %28W3DDevice%29\Shaders</Filter>
    </CustomBuild>
    <CustomBuild Include="Source\W3DDevice\GameClient\Shaders\fterrainnoise2.nvp">
      <Filter>Source\W3DDevice\GameClient %28W3DDevice%29\Shaders</Filter>
    </CustomBuild>
    <CustomBuild Include="Source\W3DDevice\GameClient\Shaders\invmonochrome.nvp">
      <Filter>Source\W3DDevice\GameClient %28W3DDevice%29\Shaders</Filter>
    </CustomBuild>
    <CustomBuild Include="Source\W3DDevice\GameClient\Shaders\monochrome.nvp">
      <Filter>Source\W3DDevice\GameClient %28W3DDevice%29\Shaders</Filter>
    </CustomBuild>
    <CustomBuild Include="Source\W3DDevice\GameClient\Shaders\motionblur.nvp">
      <Filter>Source\W3DDevice\GameClient %28W3DDevice%29\Shaders</Filter>
    </CustomBuild>
    <CustomBuild Include="Source\W3DDevice\GameClient\Shaders\MotionBlur.nvv">
      <Filter>Source\W3DDevice\GameClient %28W3DDevice%29\Shaders</Filter>
    </CustomBuild>
    <CustomBuild Include="Source\W3DDevice\GameClient\Shaders\roadnoise2.nvp">
      <Filter>Source\W3DDevice\GameClient %28W3DDevice%29\Shaders</Filter>
    </CustomBuild>
    <CustomBuild Include="Source\W3DDevice\GameClient\Shaders\terrain.nvp">
      <Filter>Source\W3DDevice\GameClient %28W3DDevice%29\Shaders</Filter>
    </CustomBuild>
    <CustomBuild Include="Source\W3DDevice\GameClient\Shaders\terrainnoise.nvp">
      <Filter>Source\W3DDevice\GameClient %28W3DDevice%29\Shaders</Filter>
    </CustomBuild>
    <CustomBuild Include="Source\W3DDevice\GameClient\Shaders\terrainnoise2.nvp">
      <Filter>Source\W3DDevice\GameClient %28W3DDevice%29\Shaders</Filter>
    </CustomBuild>
    <CustomBuild Include="Source\W3DDevice\GameClient\Shaders\Trees.nvp">
      <Filter>Source\W3DDevice\GameClient %28W3DDevice%29\Shaders</Filter>
    </CustomBuild>
    <CustomBuild Include="Source\W3DDevice\GameClient\Shaders\Trees.nvv">
      <Filter>Source\W3DDevice\GameClient %28W3DDevice%29\Shaders</Filter>
    </CustomBuild>
  </ItemGroup>
</Project>