<?xml version="1.0" encoding="utf-8"?>
<Project ToolsVersion="4.0" xmlns="http://schemas.microsoft.com/developer/msbuild/2003">
  <ItemGroup>
    <Filter Include="Source Files">
      <UniqueIdentifier>{eee68093-67be-4365-8027-f8975cb5d2a9}</UniqueIdentifier>
      <Extensions>cpp;c;cxx;rc;def;r;odl;idl;hpj;bat</Extensions>
    </Filter>
    <Filter Include="Header Files">
      <UniqueIdentifier>{c5613eba-dbb9-42ce-b719-a586b1ea9593}</UniqueIdentifier>
      <Extensions>h;hpp;hxx;hm;inl</Extensions>
    </Filter>
    <Filter Include="html">
      <UniqueIdentifier>{33d9cc55-6171-4df0-bcd3-0df278526f7b}</UniqueIdentifier>
      <Extensions>.css;.html</Extensions>
    </Filter>
    <Filter Include="Resource Files">
      <UniqueIdentifier>{839c2cc3-3f5c-4e33-ab1c-579b2ddede1b}</UniqueIdentifier>
      <Extensions>ico;cur;bmp;dlg;rc2;rct;bin;rgs;gif;jpg;jpeg;jpe</Extensions>
    </Filter>
  </ItemGroup>
  <ItemGroup>
    <ClCompile Include="CRCDiff.cpp">
      <Filter>Source Files</Filter>
    </ClCompile>
    <ClCompile Include="debug.cpp">
      <Filter>Source Files</Filter>
    </ClCompile>
    <ClCompile Include="expander.cpp">
      <Filter>Source Files</Filter>
    </ClCompile>
    <ClCompile Include="KVPair.cpp">
      <Filter>Source Files</Filter>
    </ClCompile>
  </ItemGroup>
  <ItemGroup>
    <ClInclude Include="debug.h">
      <Filter>Header Files</Filter>
    </ClInclude>
    <ClInclude Include="expander.h">
      <Filter>Header Files</Filter>
    </ClInclude>
    <ClInclude Include="KVPair.h">
      <Filter>Header Files</Filter>
    </ClInclude>
    <ClInclude Include="misc.h">
      <Filter>Header Files</Filter>
    </ClInclude>
  </ItemGroup>
  <ItemGroup>
    <CustomBuild Include="bottom.html">
      <Filter>html</Filter>
    </CustomBuild>
    <CustomBuild Include="out.html">
      <Filter>html</Filter>
    </CustomBuild>
    <CustomBuild Include="row.html">
      <Filter>html</Filter>
    </CustomBuild>
    <CustomBuild Include="style.css">
      <Filter>html</Filter>
    </CustomBuild>
    <CustomBuild Include="top.html">
      <Filter>html</Filter>
    </CustomBuild>
  </ItemGroup>
</Project>